Microsoft Visual Studio Solution File, Format Version 12.00
# Visual Studio 15
Project("{8BC9CEB8-8B4A-11D0-8D11-00A0C91BC942}") = "ALL_BUILD", "ALL_BUILD.vcxproj", "{14A059E5-3B63-394C-8A07-893247907788}"
	ProjectSection(ProjectDependencies) = postProject
		{F5FC9AF8-9A61-3CD6-9BE9-1967936FD067} = {F5FC9AF8-9A61-3CD6-9BE9-1967936FD067}
		{60BD173D-0B2E-3A46-A40B-E94B9E39BD8F} = {60BD173D-0B2E-3A46-A40B-E94B9E39BD8F}
		{0D56F376-6503-35CB-AC65-CAA3B066FBC2} = {0D56F376-6503-35CB-AC65-CAA3B066FBC2}
		{2407BB78-7EC6-3112-8BA0-04EA1BC12ED4} = {2407BB78-7EC6-3112-8BA0-04EA1BC12ED4}
		{B50E471A-3DDF-394E-92DA-7C9E1C9CC2E9} = {B50E471A-3DDF-394E-92DA-7C9E1C9CC2E9}
		{1325371F-094B-3F79-A7AF-AE73FAABF340} = {1325371F-094B-3F79-A7AF-AE73FAABF340}
		{160E7C6C-954C-3A04-883C-06EF2DB0E3CB} = {160E7C6C-954C-3A04-883C-06EF2DB0E3CB}
		{A89B8470-D69A-32E4-A8C6-686F3DD0C794} = {A89B8470-D69A-32E4-A8C6-686F3DD0C794}
		{89E9BD93-245C-3E2E-ADF6-7912C8001C5A} = {89E9BD93-245C-3E2E-ADF6-7912C8001C5A}
		{7D0B5296-4A13-3AFA-8550-76442FB58187} = {7D0B5296-4A13-3AFA-8550-76442FB58187}
		{505D687B-2029-352B-8064-CB8CCD964688} = {505D687B-2029-352B-8064-CB8CCD964688}
		{C0418281-528E-3BE1-88D1-F13BE3C6DD68} = {C0418281-528E-3BE1-88D1-F13BE3C6DD68}
		{7F7D9FBF-C998-3AA4-A5F5-0DEFC20B13AB} = {7F7D9FBF-C998-3AA4-A5F5-0DEFC20B13AB}
		{2E8D674D-373F-3F51-B0EE-84570C4168A3} = {2E8D674D-373F-3F51-B0EE-84570C4168A3}
		{42DBC9C7-F542-3935-9DBC-F0E9B8494132} = {42DBC9C7-F542-3935-9DBC-F0E9B8494132}
	EndProjectSection
EndProject
Project("{8BC9CEB8-8B4A-11D0-8D11-00A0C91BC942}") = "INSTALL", "INSTALL.vcxproj", "{50205CB8-FAD5-3F6C-BFA4-15D8411190B1}"
	ProjectSection(ProjectDependencies) = postProject
		{14A059E5-3B63-394C-8A07-893247907788} = {14A059E5-3B63-394C-8A07-893247907788}
		{F5FC9AF8-9A61-3CD6-9BE9-1967936FD067} = {F5FC9AF8-9A61-3CD6-9BE9-1967936FD067}
	EndProjectSection
EndProject
Project("{8BC9CEB8-8B4A-11D0-8D11-00A0C91BC942}") = "ZERO_CHECK", "ZERO_CHECK.vcxproj", "{F5FC9AF8-9A61-3CD6-9BE9-1967936FD067}"
	ProjectSection(ProjectDependencies) = postProject
	EndProjectSection
EndProject
Project("{8BC9CEB8-8B4A-11D0-8D11-00A0C91BC942}") = "brightmaps_pk3", "wadsrc_bm\brightmaps_pk3.vcxproj", "{60BD173D-0B2E-3A46-A40B-E94B9E39BD8F}"
	ProjectSection(ProjectDependencies) = postProject
		{F5FC9AF8-9A61-3CD6-9BE9-1967936FD067} = {F5FC9AF8-9A61-3CD6-9BE9-1967936FD067}
		{2E8D674D-373F-3F51-B0EE-84570C4168A3} = {2E8D674D-373F-3F51-B0EE-84570C4168A3}
		{42DBC9C7-F542-3935-9DBC-F0E9B8494132} = {42DBC9C7-F542-3935-9DBC-F0E9B8494132}
	EndProjectSection
EndProject
Project("{8BC9CEB8-8B4A-11D0-8D11-00A0C91BC942}") = "bz2", "bzip2\bz2.vcxproj", "{0D56F376-6503-35CB-AC65-CAA3B066FBC2}"
	ProjectSection(ProjectDependencies) = postProject
		{F5FC9AF8-9A61-3CD6-9BE9-1967936FD067} = {F5FC9AF8-9A61-3CD6-9BE9-1967936FD067}
	EndProjectSection
EndProject
Project("{8BC9CEB8-8B4A-11D0-8D11-00A0C91BC942}") = "dumb", "dumb\dumb.vcxproj", "{2407BB78-7EC6-3112-8BA0-04EA1BC12ED4}"
	ProjectSection(ProjectDependencies) = postProject
		{F5FC9AF8-9A61-3CD6-9BE9-1967936FD067} = {F5FC9AF8-9A61-3CD6-9BE9-1967936FD067}
	EndProjectSection
EndProject
Project("{8BC9CEB8-8B4A-11D0-8D11-00A0C91BC942}") = "gdtoa", "gdtoa\gdtoa.vcxproj", "{B50E471A-3DDF-394E-92DA-7C9E1C9CC2E9}"
	ProjectSection(ProjectDependencies) = postProject
		{F5FC9AF8-9A61-3CD6-9BE9-1967936FD067} = {F5FC9AF8-9A61-3CD6-9BE9-1967936FD067}
	EndProjectSection
EndProject
Project("{8BC9CEB8-8B4A-11D0-8D11-00A0C91BC942}") = "gme", "game-music-emu\gme\gme.vcxproj", "{1325371F-094B-3F79-A7AF-AE73FAABF340}"
	ProjectSection(ProjectDependencies) = postProject
		{F5FC9AF8-9A61-3CD6-9BE9-1967936FD067} = {F5FC9AF8-9A61-3CD6-9BE9-1967936FD067}
	EndProjectSection
EndProject
Project("{8BC9CEB8-8B4A-11D0-8D11-00A0C91BC942}") = "jpeg", "jpeg-6b\jpeg.vcxproj", "{160E7C6C-954C-3A04-883C-06EF2DB0E3CB}"
	ProjectSection(ProjectDependencies) = postProject
		{F5FC9AF8-9A61-3CD6-9BE9-1967936FD067} = {F5FC9AF8-9A61-3CD6-9BE9-1967936FD067}
	EndProjectSection
EndProject
Project("{8BC9CEB8-8B4A-11D0-8D11-00A0C91BC942}") = "lemon", "tools\lemon\lemon.vcxproj", "{A89B8470-D69A-32E4-A8C6-686F3DD0C794}"
	ProjectSection(ProjectDependencies) = postProject
		{F5FC9AF8-9A61-3CD6-9BE9-1967936FD067} = {F5FC9AF8-9A61-3CD6-9BE9-1967936FD067}
	EndProjectSection
EndProject
Project("{8BC9CEB8-8B4A-11D0-8D11-00A0C91BC942}") = "lzma", "lzma\lzma.vcxproj", "{89E9BD93-245C-3E2E-ADF6-7912C8001C5A}"
	ProjectSection(ProjectDependencies) = postProject
		{F5FC9AF8-9A61-3CD6-9BE9-1967936FD067} = {F5FC9AF8-9A61-3CD6-9BE9-1967936FD067}
	EndProjectSection
EndProject
Project("{8BC9CEB8-8B4A-11D0-8D11-00A0C91BC942}") = "re2c", "tools\re2c\re2c.vcxproj", "{7D0B5296-4A13-3AFA-8550-76442FB58187}"
	ProjectSection(ProjectDependencies) = postProject
		{F5FC9AF8-9A61-3CD6-9BE9-1967936FD067} = {F5FC9AF8-9A61-3CD6-9BE9-1967936FD067}
	EndProjectSection
EndProject
Project("{8BC9CEB8-8B4A-11D0-8D11-00A0C91BC942}") = "revision_check", "src\revision_check.vcxproj", "{505D687B-2029-352B-8064-CB8CCD964688}"
	ProjectSection(ProjectDependencies) = postProject
		{F5FC9AF8-9A61-3CD6-9BE9-1967936FD067} = {F5FC9AF8-9A61-3CD6-9BE9-1967936FD067}
		{C0418281-528E-3BE1-88D1-F13BE3C6DD68} = {C0418281-528E-3BE1-88D1-F13BE3C6DD68}
	EndProjectSection
EndProject
Project("{8BC9CEB8-8B4A-11D0-8D11-00A0C91BC942}") = "updaterevision", "tools\updaterevision\updaterevision.vcxproj", "{C0418281-528E-3BE1-88D1-F13BE3C6DD68}"
	ProjectSection(ProjectDependencies) = postProject
		{F5FC9AF8-9A61-3CD6-9BE9-1967936FD067} = {F5FC9AF8-9A61-3CD6-9BE9-1967936FD067}
	EndProjectSection
EndProject
Project("{8BC9CEB8-8B4A-11D0-8D11-00A0C91BC942}") = "z", "zlib\z.vcxproj", "{7F7D9FBF-C998-3AA4-A5F5-0DEFC20B13AB}"
	ProjectSection(ProjectDependencies) = postProject
		{F5FC9AF8-9A61-3CD6-9BE9-1967936FD067} = {F5FC9AF8-9A61-3CD6-9BE9-1967936FD067}
	EndProjectSection
EndProject
Project("{8BC9CEB8-8B4A-11D0-8D11-00A0C91BC942}") = "zdoom", "src\zdoom.vcxproj", "{2E8D674D-373F-3F51-B0EE-84570C4168A3}"
	ProjectSection(ProjectDependencies) = postProject
		{F5FC9AF8-9A61-3CD6-9BE9-1967936FD067} = {F5FC9AF8-9A61-3CD6-9BE9-1967936FD067}
		{0D56F376-6503-35CB-AC65-CAA3B066FBC2} = {0D56F376-6503-35CB-AC65-CAA3B066FBC2}
		{2407BB78-7EC6-3112-8BA0-04EA1BC12ED4} = {2407BB78-7EC6-3112-8BA0-04EA1BC12ED4}
		{B50E471A-3DDF-394E-92DA-7C9E1C9CC2E9} = {B50E471A-3DDF-394E-92DA-7C9E1C9CC2E9}
		{1325371F-094B-3F79-A7AF-AE73FAABF340} = {1325371F-094B-3F79-A7AF-AE73FAABF340}
		{160E7C6C-954C-3A04-883C-06EF2DB0E3CB} = {160E7C6C-954C-3A04-883C-06EF2DB0E3CB}
		{A89B8470-D69A-32E4-A8C6-686F3DD0C794} = {A89B8470-D69A-32E4-A8C6-686F3DD0C794}
		{89E9BD93-245C-3E2E-ADF6-7912C8001C5A} = {89E9BD93-245C-3E2E-ADF6-7912C8001C5A}
		{7D0B5296-4A13-3AFA-8550-76442FB58187} = {7D0B5296-4A13-3AFA-8550-76442FB58187}
		{505D687B-2029-352B-8064-CB8CCD964688} = {505D687B-2029-352B-8064-CB8CCD964688}
		{7F7D9FBF-C998-3AA4-A5F5-0DEFC20B13AB} = {7F7D9FBF-C998-3AA4-A5F5-0DEFC20B13AB}
	EndProjectSection
EndProject
Project("{8BC9CEB8-8B4A-11D0-8D11-00A0C91BC942}") = "zipdir", "tools\zipdir\zipdir.vcxproj", "{42DBC9C7-F542-3935-9DBC-F0E9B8494132}"
	ProjectSection(ProjectDependencies) = postProject
		{F5FC9AF8-9A61-3CD6-9BE9-1967936FD067} = {F5FC9AF8-9A61-3CD6-9BE9-1967936FD067}
		{0D56F376-6503-35CB-AC65-CAA3B066FBC2} = {0D56F376-6503-35CB-AC65-CAA3B066FBC2}
		{89E9BD93-245C-3E2E-ADF6-7912C8001C5A} = {89E9BD93-245C-3E2E-ADF6-7912C8001C5A}
		{7F7D9FBF-C998-3AA4-A5F5-0DEFC20B13AB} = {7F7D9FBF-C998-3AA4-A5F5-0DEFC20B13AB}
	EndProjectSection
EndProject
Global
	GlobalSection(SolutionConfigurationPlatforms) = preSolution
		Debug|x64 = Debug|x64
		Release|x64 = Release|x64
		MinSizeRel|x64 = MinSizeRel|x64
		RelWithDebInfo|x64 = RelWithDebInfo|x64
	EndGlobalSection
	GlobalSection(ProjectConfigurationPlatforms) = postSolution
		{14A059E5-3B63-394C-8A07-893247907788}.Debug|x64.ActiveCfg = Debug|x64
		{14A059E5-3B63-394C-8A07-893247907788}.Debug|x64.Build.0 = Debug|x64
		{14A059E5-3B63-394C-8A07-893247907788}.Release|x64.ActiveCfg = Release|x64
		{14A059E5-3B63-394C-8A07-893247907788}.Release|x64.Build.0 = Release|x64
		{14A059E5-3B63-394C-8A07-893247907788}.MinSizeRel|x64.ActiveCfg = MinSizeRel|x64
		{14A059E5-3B63-394C-8A07-893247907788}.MinSizeRel|x64.Build.0 = MinSizeRel|x64
		{14A059E5-3B63-394C-8A07-893247907788}.RelWithDebInfo|x64.ActiveCfg = RelWithDebInfo|x64
		{14A059E5-3B63-394C-8A07-893247907788}.RelWithDebInfo|x64.Build.0 = RelWithDebInfo|x64
		{50205CB8-FAD5-3F6C-BFA4-15D8411190B1}.Debug|x64.ActiveCfg = Debug|x64
		{50205CB8-FAD5-3F6C-BFA4-15D8411190B1}.Release|x64.ActiveCfg = Release|x64
		{50205CB8-FAD5-3F6C-BFA4-15D8411190B1}.MinSizeRel|x64.ActiveCfg = MinSizeRel|x64
		{50205CB8-FAD5-3F6C-BFA4-15D8411190B1}.RelWithDebInfo|x64.ActiveCfg = RelWithDebInfo|x64
		{F5FC9AF8-9A61-3CD6-9BE9-1967936FD067}.Debug|x64.ActiveCfg = Debug|x64
		{F5FC9AF8-9A61-3CD6-9BE9-1967936FD067}.Debug|x64.Build.0 = Debug|x64
		{F5FC9AF8-9A61-3CD6-9BE9-1967936FD067}.Release|x64.ActiveCfg = Release|x64
		{F5FC9AF8-9A61-3CD6-9BE9-1967936FD067}.Release|x64.Build.0 = Release|x64
		{F5FC9AF8-9A61-3CD6-9BE9-1967936FD067}.MinSizeRel|x64.ActiveCfg = MinSizeRel|x64
		{F5FC9AF8-9A61-3CD6-9BE9-1967936FD067}.MinSizeRel|x64.Build.0 = MinSizeRel|x64
		{F5FC9AF8-9A61-3CD6-9BE9-1967936FD067}.RelWithDebInfo|x64.ActiveCfg = RelWithDebInfo|x64
		{F5FC9AF8-9A61-3CD6-9BE9-1967936FD067}.RelWithDebInfo|x64.Build.0 = RelWithDebInfo|x64
		{60BD173D-0B2E-3A46-A40B-E94B9E39BD8F}.Debug|x64.ActiveCfg = Debug|x64
		{60BD173D-0B2E-3A46-A40B-E94B9E39BD8F}.Debug|x64.Build.0 = Debug|x64
		{60BD173D-0B2E-3A46-A40B-E94B9E39BD8F}.Release|x64.ActiveCfg = Release|x64
		{60BD173D-0B2E-3A46-A40B-E94B9E39BD8F}.Release|x64.Build.0 = Release|x64
		{60BD173D-0B2E-3A46-A40B-E94B9E39BD8F}.MinSizeRel|x64.ActiveCfg = MinSizeRel|x64
		{60BD173D-0B2E-3A46-A40B-E94B9E39BD8F}.MinSizeRel|x64.Build.0 = MinSizeRel|x64
		{60BD173D-0B2E-3A46-A40B-E94B9E39BD8F}.RelWithDebInfo|x64.ActiveCfg = RelWithDebInfo|x64
		{60BD173D-0B2E-3A46-A40B-E94B9E39BD8F}.RelWithDebInfo|x64.Build.0 = RelWithDebInfo|x64
		{0D56F376-6503-35CB-AC65-CAA3B066FBC2}.Debug|x64.ActiveCfg = Debug|x64
		{0D56F376-6503-35CB-AC65-CAA3B066FBC2}.Debug|x64.Build.0 = Debug|x64
		{0D56F376-6503-35CB-AC65-CAA3B066FBC2}.Release|x64.ActiveCfg = Release|x64
		{0D56F376-6503-35CB-AC65-CAA3B066FBC2}.Release|x64.Build.0 = Release|x64
		{0D56F376-6503-35CB-AC65-CAA3B066FBC2}.MinSizeRel|x64.ActiveCfg = MinSizeRel|x64
		{0D56F376-6503-35CB-AC65-CAA3B066FBC2}.MinSizeRel|x64.Build.0 = MinSizeRel|x64
		{0D56F376-6503-35CB-AC65-CAA3B066FBC2}.RelWithDebInfo|x64.ActiveCfg = RelWithDebInfo|x64
		{0D56F376-6503-35CB-AC65-CAA3B066FBC2}.RelWithDebInfo|x64.Build.0 = RelWithDebInfo|x64
		{2407BB78-7EC6-3112-8BA0-04EA1BC12ED4}.Debug|x64.ActiveCfg = Debug|x64
		{2407BB78-7EC6-3112-8BA0-04EA1BC12ED4}.Debug|x64.Build.0 = Debug|x64
		{2407BB78-7EC6-3112-8BA0-04EA1BC12ED4}.Release|x64.ActiveCfg = Release|x64
		{2407BB78-7EC6-3112-8BA0-04EA1BC12ED4}.Release|x64.Build.0 = Release|x64
		{2407BB78-7EC6-3112-8BA0-04EA1BC12ED4}.MinSizeRel|x64.ActiveCfg = MinSizeRel|x64
		{2407BB78-7EC6-3112-8BA0-04EA1BC12ED4}.MinSizeRel|x64.Build.0 = MinSizeRel|x64
		{2407BB78-7EC6-3112-8BA0-04EA1BC12ED4}.RelWithDebInfo|x64.ActiveCfg = RelWithDebInfo|x64
		{2407BB78-7EC6-3112-8BA0-04EA1BC12ED4}.RelWithDebInfo|x64.Build.0 = RelWithDebInfo|x64
		{B50E471A-3DDF-394E-92DA-7C9E1C9CC2E9}.Debug|x64.ActiveCfg = Debug|x64
		{B50E471A-3DDF-394E-92DA-7C9E1C9CC2E9}.Debug|x64.Build.0 = Debug|x64
		{B50E471A-3DDF-394E-92DA-7C9E1C9CC2E9}.Release|x64.ActiveCfg = Release|x64
		{B50E471A-3DDF-394E-92DA-7C9E1C9CC2E9}.Release|x64.Build.0 = Release|x64
		{B50E471A-3DDF-394E-92DA-7C9E1C9CC2E9}.MinSizeRel|x64.ActiveCfg = MinSizeRel|x64
		{B50E471A-3DDF-394E-92DA-7C9E1C9CC2E9}.MinSizeRel|x64.Build.0 = MinSizeRel|x64
		{B50E471A-3DDF-394E-92DA-7C9E1C9CC2E9}.RelWithDebInfo|x64.ActiveCfg = RelWithDebInfo|x64
		{B50E471A-3DDF-394E-92DA-7C9E1C9CC2E9}.RelWithDebInfo|x64.Build.0 = RelWithDebInfo|x64
		{1325371F-094B-3F79-A7AF-AE73FAABF340}.Debug|x64.ActiveCfg = Debug|x64
		{1325371F-094B-3F79-A7AF-AE73FAABF340}.Debug|x64.Build.0 = Debug|x64
		{1325371F-094B-3F79-A7AF-AE73FAABF340}.Release|x64.ActiveCfg = Release|x64
		{1325371F-094B-3F79-A7AF-AE73FAABF340}.Release|x64.Build.0 = Release|x64
		{1325371F-094B-3F79-A7AF-AE73FAABF340}.MinSizeRel|x64.ActiveCfg = MinSizeRel|x64
		{1325371F-094B-3F79-A7AF-AE73FAABF340}.MinSizeRel|x64.Build.0 = MinSizeRel|x64
		{1325371F-094B-3F79-A7AF-AE73FAABF340}.RelWithDebInfo|x64.ActiveCfg = RelWithDebInfo|x64
		{1325371F-094B-3F79-A7AF-AE73FAABF340}.RelWithDebInfo|x64.Build.0 = RelWithDebInfo|x64
		{160E7C6C-954C-3A04-883C-06EF2DB0E3CB}.Debug|x64.ActiveCfg = Debug|x64
		{160E7C6C-954C-3A04-883C-06EF2DB0E3CB}.Debug|x64.Build.0 = Debug|x64
		{160E7C6C-954C-3A04-883C-06EF2DB0E3CB}.Release|x64.ActiveCfg = Release|x64
		{160E7C6C-954C-3A04-883C-06EF2DB0E3CB}.Release|x64.Build.0 = Release|x64
		{160E7C6C-954C-3A04-883C-06EF2DB0E3CB}.MinSizeRel|x64.ActiveCfg = MinSizeRel|x64
		{160E7C6C-954C-3A04-883C-06EF2DB0E3CB}.MinSizeRel|x64.Build.0 = MinSizeRel|x64
		{160E7C6C-954C-3A04-883C-06EF2DB0E3CB}.RelWithDebInfo|x64.ActiveCfg = RelWithDebInfo|x64
		{160E7C6C-954C-3A04-883C-06EF2DB0E3CB}.RelWithDebInfo|x64.Build.0 = RelWithDebInfo|x64
		{A89B8470-D69A-32E4-A8C6-686F3DD0C794}.Debug|x64.ActiveCfg = Debug|x64
		{A89B8470-D69A-32E4-A8C6-686F3DD0C794}.Debug|x64.Build.0 = Debug|x64
		{A89B8470-D69A-32E4-A8C6-686F3DD0C794}.Release|x64.ActiveCfg = Release|x64
		{A89B8470-D69A-32E4-A8C6-686F3DD0C794}.Release|x64.Build.0 = Release|x64
		{A89B8470-D69A-32E4-A8C6-686F3DD0C794}.MinSizeRel|x64.ActiveCfg = MinSizeRel|x64
		{A89B8470-D69A-32E4-A8C6-686F3DD0C794}.MinSizeRel|x64.Build.0 = MinSizeRel|x64
		{A89B8470-D69A-32E4-A8C6-686F3DD0C794}.RelWithDebInfo|x64.ActiveCfg = RelWithDebInfo|x64
		{A89B8470-D69A-32E4-A8C6-686F3DD0C794}.RelWithDebInfo|x64.Build.0 = RelWithDebInfo|x64
		{89E9BD93-245C-3E2E-ADF6-7912C8001C5A}.Debug|x64.ActiveCfg = Debug|x64
		{89E9BD93-245C-3E2E-ADF6-7912C8001C5A}.Debug|x64.Build.0 = Debug|x64
		{89E9BD93-245C-3E2E-ADF6-7912C8001C5A}.Release|x64.ActiveCfg = Release|x64
		{89E9BD93-245C-3E2E-ADF6-7912C8001C5A}.Release|x64.Build.0 = Release|x64
		{89E9BD93-245C-3E2E-ADF6-7912C8001C5A}.MinSizeRel|x64.ActiveCfg = MinSizeRel|x64
		{89E9BD93-245C-3E2E-ADF6-7912C8001C5A}.MinSizeRel|x64.Build.0 = MinSizeRel|x64
		{89E9BD93-245C-3E2E-ADF6-7912C8001C5A}.RelWithDebInfo|x64.ActiveCfg = RelWithDebInfo|x64
		{89E9BD93-245C-3E2E-ADF6-7912C8001C5A}.RelWithDebInfo|x64.Build.0 = RelWithDebInfo|x64
		{7D0B5296-4A13-3AFA-8550-76442FB58187}.Debug|x64.ActiveCfg = Debug|x64
		{7D0B5296-4A13-3AFA-8550-76442FB58187}.Debug|x64.Build.0 = Debug|x64
		{7D0B5296-4A13-3AFA-8550-76442FB58187}.Release|x64.ActiveCfg = Release|x64
		{7D0B5296-4A13-3AFA-8550-76442FB58187}.Release|x64.Build.0 = Release|x64
		{7D0B5296-4A13-3AFA-8550-76442FB58187}.MinSizeRel|x64.ActiveCfg = MinSizeRel|x64
		{7D0B5296-4A13-3AFA-8550-76442FB58187}.MinSizeRel|x64.Build.0 = MinSizeRel|x64
		{7D0B5296-4A13-3AFA-8550-76442FB58187}.RelWithDebInfo|x64.ActiveCfg = RelWithDebInfo|x64
		{7D0B5296-4A13-3AFA-8550-76442FB58187}.RelWithDebInfo|x64.Build.0 = RelWithDebInfo|x64
		{505D687B-2029-352B-8064-CB8CCD964688}.Debug|x64.ActiveCfg = Debug|x64
		{505D687B-2029-352B-8064-CB8CCD964688}.Debug|x64.Build.0 = Debug|x64
		{505D687B-2029-352B-8064-CB8CCD964688}.Release|x64.ActiveCfg = Release|x64
		{505D687B-2029-352B-8064-CB8CCD964688}.Release|x64.Build.0 = Release|x64
		{505D687B-2029-352B-8064-CB8CCD964688}.MinSizeRel|x64.ActiveCfg = MinSizeRel|x64
		{505D687B-2029-352B-8064-CB8CCD964688}.MinSizeRel|x64.Build.0 = MinSizeRel|x64
		{505D687B-2029-352B-8064-CB8CCD964688}.RelWithDebInfo|x64.ActiveCfg = RelWithDebInfo|x64
		{505D687B-2029-352B-8064-CB8CCD964688}.RelWithDebInfo|x64.Build.0 = RelWithDebInfo|x64
		{C0418281-528E-3BE1-88D1-F13BE3C6DD68}.Debug|x64.ActiveCfg = Debug|x64
		{C0418281-528E-3BE1-88D1-F13BE3C6DD68}.Debug|x64.Build.0 = Debug|x64
		{C0418281-528E-3BE1-88D1-F13BE3C6DD68}.Release|x64.ActiveCfg = Release|x64
		{C0418281-528E-3BE1-88D1-F13BE3C6DD68}.Release|x64.Build.0 = Release|x64
		{C0418281-528E-3BE1-88D1-F13BE3C6DD68}.MinSizeRel|x64.ActiveCfg = MinSizeRel|x64
		{C0418281-528E-3BE1-88D1-F13BE3C6DD68}.MinSizeRel|x64.Build.0 = MinSizeRel|x64
		{C0418281-528E-3BE1-88D1-F13BE3C6DD68}.RelWithDebInfo|x64.ActiveCfg = RelWithDebInfo|x64
		{C0418281-528E-3BE1-88D1-F13BE3C6DD68}.RelWithDebInfo|x64.Build.0 = RelWithDebInfo|x64
		{7F7D9FBF-C998-3AA4-A5F5-0DEFC20B13AB}.Debug|x64.ActiveCfg = Debug|x64
		{7F7D9FBF-C998-3AA4-A5F5-0DEFC20B13AB}.Debug|x64.Build.0 = Debug|x64
		{7F7D9FBF-C998-3AA4-A5F5-0DEFC20B13AB}.Release|x64.ActiveCfg = Release|x64
		{7F7D9FBF-C998-3AA4-A5F5-0DEFC20B13AB}.Release|x64.Build.0 = Release|x64
		{7F7D9FBF-C998-3AA4-A5F5-0DEFC20B13AB}.MinSizeRel|x64.ActiveCfg = MinSizeRel|x64
		{7F7D9FBF-C998-3AA4-A5F5-0DEFC20B13AB}.MinSizeRel|x64.Build.0 = MinSizeRel|x64
		{7F7D9FBF-C998-3AA4-A5F5-0DEFC20B13AB}.RelWithDebInfo|x64.ActiveCfg = RelWithDebInfo|x64
		{7F7D9FBF-C998-3AA4-A5F5-0DEFC20B13AB}.RelWithDebInfo|x64.Build.0 = RelWithDebInfo|x64
		{2E8D674D-373F-3F51-B0EE-84570C4168A3}.Debug|x64.ActiveCfg = Debug|x64
		{2E8D674D-373F-3F51-B0EE-84570C4168A3}.Debug|x64.Build.0 = Debug|x64
		{2E8D674D-373F-3F51-B0EE-84570C4168A3}.Release|x64.ActiveCfg = Release|x64
		{2E8D674D-373F-3F51-B0EE-84570C4168A3}.Release|x64.Build.0 = Release|x64
		{2E8D674D-373F-3F51-B0EE-84570C4168A3}.MinSizeRel|x64.ActiveCfg = MinSizeRel|x64
		{2E8D674D-373F-3F51-B0EE-84570C4168A3}.MinSizeRel|x64.Build.0 = MinSizeRel|x64
		{2E8D674D-373F-3F51-B0EE-84570C4168A3}.RelWithDebInfo|x64.ActiveCfg = RelWithDebInfo|x64
		{2E8D674D-373F-3F51-B0EE-84570C4168A3}.RelWithDebInfo|x64.Build.0 = RelWithDebInfo|x64
		{42DBC9C7-F542-3935-9DBC-F0E9B8494132}.Debug|x64.ActiveCfg = Debug|x64
		{42DBC9C7-F542-3935-9DBC-F0E9B8494132}.Debug|x64.Build.0 = Debug|x64
		{42DBC9C7-F542-3935-9DBC-F0E9B8494132}.Release|x64.ActiveCfg = Release|x64
		{42DBC9C7-F542-3935-9DBC-F0E9B8494132}.Release|x64.Build.0 = Release|x64
		{42DBC9C7-F542-3935-9DBC-F0E9B8494132}.MinSizeRel|x64.ActiveCfg = MinSizeRel|x64
		{42DBC9C7-F542-3935-9DBC-F0E9B8494132}.MinSizeRel|x64.Build.0 = MinSizeRel|x64
		{42DBC9C7-F542-3935-9DBC-F0E9B8494132}.RelWithDebInfo|x64.ActiveCfg = RelWithDebInfo|x64
		{42DBC9C7-F542-3935-9DBC-F0E9B8494132}.RelWithDebInfo|x64.Build.0 = RelWithDebInfo|x64
	EndGlobalSection
	GlobalSection(ExtensibilityGlobals) = postSolution
		SolutionGuid = {DCB9399B-C94E-38F3-8CD9-ACFF47159FDF}
	EndGlobalSection
	GlobalSection(ExtensibilityAddIns) = postSolution
	EndGlobalSection
EndGlobal
