Microsoft Visual Studio Solution File, Format Version 12.00
# Visual Studio 15
Project("{8BC9CEB8-8B4A-11D0-8D11-00A0C91BC942}") = "ALL_BUILD", "ALL_BUILD.vcxproj", "{E4BA5F7E-204F-3418-9F04-43916F229AA8}"
	ProjectSection(ProjectDependencies) = postProject
		{20956D98-6C14-3A6B-9647-B87ADE645DD9} = {20956D98-6C14-3A6B-9647-B87ADE645DD9}
		{579185DC-8398-34BB-8C5E-B57CF09F1585} = {579185DC-8398-34BB-8C5E-B57CF09F1585}
		{CCBBC0CB-17B9-30C5-A0B6-28B6CC835D97} = {CCBBC0CB-17B9-30C5-A0B6-28B6CC835D97}
		{A08B1C7E-2B2B-38C8-AAA9-3877DAA4B3D9} = {A08B1C7E-2B2B-38C8-AAA9-3877DAA4B3D9}
		{5E3C7F86-A926-3515-9C83-51D27A0514FB} = {5E3C7F86-A926-3515-9C83-51D27A0514FB}
		{E5BE4786-3830-3E0A-A570-70F38A118830} = {E5BE4786-3830-3E0A-A570-70F38A118830}
		{4DB4F1B2-1BB9-33C9-8065-44E627E36F9C} = {4DB4F1B2-1BB9-33C9-8065-44E627E36F9C}
		{105F4EA4-863F-3636-A5D4-6A836D2B7305} = {105F4EA4-863F-3636-A5D4-6A836D2B7305}
		{2C13826F-EDE3-378B-960A-B3B46FEB379A} = {2C13826F-EDE3-378B-960A-B3B46FEB379A}
		{97EFBD0E-D61D-3B3E-9622-BAD91EEBDF2A} = {97EFBD0E-D61D-3B3E-9622-BAD91EEBDF2A}
		{856E6956-5BC1-310B-983E-98C985EAE500} = {856E6956-5BC1-310B-983E-98C985EAE500}
		{16C2CF9D-6802-332C-8541-DFC0A6118E30} = {16C2CF9D-6802-332C-8541-DFC0A6118E30}
		{65D24F60-CB28-3831-A829-08529D9322E5} = {65D24F60-CB28-3831-A829-08529D9322E5}
		{B33DFFE8-5444-3278-9E7B-76E0B623232A} = {B33DFFE8-5444-3278-9E7B-76E0B623232A}
		{D5C9889E-17B2-39F5-AF07-C890D8BE3ABA} = {D5C9889E-17B2-39F5-AF07-C890D8BE3ABA}
		{FCBF41FA-DD3E-33F2-B629-8D0839700240} = {FCBF41FA-DD3E-33F2-B629-8D0839700240}
		{2EAA1B2F-DB60-3E1E-8BCF-CF0B47FFD97F} = {2EAA1B2F-DB60-3E1E-8BCF-CF0B47FFD97F}
		{28B03168-67BA-34A6-BC47-9197A4DBDC0C} = {28B03168-67BA-34A6-BC47-9197A4DBDC0C}
	EndProjectSection
EndProject
Project("{8BC9CEB8-8B4A-11D0-8D11-00A0C91BC942}") = "INSTALL", "INSTALL.vcxproj", "{F6F3BF2E-A889-3AB7-BFA5-3A2D2F86A61F}"
	ProjectSection(ProjectDependencies) = postProject
		{E4BA5F7E-204F-3418-9F04-43916F229AA8} = {E4BA5F7E-204F-3418-9F04-43916F229AA8}
		{20956D98-6C14-3A6B-9647-B87ADE645DD9} = {20956D98-6C14-3A6B-9647-B87ADE645DD9}
	EndProjectSection
EndProject
Project("{8BC9CEB8-8B4A-11D0-8D11-00A0C91BC942}") = "ZERO_CHECK", "ZERO_CHECK.vcxproj", "{20956D98-6C14-3A6B-9647-B87ADE645DD9}"
	ProjectSection(ProjectDependencies) = postProject
	EndProjectSection
EndProject
Project("{8BC9CEB8-8B4A-11D0-8D11-00A0C91BC942}") = "brightmaps_pk3", "wadsrc_bm\brightmaps_pk3.vcxproj", "{579185DC-8398-34BB-8C5E-B57CF09F1585}"
	ProjectSection(ProjectDependencies) = postProject
		{20956D98-6C14-3A6B-9647-B87ADE645DD9} = {20956D98-6C14-3A6B-9647-B87ADE645DD9}
		{2EAA1B2F-DB60-3E1E-8BCF-CF0B47FFD97F} = {2EAA1B2F-DB60-3E1E-8BCF-CF0B47FFD97F}
		{28B03168-67BA-34A6-BC47-9197A4DBDC0C} = {28B03168-67BA-34A6-BC47-9197A4DBDC0C}
	EndProjectSection
EndProject
Project("{8BC9CEB8-8B4A-11D0-8D11-00A0C91BC942}") = "bz2", "bzip2\bz2.vcxproj", "{CCBBC0CB-17B9-30C5-A0B6-28B6CC835D97}"
	ProjectSection(ProjectDependencies) = postProject
		{20956D98-6C14-3A6B-9647-B87ADE645DD9} = {20956D98-6C14-3A6B-9647-B87ADE645DD9}
	EndProjectSection
EndProject
Project("{8BC9CEB8-8B4A-11D0-8D11-00A0C91BC942}") = "data_3d_pk3", "wadsrc\data_3d_pk3.vcxproj", "{A08B1C7E-2B2B-38C8-AAA9-3877DAA4B3D9}"
	ProjectSection(ProjectDependencies) = postProject
		{20956D98-6C14-3A6B-9647-B87ADE645DD9} = {20956D98-6C14-3A6B-9647-B87ADE645DD9}
		{2EAA1B2F-DB60-3E1E-8BCF-CF0B47FFD97F} = {2EAA1B2F-DB60-3E1E-8BCF-CF0B47FFD97F}
		{28B03168-67BA-34A6-BC47-9197A4DBDC0C} = {28B03168-67BA-34A6-BC47-9197A4DBDC0C}
	EndProjectSection
EndProject
Project("{8BC9CEB8-8B4A-11D0-8D11-00A0C91BC942}") = "dumb", "dumb\dumb.vcxproj", "{5E3C7F86-A926-3515-9C83-51D27A0514FB}"
	ProjectSection(ProjectDependencies) = postProject
		{20956D98-6C14-3A6B-9647-B87ADE645DD9} = {20956D98-6C14-3A6B-9647-B87ADE645DD9}
	EndProjectSection
EndProject
Project("{8BC9CEB8-8B4A-11D0-8D11-00A0C91BC942}") = "fixrtext", "tools\fixrtext\fixrtext.vcxproj", "{E5BE4786-3830-3E0A-A570-70F38A118830}"
	ProjectSection(ProjectDependencies) = postProject
		{20956D98-6C14-3A6B-9647-B87ADE645DD9} = {20956D98-6C14-3A6B-9647-B87ADE645DD9}
	EndProjectSection
EndProject
Project("{8BC9CEB8-8B4A-11D0-8D11-00A0C91BC942}") = "gdtoa", "gdtoa\gdtoa.vcxproj", "{4DB4F1B2-1BB9-33C9-8065-44E627E36F9C}"
	ProjectSection(ProjectDependencies) = postProject
		{20956D98-6C14-3A6B-9647-B87ADE645DD9} = {20956D98-6C14-3A6B-9647-B87ADE645DD9}
	EndProjectSection
EndProject
Project("{8BC9CEB8-8B4A-11D0-8D11-00A0C91BC942}") = "gme", "game-music-emu\gme\gme.vcxproj", "{105F4EA4-863F-3636-A5D4-6A836D2B7305}"
	ProjectSection(ProjectDependencies) = postProject
		{20956D98-6C14-3A6B-9647-B87ADE645DD9} = {20956D98-6C14-3A6B-9647-B87ADE645DD9}
	EndProjectSection
EndProject
Project("{8BC9CEB8-8B4A-11D0-8D11-00A0C91BC942}") = "jpeg", "jpeg-6b\jpeg.vcxproj", "{2C13826F-EDE3-378B-960A-B3B46FEB379A}"
	ProjectSection(ProjectDependencies) = postProject
		{20956D98-6C14-3A6B-9647-B87ADE645DD9} = {20956D98-6C14-3A6B-9647-B87ADE645DD9}
	EndProjectSection
EndProject
Project("{8BC9CEB8-8B4A-11D0-8D11-00A0C91BC942}") = "lemon", "tools\lemon\lemon.vcxproj", "{97EFBD0E-D61D-3B3E-9622-BAD91EEBDF2A}"
	ProjectSection(ProjectDependencies) = postProject
		{20956D98-6C14-3A6B-9647-B87ADE645DD9} = {20956D98-6C14-3A6B-9647-B87ADE645DD9}
	EndProjectSection
EndProject
Project("{8BC9CEB8-8B4A-11D0-8D11-00A0C91BC942}") = "lights_pk3", "wadsrc_lights\lights_pk3.vcxproj", "{856E6956-5BC1-310B-983E-98C985EAE500}"
	ProjectSection(ProjectDependencies) = postProject
		{20956D98-6C14-3A6B-9647-B87ADE645DD9} = {20956D98-6C14-3A6B-9647-B87ADE645DD9}
		{2EAA1B2F-DB60-3E1E-8BCF-CF0B47FFD97F} = {2EAA1B2F-DB60-3E1E-8BCF-CF0B47FFD97F}
		{28B03168-67BA-34A6-BC47-9197A4DBDC0C} = {28B03168-67BA-34A6-BC47-9197A4DBDC0C}
	EndProjectSection
EndProject
Project("{8BC9CEB8-8B4A-11D0-8D11-00A0C91BC942}") = "lzma", "lzma\lzma.vcxproj", "{16C2CF9D-6802-332C-8541-DFC0A6118E30}"
	ProjectSection(ProjectDependencies) = postProject
		{20956D98-6C14-3A6B-9647-B87ADE645DD9} = {20956D98-6C14-3A6B-9647-B87ADE645DD9}
	EndProjectSection
EndProject
Project("{8BC9CEB8-8B4A-11D0-8D11-00A0C91BC942}") = "re2c", "tools\re2c\re2c.vcxproj", "{65D24F60-CB28-3831-A829-08529D9322E5}"
	ProjectSection(ProjectDependencies) = postProject
		{20956D98-6C14-3A6B-9647-B87ADE645DD9} = {20956D98-6C14-3A6B-9647-B87ADE645DD9}
	EndProjectSection
EndProject
Project("{8BC9CEB8-8B4A-11D0-8D11-00A0C91BC942}") = "revision_check", "src\revision_check.vcxproj", "{B33DFFE8-5444-3278-9E7B-76E0B623232A}"
	ProjectSection(ProjectDependencies) = postProject
		{20956D98-6C14-3A6B-9647-B87ADE645DD9} = {20956D98-6C14-3A6B-9647-B87ADE645DD9}
		{D5C9889E-17B2-39F5-AF07-C890D8BE3ABA} = {D5C9889E-17B2-39F5-AF07-C890D8BE3ABA}
	EndProjectSection
EndProject
Project("{8BC9CEB8-8B4A-11D0-8D11-00A0C91BC942}") = "updaterevision", "tools\updaterevision\updaterevision.vcxproj", "{D5C9889E-17B2-39F5-AF07-C890D8BE3ABA}"
	ProjectSection(ProjectDependencies) = postProject
		{20956D98-6C14-3A6B-9647-B87ADE645DD9} = {20956D98-6C14-3A6B-9647-B87ADE645DD9}
	EndProjectSection
EndProject
Project("{8BC9CEB8-8B4A-11D0-8D11-00A0C91BC942}") = "z", "zlib\z.vcxproj", "{FCBF41FA-DD3E-33F2-B629-8D0839700240}"
	ProjectSection(ProjectDependencies) = postProject
		{20956D98-6C14-3A6B-9647-B87ADE645DD9} = {20956D98-6C14-3A6B-9647-B87ADE645DD9}
	EndProjectSection
EndProject
Project("{8BC9CEB8-8B4A-11D0-8D11-00A0C91BC942}") = "zdoom", "src\zdoom.vcxproj", "{2EAA1B2F-DB60-3E1E-8BCF-CF0B47FFD97F}"
	ProjectSection(ProjectDependencies) = postProject
		{20956D98-6C14-3A6B-9647-B87ADE645DD9} = {20956D98-6C14-3A6B-9647-B87ADE645DD9}
		{CCBBC0CB-17B9-30C5-A0B6-28B6CC835D97} = {CCBBC0CB-17B9-30C5-A0B6-28B6CC835D97}
		{5E3C7F86-A926-3515-9C83-51D27A0514FB} = {5E3C7F86-A926-3515-9C83-51D27A0514FB}
		{E5BE4786-3830-3E0A-A570-70F38A118830} = {E5BE4786-3830-3E0A-A570-70F38A118830}
		{4DB4F1B2-1BB9-33C9-8065-44E627E36F9C} = {4DB4F1B2-1BB9-33C9-8065-44E627E36F9C}
		{105F4EA4-863F-3636-A5D4-6A836D2B7305} = {105F4EA4-863F-3636-A5D4-6A836D2B7305}
		{2C13826F-EDE3-378B-960A-B3B46FEB379A} = {2C13826F-EDE3-378B-960A-B3B46FEB379A}
		{97EFBD0E-D61D-3B3E-9622-BAD91EEBDF2A} = {97EFBD0E-D61D-3B3E-9622-BAD91EEBDF2A}
		{16C2CF9D-6802-332C-8541-DFC0A6118E30} = {16C2CF9D-6802-332C-8541-DFC0A6118E30}
		{65D24F60-CB28-3831-A829-08529D9322E5} = {65D24F60-CB28-3831-A829-08529D9322E5}
		{B33DFFE8-5444-3278-9E7B-76E0B623232A} = {B33DFFE8-5444-3278-9E7B-76E0B623232A}
		{FCBF41FA-DD3E-33F2-B629-8D0839700240} = {FCBF41FA-DD3E-33F2-B629-8D0839700240}
	EndProjectSection
EndProject
Project("{8BC9CEB8-8B4A-11D0-8D11-00A0C91BC942}") = "zipdir", "tools\zipdir\zipdir.vcxproj", "{28B03168-67BA-34A6-BC47-9197A4DBDC0C}"
	ProjectSection(ProjectDependencies) = postProject
		{20956D98-6C14-3A6B-9647-B87ADE645DD9} = {20956D98-6C14-3A6B-9647-B87ADE645DD9}
		{CCBBC0CB-17B9-30C5-A0B6-28B6CC835D97} = {CCBBC0CB-17B9-30C5-A0B6-28B6CC835D97}
		{16C2CF9D-6802-332C-8541-DFC0A6118E30} = {16C2CF9D-6802-332C-8541-DFC0A6118E30}
		{FCBF41FA-DD3E-33F2-B629-8D0839700240} = {FCBF41FA-DD3E-33F2-B629-8D0839700240}
	EndProjectSection
EndProject
Global
	GlobalSection(SolutionConfigurationPlatforms) = preSolution
		Debug|Win32 = Debug|Win32
		Release|Win32 = Release|Win32
		MinSizeRel|Win32 = MinSizeRel|Win32
		RelWithDebInfo|Win32 = RelWithDebInfo|Win32
	EndGlobalSection
	GlobalSection(ProjectConfigurationPlatforms) = postSolution
		{E4BA5F7E-204F-3418-9F04-43916F229AA8}.Debug|Win32.ActiveCfg = Debug|Win32
		{E4BA5F7E-204F-3418-9F04-43916F229AA8}.Debug|Win32.Build.0 = Debug|Win32
		{E4BA5F7E-204F-3418-9F04-43916F229AA8}.Release|Win32.ActiveCfg = Release|Win32
		{E4BA5F7E-204F-3418-9F04-43916F229AA8}.Release|Win32.Build.0 = Release|Win32
		{E4BA5F7E-204F-3418-9F04-43916F229AA8}.MinSizeRel|Win32.ActiveCfg = MinSizeRel|Win32
		{E4BA5F7E-204F-3418-9F04-43916F229AA8}.MinSizeRel|Win32.Build.0 = MinSizeRel|Win32
		{E4BA5F7E-204F-3418-9F04-43916F229AA8}.RelWithDebInfo|Win32.ActiveCfg = RelWithDebInfo|Win32
		{E4BA5F7E-204F-3418-9F04-43916F229AA8}.RelWithDebInfo|Win32.Build.0 = RelWithDebInfo|Win32
		{F6F3BF2E-A889-3AB7-BFA5-3A2D2F86A61F}.Debug|Win32.ActiveCfg = Debug|Win32
		{F6F3BF2E-A889-3AB7-BFA5-3A2D2F86A61F}.Release|Win32.ActiveCfg = Release|Win32
		{F6F3BF2E-A889-3AB7-BFA5-3A2D2F86A61F}.MinSizeRel|Win32.ActiveCfg = MinSizeRel|Win32
		{F6F3BF2E-A889-3AB7-BFA5-3A2D2F86A61F}.RelWithDebInfo|Win32.ActiveCfg = RelWithDebInfo|Win32
		{20956D98-6C14-3A6B-9647-B87ADE645DD9}.Debug|Win32.ActiveCfg = Debug|Win32
		{20956D98-6C14-3A6B-9647-B87ADE645DD9}.Debug|Win32.Build.0 = Debug|Win32
		{20956D98-6C14-3A6B-9647-B87ADE645DD9}.Release|Win32.ActiveCfg = Release|Win32
		{20956D98-6C14-3A6B-9647-B87ADE645DD9}.Release|Win32.Build.0 = Release|Win32
		{20956D98-6C14-3A6B-9647-B87ADE645DD9}.MinSizeRel|Win32.ActiveCfg = MinSizeRel|Win32
		{20956D98-6C14-3A6B-9647-B87ADE645DD9}.MinSizeRel|Win32.Build.0 = MinSizeRel|Win32
		{20956D98-6C14-3A6B-9647-B87ADE645DD9}.RelWithDebInfo|Win32.ActiveCfg = RelWithDebInfo|Win32
		{20956D98-6C14-3A6B-9647-B87ADE645DD9}.RelWithDebInfo|Win32.Build.0 = RelWithDebInfo|Win32
		{579185DC-8398-34BB-8C5E-B57CF09F1585}.Debug|Win32.ActiveCfg = Debug|Win32
		{579185DC-8398-34BB-8C5E-B57CF09F1585}.Debug|Win32.Build.0 = Debug|Win32
		{579185DC-8398-34BB-8C5E-B57CF09F1585}.Release|Win32.ActiveCfg = Release|Win32
		{579185DC-8398-34BB-8C5E-B57CF09F1585}.Release|Win32.Build.0 = Release|Win32
		{579185DC-8398-34BB-8C5E-B57CF09F1585}.MinSizeRel|Win32.ActiveCfg = MinSizeRel|Win32
		{579185DC-8398-34BB-8C5E-B57CF09F1585}.MinSizeRel|Win32.Build.0 = MinSizeRel|Win32
		{579185DC-8398-34BB-8C5E-B57CF09F1585}.RelWithDebInfo|Win32.ActiveCfg = RelWithDebInfo|Win32
		{579185DC-8398-34BB-8C5E-B57CF09F1585}.RelWithDebInfo|Win32.Build.0 = RelWithDebInfo|Win32
		{CCBBC0CB-17B9-30C5-A0B6-28B6CC835D97}.Debug|Win32.ActiveCfg = Debug|Win32
		{CCBBC0CB-17B9-30C5-A0B6-28B6CC835D97}.Debug|Win32.Build.0 = Debug|Win32
		{CCBBC0CB-17B9-30C5-A0B6-28B6CC835D97}.Release|Win32.ActiveCfg = Release|Win32
		{CCBBC0CB-17B9-30C5-A0B6-28B6CC835D97}.Release|Win32.Build.0 = Release|Win32
		{CCBBC0CB-17B9-30C5-A0B6-28B6CC835D97}.MinSizeRel|Win32.ActiveCfg = MinSizeRel|Win32
		{CCBBC0CB-17B9-30C5-A0B6-28B6CC835D97}.MinSizeRel|Win32.Build.0 = MinSizeRel|Win32
		{CCBBC0CB-17B9-30C5-A0B6-28B6CC835D97}.RelWithDebInfo|Win32.ActiveCfg = RelWithDebInfo|Win32
		{CCBBC0CB-17B9-30C5-A0B6-28B6CC835D97}.RelWithDebInfo|Win32.Build.0 = RelWithDebInfo|Win32
		{A08B1C7E-2B2B-38C8-AAA9-3877DAA4B3D9}.Debug|Win32.ActiveCfg = Debug|Win32
		{A08B1C7E-2B2B-38C8-AAA9-3877DAA4B3D9}.Debug|Win32.Build.0 = Debug|Win32
		{A08B1C7E-2B2B-38C8-AAA9-3877DAA4B3D9}.Release|Win32.ActiveCfg = Release|Win32
		{A08B1C7E-2B2B-38C8-AAA9-3877DAA4B3D9}.Release|Win32.Build.0 = Release|Win32
		{A08B1C7E-2B2B-38C8-AAA9-3877DAA4B3D9}.MinSizeRel|Win32.ActiveCfg = MinSizeRel|Win32
		{A08B1C7E-2B2B-38C8-AAA9-3877DAA4B3D9}.MinSizeRel|Win32.Build.0 = MinSizeRel|Win32
		{A08B1C7E-2B2B-38C8-AAA9-3877DAA4B3D9}.RelWithDebInfo|Win32.ActiveCfg = RelWithDebInfo|Win32
		{A08B1C7E-2B2B-38C8-AAA9-3877DAA4B3D9}.RelWithDebInfo|Win32.Build.0 = RelWithDebInfo|Win32
		{5E3C7F86-A926-3515-9C83-51D27A0514FB}.Debug|Win32.ActiveCfg = Debug|Win32
		{5E3C7F86-A926-3515-9C83-51D27A0514FB}.Debug|Win32.Build.0 = Debug|Win32
		{5E3C7F86-A926-3515-9C83-51D27A0514FB}.Release|Win32.ActiveCfg = Release|Win32
		{5E3C7F86-A926-3515-9C83-51D27A0514FB}.Release|Win32.Build.0 = Release|Win32
		{5E3C7F86-A926-3515-9C83-51D27A0514FB}.MinSizeRel|Win32.ActiveCfg = MinSizeRel|Win32
		{5E3C7F86-A926-3515-9C83-51D27A0514FB}.MinSizeRel|Win32.Build.0 = MinSizeRel|Win32
		{5E3C7F86-A926-3515-9C83-51D27A0514FB}.RelWithDebInfo|Win32.ActiveCfg = RelWithDebInfo|Win32
		{5E3C7F86-A926-3515-9C83-51D27A0514FB}.RelWithDebInfo|Win32.Build.0 = RelWithDebInfo|Win32
		{E5BE4786-3830-3E0A-A570-70F38A118830}.Debug|Win32.ActiveCfg = Debug|Win32
		{E5BE4786-3830-3E0A-A570-70F38A118830}.Debug|Win32.Build.0 = Debug|Win32
		{E5BE4786-3830-3E0A-A570-70F38A118830}.Release|Win32.ActiveCfg = Release|Win32
		{E5BE4786-3830-3E0A-A570-70F38A118830}.Release|Win32.Build.0 = Release|Win32
		{E5BE4786-3830-3E0A-A570-70F38A118830}.MinSizeRel|Win32.ActiveCfg = MinSizeRel|Win32
		{E5BE4786-3830-3E0A-A570-70F38A118830}.MinSizeRel|Win32.Build.0 = MinSizeRel|Win32
		{E5BE4786-3830-3E0A-A570-70F38A118830}.RelWithDebInfo|Win32.ActiveCfg = RelWithDebInfo|Win32
		{E5BE4786-3830-3E0A-A570-70F38A118830}.RelWithDebInfo|Win32.Build.0 = RelWithDebInfo|Win32
		{4DB4F1B2-1BB9-33C9-8065-44E627E36F9C}.Debug|Win32.ActiveCfg = Debug|Win32
		{4DB4F1B2-1BB9-33C9-8065-44E627E36F9C}.Debug|Win32.Build.0 = Debug|Win32
		{4DB4F1B2-1BB9-33C9-8065-44E627E36F9C}.Release|Win32.ActiveCfg = Release|Win32
		{4DB4F1B2-1BB9-33C9-8065-44E627E36F9C}.Release|Win32.Build.0 = Release|Win32
		{4DB4F1B2-1BB9-33C9-8065-44E627E36F9C}.MinSizeRel|Win32.ActiveCfg = MinSizeRel|Win32
		{4DB4F1B2-1BB9-33C9-8065-44E627E36F9C}.MinSizeRel|Win32.Build.0 = MinSizeRel|Win32
		{4DB4F1B2-1BB9-33C9-8065-44E627E36F9C}.RelWithDebInfo|Win32.ActiveCfg = RelWithDebInfo|Win32
		{4DB4F1B2-1BB9-33C9-8065-44E627E36F9C}.RelWithDebInfo|Win32.Build.0 = RelWithDebInfo|Win32
		{105F4EA4-863F-3636-A5D4-6A836D2B7305}.Debug|Win32.ActiveCfg = Debug|Win32
		{105F4EA4-863F-3636-A5D4-6A836D2B7305}.Debug|Win32.Build.0 = Debug|Win32
		{105F4EA4-863F-3636-A5D4-6A836D2B7305}.Release|Win32.ActiveCfg = Release|Win32
		{105F4EA4-863F-3636-A5D4-6A836D2B7305}.Release|Win32.Build.0 = Release|Win32
		{105F4EA4-863F-3636-A5D4-6A836D2B7305}.MinSizeRel|Win32.ActiveCfg = MinSizeRel|Win32
		{105F4EA4-863F-3636-A5D4-6A836D2B7305}.MinSizeRel|Win32.Build.0 = MinSizeRel|Win32
		{105F4EA4-863F-3636-A5D4-6A836D2B7305}.RelWithDebInfo|Win32.ActiveCfg = RelWithDebInfo|Win32
		{105F4EA4-863F-3636-A5D4-6A836D2B7305}.RelWithDebInfo|Win32.Build.0 = RelWithDebInfo|Win32
		{2C13826F-EDE3-378B-960A-B3B46FEB379A}.Debug|Win32.ActiveCfg = Debug|Win32
		{2C13826F-EDE3-378B-960A-B3B46FEB379A}.Debug|Win32.Build.0 = Debug|Win32
		{2C13826F-EDE3-378B-960A-B3B46FEB379A}.Release|Win32.ActiveCfg = Release|Win32
		{2C13826F-EDE3-378B-960A-B3B46FEB379A}.Release|Win32.Build.0 = Release|Win32
		{2C13826F-EDE3-378B-960A-B3B46FEB379A}.MinSizeRel|Win32.ActiveCfg = MinSizeRel|Win32
		{2C13826F-EDE3-378B-960A-B3B46FEB379A}.MinSizeRel|Win32.Build.0 = MinSizeRel|Win32
		{2C13826F-EDE3-378B-960A-B3B46FEB379A}.RelWithDebInfo|Win32.ActiveCfg = RelWithDebInfo|Win32
		{2C13826F-EDE3-378B-960A-B3B46FEB379A}.RelWithDebInfo|Win32.Build.0 = RelWithDebInfo|Win32
		{97EFBD0E-D61D-3B3E-9622-BAD91EEBDF2A}.Debug|Win32.ActiveCfg = Debug|Win32
		{97EFBD0E-D61D-3B3E-9622-BAD91EEBDF2A}.Debug|Win32.Build.0 = Debug|Win32
		{97EFBD0E-D61D-3B3E-9622-BAD91EEBDF2A}.Release|Win32.ActiveCfg = Release|Win32
		{97EFBD0E-D61D-3B3E-9622-BAD91EEBDF2A}.Release|Win32.Build.0 = Release|Win32
		{97EFBD0E-D61D-3B3E-9622-BAD91EEBDF2A}.MinSizeRel|Win32.ActiveCfg = MinSizeRel|Win32
		{97EFBD0E-D61D-3B3E-9622-BAD91EEBDF2A}.MinSizeRel|Win32.Build.0 = MinSizeRel|Win32
		{97EFBD0E-D61D-3B3E-9622-BAD91EEBDF2A}.RelWithDebInfo|Win32.ActiveCfg = RelWithDebInfo|Win32
		{97EFBD0E-D61D-3B3E-9622-BAD91EEBDF2A}.RelWithDebInfo|Win32.Build.0 = RelWithDebInfo|Win32
		{856E6956-5BC1-310B-983E-98C985EAE500}.Debug|Win32.ActiveCfg = Debug|Win32
		{856E6956-5BC1-310B-983E-98C985EAE500}.Debug|Win32.Build.0 = Debug|Win32
		{856E6956-5BC1-310B-983E-98C985EAE500}.Release|Win32.ActiveCfg = Release|Win32
		{856E6956-5BC1-310B-983E-98C985EAE500}.Release|Win32.Build.0 = Release|Win32
		{856E6956-5BC1-310B-983E-98C985EAE500}.MinSizeRel|Win32.ActiveCfg = MinSizeRel|Win32
		{856E6956-5BC1-310B-983E-98C985EAE500}.MinSizeRel|Win32.Build.0 = MinSizeRel|Win32
		{856E6956-5BC1-310B-983E-98C985EAE500}.RelWithDebInfo|Win32.ActiveCfg = RelWithDebInfo|Win32
		{856E6956-5BC1-310B-983E-98C985EAE500}.RelWithDebInfo|Win32.Build.0 = RelWithDebInfo|Win32
		{16C2CF9D-6802-332C-8541-DFC0A6118E30}.Debug|Win32.ActiveCfg = Debug|Win32
		{16C2CF9D-6802-332C-8541-DFC0A6118E30}.Debug|Win32.Build.0 = Debug|Win32
		{16C2CF9D-6802-332C-8541-DFC0A6118E30}.Release|Win32.ActiveCfg = Release|Win32
		{16C2CF9D-6802-332C-8541-DFC0A6118E30}.Release|Win32.Build.0 = Release|Win32
		{16C2CF9D-6802-332C-8541-DFC0A6118E30}.MinSizeRel|Win32.ActiveCfg = MinSizeRel|Win32
		{16C2CF9D-6802-332C-8541-DFC0A6118E30}.MinSizeRel|Win32.Build.0 = MinSizeRel|Win32
		{16C2CF9D-6802-332C-8541-DFC0A6118E30}.RelWithDebInfo|Win32.ActiveCfg = RelWithDebInfo|Win32
		{16C2CF9D-6802-332C-8541-DFC0A6118E30}.RelWithDebInfo|Win32.Build.0 = RelWithDebInfo|Win32
		{65D24F60-CB28-3831-A829-08529D9322E5}.Debug|Win32.ActiveCfg = Debug|Win32
		{65D24F60-CB28-3831-A829-08529D9322E5}.Debug|Win32.Build.0 = Debug|Win32
		{65D24F60-CB28-3831-A829-08529D9322E5}.Release|Win32.ActiveCfg = Release|Win32
		{65D24F60-CB28-3831-A829-08529D9322E5}.Release|Win32.Build.0 = Release|Win32
		{65D24F60-CB28-3831-A829-08529D9322E5}.MinSizeRel|Win32.ActiveCfg = MinSizeRel|Win32
		{65D24F60-CB28-3831-A829-08529D9322E5}.MinSizeRel|Win32.Build.0 = MinSizeRel|Win32
		{65D24F60-CB28-3831-A829-08529D9322E5}.RelWithDebInfo|Win32.ActiveCfg = RelWithDebInfo|Win32
		{65D24F60-CB28-3831-A829-08529D9322E5}.RelWithDebInfo|Win32.Build.0 = RelWithDebInfo|Win32
		{B33DFFE8-5444-3278-9E7B-76E0B623232A}.Debug|Win32.ActiveCfg = Debug|Win32
		{B33DFFE8-5444-3278-9E7B-76E0B623232A}.Debug|Win32.Build.0 = Debug|Win32
		{B33DFFE8-5444-3278-9E7B-76E0B623232A}.Release|Win32.ActiveCfg = Release|Win32
		{B33DFFE8-5444-3278-9E7B-76E0B623232A}.Release|Win32.Build.0 = Release|Win32
		{B33DFFE8-5444-3278-9E7B-76E0B623232A}.MinSizeRel|Win32.ActiveCfg = MinSizeRel|Win32
		{B33DFFE8-5444-3278-9E7B-76E0B623232A}.MinSizeRel|Win32.Build.0 = MinSizeRel|Win32
		{B33DFFE8-5444-3278-9E7B-76E0B623232A}.RelWithDebInfo|Win32.ActiveCfg = RelWithDebInfo|Win32
		{B33DFFE8-5444-3278-9E7B-76E0B623232A}.RelWithDebInfo|Win32.Build.0 = RelWithDebInfo|Win32
		{D5C9889E-17B2-39F5-AF07-C890D8BE3ABA}.Debug|Win32.ActiveCfg = Debug|Win32
		{D5C9889E-17B2-39F5-AF07-C890D8BE3ABA}.Debug|Win32.Build.0 = Debug|Win32
		{D5C9889E-17B2-39F5-AF07-C890D8BE3ABA}.Release|Win32.ActiveCfg = Release|Win32
		{D5C9889E-17B2-39F5-AF07-C890D8BE3ABA}.Release|Win32.Build.0 = Release|Win32
		{D5C9889E-17B2-39F5-AF07-C890D8BE3ABA}.MinSizeRel|Win32.ActiveCfg = MinSizeRel|Win32
		{D5C9889E-17B2-39F5-AF07-C890D8BE3ABA}.MinSizeRel|Win32.Build.0 = MinSizeRel|Win32
		{D5C9889E-17B2-39F5-AF07-C890D8BE3ABA}.RelWithDebInfo|Win32.ActiveCfg = RelWithDebInfo|Win32
		{D5C9889E-17B2-39F5-AF07-C890D8BE3ABA}.RelWithDebInfo|Win32.Build.0 = RelWithDebInfo|Win32
		{FCBF41FA-DD3E-33F2-B629-8D0839700240}.Debug|Win32.ActiveCfg = Debug|Win32
		{FCBF41FA-DD3E-33F2-B629-8D0839700240}.Debug|Win32.Build.0 = Debug|Win32
		{FCBF41FA-DD3E-33F2-B629-8D0839700240}.Release|Win32.ActiveCfg = Release|Win32
		{FCBF41FA-DD3E-33F2-B629-8D0839700240}.Release|Win32.Build.0 = Release|Win32
		{FCBF41FA-DD3E-33F2-B629-8D0839700240}.MinSizeRel|Win32.ActiveCfg = MinSizeRel|Win32
		{FCBF41FA-DD3E-33F2-B629-8D0839700240}.MinSizeRel|Win32.Build.0 = MinSizeRel|Win32
		{FCBF41FA-DD3E-33F2-B629-8D0839700240}.RelWithDebInfo|Win32.ActiveCfg = RelWithDebInfo|Win32
		{FCBF41FA-DD3E-33F2-B629-8D0839700240}.RelWithDebInfo|Win32.Build.0 = RelWithDebInfo|Win32
		{2EAA1B2F-DB60-3E1E-8BCF-CF0B47FFD97F}.Debug|Win32.ActiveCfg = Debug|Win32
		{2EAA1B2F-DB60-3E1E-8BCF-CF0B47FFD97F}.Debug|Win32.Build.0 = Debug|Win32
		{2EAA1B2F-DB60-3E1E-8BCF-CF0B47FFD97F}.Release|Win32.ActiveCfg = Release|Win32
		{2EAA1B2F-DB60-3E1E-8BCF-CF0B47FFD97F}.Release|Win32.Build.0 = Release|Win32
		{2EAA1B2F-DB60-3E1E-8BCF-CF0B47FFD97F}.MinSizeRel|Win32.ActiveCfg = MinSizeRel|Win32
		{2EAA1B2F-DB60-3E1E-8BCF-CF0B47FFD97F}.MinSizeRel|Win32.Build.0 = MinSizeRel|Win32
		{2EAA1B2F-DB60-3E1E-8BCF-CF0B47FFD97F}.RelWithDebInfo|Win32.ActiveCfg = RelWithDebInfo|Win32
		{2EAA1B2F-DB60-3E1E-8BCF-CF0B47FFD97F}.RelWithDebInfo|Win32.Build.0 = RelWithDebInfo|Win32
		{28B03168-67BA-34A6-BC47-9197A4DBDC0C}.Debug|Win32.ActiveCfg = Debug|Win32
		{28B03168-67BA-34A6-BC47-9197A4DBDC0C}.Debug|Win32.Build.0 = Debug|Win32
		{28B03168-67BA-34A6-BC47-9197A4DBDC0C}.Release|Win32.ActiveCfg = Release|Win32
		{28B03168-67BA-34A6-BC47-9197A4DBDC0C}.Release|Win32.Build.0 = Release|Win32
		{28B03168-67BA-34A6-BC47-9197A4DBDC0C}.MinSizeRel|Win32.ActiveCfg = MinSizeRel|Win32
		{28B03168-67BA-34A6-BC47-9197A4DBDC0C}.MinSizeRel|Win32.Build.0 = MinSizeRel|Win32
		{28B03168-67BA-34A6-BC47-9197A4DBDC0C}.RelWithDebInfo|Win32.ActiveCfg = RelWithDebInfo|Win32
		{28B03168-67BA-34A6-BC47-9197A4DBDC0C}.RelWithDebInfo|Win32.Build.0 = RelWithDebInfo|Win32
	EndGlobalSection
	GlobalSection(ExtensibilityGlobals) = postSolution
	EndGlobalSection
	GlobalSection(ExtensibilityAddIns) = postSolution
	EndGlobalSection
EndGlobal
