Microsoft Visual Studio Solution File, Format Version 12.00
# Visual Studio 15
Project("{8BC9CEB8-8B4A-11D0-8D11-00A0C91BC942}") = "ALL_BUILD", "ALL_BUILD.vcxproj", "{7105F760-BBDB-38DA-8212-69481637B8E3}"
	ProjectSection(ProjectDependencies) = postProject
		{6E709194-805F-321F-A575-9B8B30C059F8} = {6E709194-805F-321F-A575-9B8B30C059F8}
		{F32A040A-EEFF-315B-8219-B7A5652669C9} = {F32A040A-EEFF-315B-8219-B7A5652669C9}
		{BD71EFAA-9B86-31A6-9E3F-F151F3E47354} = {BD71EFAA-9B86-31A6-9E3F-F151F3E47354}
		{CAA1AAA9-63C6-398A-AC06-36EC9BFABFDA} = {CAA1AAA9-63C6-398A-AC06-36EC9BFABFDA}
		{E8B1826D-A1C2-33E3-9995-2E7D7F28DC69} = {E8B1826D-A1C2-33E3-9995-2E7D7F28DC69}
		{F4EC7253-4AC7-305B-9279-BD5B83C95FCD} = {F4EC7253-4AC7-305B-9279-BD5B83C95FCD}
		{FC80024B-4F21-3CE0-8A9B-E7B020418933} = {FC80024B-4F21-3CE0-8A9B-E7B020418933}
		{BE7A666E-0F3C-322F-AC4C-56737204FE44} = {BE7A666E-0F3C-322F-AC4C-56737204FE44}
		{367CB657-D6BF-3DD0-BFAF-D9720D176175} = {367CB657-D6BF-3DD0-BFAF-D9720D176175}
		{8E312DDC-E4A4-37FB-8BA0-5AD0A0AA35D5} = {8E312DDC-E4A4-37FB-8BA0-5AD0A0AA35D5}
		{14572EDF-E7AC-31DB-B112-A05866397C42} = {14572EDF-E7AC-31DB-B112-A05866397C42}
		{417F6CC1-8598-37AC-A97E-A1A87F6BFDED} = {417F6CC1-8598-37AC-A97E-A1A87F6BFDED}
		{F39B708B-7718-3977-AC81-1AF7FD472B02} = {F39B708B-7718-3977-AC81-1AF7FD472B02}
		{E883438D-273F-390D-A124-71DFEE3AD065} = {E883438D-273F-390D-A124-71DFEE3AD065}
		{01E4734C-B56A-37CC-80F1-7FBC5821F66F} = {01E4734C-B56A-37CC-80F1-7FBC5821F66F}
		{8AFFA02C-1DF6-3B1A-BE84-143F0DD8E544} = {8AFFA02C-1DF6-3B1A-BE84-143F0DD8E544}
	EndProjectSection
EndProject
Project("{8BC9CEB8-8B4A-11D0-8D11-00A0C91BC942}") = "INSTALL", "INSTALL.vcxproj", "{A8DFFEF6-BD30-3A4D-B9AD-F0B04F2CC2DF}"
	ProjectSection(ProjectDependencies) = postProject
		{7105F760-BBDB-38DA-8212-69481637B8E3} = {7105F760-BBDB-38DA-8212-69481637B8E3}
		{6E709194-805F-321F-A575-9B8B30C059F8} = {6E709194-805F-321F-A575-9B8B30C059F8}
	EndProjectSection
EndProject
Project("{8BC9CEB8-8B4A-11D0-8D11-00A0C91BC942}") = "ZERO_CHECK", "ZERO_CHECK.vcxproj", "{6E709194-805F-321F-A575-9B8B30C059F8}"
	ProjectSection(ProjectDependencies) = postProject
	EndProjectSection
EndProject
Project("{8BC9CEB8-8B4A-11D0-8D11-00A0C91BC942}") = "bz2", "bzip2\bz2.vcxproj", "{F32A040A-EEFF-315B-8219-B7A5652669C9}"
	ProjectSection(ProjectDependencies) = postProject
		{6E709194-805F-321F-A575-9B8B30C059F8} = {6E709194-805F-321F-A575-9B8B30C059F8}
	EndProjectSection
EndProject
Project("{8BC9CEB8-8B4A-11D0-8D11-00A0C91BC942}") = "data_pk3", "wadsrc\data_pk3.vcxproj", "{BD71EFAA-9B86-31A6-9E3F-F151F3E47354}"
	ProjectSection(ProjectDependencies) = postProject
		{6E709194-805F-321F-A575-9B8B30C059F8} = {6E709194-805F-321F-A575-9B8B30C059F8}
		{01E4734C-B56A-37CC-80F1-7FBC5821F66F} = {01E4734C-B56A-37CC-80F1-7FBC5821F66F}
		{8AFFA02C-1DF6-3B1A-BE84-143F0DD8E544} = {8AFFA02C-1DF6-3B1A-BE84-143F0DD8E544}
	EndProjectSection
EndProject
Project("{8BC9CEB8-8B4A-11D0-8D11-00A0C91BC942}") = "dumb", "dumb\dumb.vcxproj", "{CAA1AAA9-63C6-398A-AC06-36EC9BFABFDA}"
	ProjectSection(ProjectDependencies) = postProject
		{6E709194-805F-321F-A575-9B8B30C059F8} = {6E709194-805F-321F-A575-9B8B30C059F8}
	EndProjectSection
EndProject
Project("{8BC9CEB8-8B4A-11D0-8D11-00A0C91BC942}") = "fixrtext", "tools\fixrtext\fixrtext.vcxproj", "{E8B1826D-A1C2-33E3-9995-2E7D7F28DC69}"
	ProjectSection(ProjectDependencies) = postProject
		{6E709194-805F-321F-A575-9B8B30C059F8} = {6E709194-805F-321F-A575-9B8B30C059F8}
	EndProjectSection
EndProject
Project("{8BC9CEB8-8B4A-11D0-8D11-00A0C91BC942}") = "gdtoa", "gdtoa\gdtoa.vcxproj", "{F4EC7253-4AC7-305B-9279-BD5B83C95FCD}"
	ProjectSection(ProjectDependencies) = postProject
		{6E709194-805F-321F-A575-9B8B30C059F8} = {6E709194-805F-321F-A575-9B8B30C059F8}
	EndProjectSection
EndProject
Project("{8BC9CEB8-8B4A-11D0-8D11-00A0C91BC942}") = "gme", "game-music-emu\gme\gme.vcxproj", "{FC80024B-4F21-3CE0-8A9B-E7B020418933}"
	ProjectSection(ProjectDependencies) = postProject
		{6E709194-805F-321F-A575-9B8B30C059F8} = {6E709194-805F-321F-A575-9B8B30C059F8}
	EndProjectSection
EndProject
Project("{8BC9CEB8-8B4A-11D0-8D11-00A0C91BC942}") = "jpeg", "jpeg-6b\jpeg.vcxproj", "{BE7A666E-0F3C-322F-AC4C-56737204FE44}"
	ProjectSection(ProjectDependencies) = postProject
		{6E709194-805F-321F-A575-9B8B30C059F8} = {6E709194-805F-321F-A575-9B8B30C059F8}
	EndProjectSection
EndProject
Project("{8BC9CEB8-8B4A-11D0-8D11-00A0C91BC942}") = "lemon", "tools\lemon\lemon.vcxproj", "{367CB657-D6BF-3DD0-BFAF-D9720D176175}"
	ProjectSection(ProjectDependencies) = postProject
		{6E709194-805F-321F-A575-9B8B30C059F8} = {6E709194-805F-321F-A575-9B8B30C059F8}
	EndProjectSection
EndProject
Project("{8BC9CEB8-8B4A-11D0-8D11-00A0C91BC942}") = "lzma", "lzma\lzma.vcxproj", "{8E312DDC-E4A4-37FB-8BA0-5AD0A0AA35D5}"
	ProjectSection(ProjectDependencies) = postProject
		{6E709194-805F-321F-A575-9B8B30C059F8} = {6E709194-805F-321F-A575-9B8B30C059F8}
	EndProjectSection
EndProject
Project("{8BC9CEB8-8B4A-11D0-8D11-00A0C91BC942}") = "re2c", "tools\re2c\re2c.vcxproj", "{14572EDF-E7AC-31DB-B112-A05866397C42}"
	ProjectSection(ProjectDependencies) = postProject
		{6E709194-805F-321F-A575-9B8B30C059F8} = {6E709194-805F-321F-A575-9B8B30C059F8}
	EndProjectSection
EndProject
Project("{8BC9CEB8-8B4A-11D0-8D11-00A0C91BC942}") = "revision_check", "src\revision_check.vcxproj", "{417F6CC1-8598-37AC-A97E-A1A87F6BFDED}"
	ProjectSection(ProjectDependencies) = postProject
		{6E709194-805F-321F-A575-9B8B30C059F8} = {6E709194-805F-321F-A575-9B8B30C059F8}
		{F39B708B-7718-3977-AC81-1AF7FD472B02} = {F39B708B-7718-3977-AC81-1AF7FD472B02}
	EndProjectSection
EndProject
Project("{8BC9CEB8-8B4A-11D0-8D11-00A0C91BC942}") = "updaterevision", "tools\updaterevision\updaterevision.vcxproj", "{F39B708B-7718-3977-AC81-1AF7FD472B02}"
	ProjectSection(ProjectDependencies) = postProject
		{6E709194-805F-321F-A575-9B8B30C059F8} = {6E709194-805F-321F-A575-9B8B30C059F8}
	EndProjectSection
EndProject
Project("{8BC9CEB8-8B4A-11D0-8D11-00A0C91BC942}") = "z", "zlib\z.vcxproj", "{E883438D-273F-390D-A124-71DFEE3AD065}"
	ProjectSection(ProjectDependencies) = postProject
		{6E709194-805F-321F-A575-9B8B30C059F8} = {6E709194-805F-321F-A575-9B8B30C059F8}
	EndProjectSection
EndProject
Project("{8BC9CEB8-8B4A-11D0-8D11-00A0C91BC942}") = "zdoom", "src\zdoom.vcxproj", "{01E4734C-B56A-37CC-80F1-7FBC5821F66F}"
	ProjectSection(ProjectDependencies) = postProject
		{6E709194-805F-321F-A575-9B8B30C059F8} = {6E709194-805F-321F-A575-9B8B30C059F8}
		{F32A040A-EEFF-315B-8219-B7A5652669C9} = {F32A040A-EEFF-315B-8219-B7A5652669C9}
		{CAA1AAA9-63C6-398A-AC06-36EC9BFABFDA} = {CAA1AAA9-63C6-398A-AC06-36EC9BFABFDA}
		{E8B1826D-A1C2-33E3-9995-2E7D7F28DC69} = {E8B1826D-A1C2-33E3-9995-2E7D7F28DC69}
		{F4EC7253-4AC7-305B-9279-BD5B83C95FCD} = {F4EC7253-4AC7-305B-9279-BD5B83C95FCD}
		{FC80024B-4F21-3CE0-8A9B-E7B020418933} = {FC80024B-4F21-3CE0-8A9B-E7B020418933}
		{BE7A666E-0F3C-322F-AC4C-56737204FE44} = {BE7A666E-0F3C-322F-AC4C-56737204FE44}
		{367CB657-D6BF-3DD0-BFAF-D9720D176175} = {367CB657-D6BF-3DD0-BFAF-D9720D176175}
		{8E312DDC-E4A4-37FB-8BA0-5AD0A0AA35D5} = {8E312DDC-E4A4-37FB-8BA0-5AD0A0AA35D5}
		{14572EDF-E7AC-31DB-B112-A05866397C42} = {14572EDF-E7AC-31DB-B112-A05866397C42}
		{417F6CC1-8598-37AC-A97E-A1A87F6BFDED} = {417F6CC1-8598-37AC-A97E-A1A87F6BFDED}
		{E883438D-273F-390D-A124-71DFEE3AD065} = {E883438D-273F-390D-A124-71DFEE3AD065}
	EndProjectSection
EndProject
Project("{8BC9CEB8-8B4A-11D0-8D11-00A0C91BC942}") = "zipdir", "tools\zipdir\zipdir.vcxproj", "{8AFFA02C-1DF6-3B1A-BE84-143F0DD8E544}"
	ProjectSection(ProjectDependencies) = postProject
		{6E709194-805F-321F-A575-9B8B30C059F8} = {6E709194-805F-321F-A575-9B8B30C059F8}
		{F32A040A-EEFF-315B-8219-B7A5652669C9} = {F32A040A-EEFF-315B-8219-B7A5652669C9}
		{8E312DDC-E4A4-37FB-8BA0-5AD0A0AA35D5} = {8E312DDC-E4A4-37FB-8BA0-5AD0A0AA35D5}
		{E883438D-273F-390D-A124-71DFEE3AD065} = {E883438D-273F-390D-A124-71DFEE3AD065}
	EndProjectSection
EndProject
Global
	GlobalSection(SolutionConfigurationPlatforms) = preSolution
		Debug|Win32 = Debug|Win32
		Release|Win32 = Release|Win32
		MinSizeRel|Win32 = MinSizeRel|Win32
		RelWithDebInfo|Win32 = RelWithDebInfo|Win32
	EndGlobalSection
	GlobalSection(ProjectConfigurationPlatforms) = postSolution
		{7105F760-BBDB-38DA-8212-69481637B8E3}.Debug|Win32.ActiveCfg = Debug|Win32
		{7105F760-BBDB-38DA-8212-69481637B8E3}.Debug|Win32.Build.0 = Debug|Win32
		{7105F760-BBDB-38DA-8212-69481637B8E3}.Release|Win32.ActiveCfg = Release|Win32
		{7105F760-BBDB-38DA-8212-69481637B8E3}.Release|Win32.Build.0 = Release|Win32
		{7105F760-BBDB-38DA-8212-69481637B8E3}.MinSizeRel|Win32.ActiveCfg = MinSizeRel|Win32
		{7105F760-BBDB-38DA-8212-69481637B8E3}.MinSizeRel|Win32.Build.0 = MinSizeRel|Win32
		{7105F760-BBDB-38DA-8212-69481637B8E3}.RelWithDebInfo|Win32.ActiveCfg = RelWithDebInfo|Win32
		{7105F760-BBDB-38DA-8212-69481637B8E3}.RelWithDebInfo|Win32.Build.0 = RelWithDebInfo|Win32
		{A8DFFEF6-BD30-3A4D-B9AD-F0B04F2CC2DF}.Debug|Win32.ActiveCfg = Debug|Win32
		{A8DFFEF6-BD30-3A4D-B9AD-F0B04F2CC2DF}.Release|Win32.ActiveCfg = Release|Win32
		{A8DFFEF6-BD30-3A4D-B9AD-F0B04F2CC2DF}.MinSizeRel|Win32.ActiveCfg = MinSizeRel|Win32
		{A8DFFEF6-BD30-3A4D-B9AD-F0B04F2CC2DF}.RelWithDebInfo|Win32.ActiveCfg = RelWithDebInfo|Win32
		{6E709194-805F-321F-A575-9B8B30C059F8}.Debug|Win32.ActiveCfg = Debug|Win32
		{6E709194-805F-321F-A575-9B8B30C059F8}.Debug|Win32.Build.0 = Debug|Win32
		{6E709194-805F-321F-A575-9B8B30C059F8}.Release|Win32.ActiveCfg = Release|Win32
		{6E709194-805F-321F-A575-9B8B30C059F8}.Release|Win32.Build.0 = Release|Win32
		{6E709194-805F-321F-A575-9B8B30C059F8}.MinSizeRel|Win32.ActiveCfg = MinSizeRel|Win32
		{6E709194-805F-321F-A575-9B8B30C059F8}.MinSizeRel|Win32.Build.0 = MinSizeRel|Win32
		{6E709194-805F-321F-A575-9B8B30C059F8}.RelWithDebInfo|Win32.ActiveCfg = RelWithDebInfo|Win32
		{6E709194-805F-321F-A575-9B8B30C059F8}.RelWithDebInfo|Win32.Build.0 = RelWithDebInfo|Win32
		{F32A040A-EEFF-315B-8219-B7A5652669C9}.Debug|Win32.ActiveCfg = Debug|Win32
		{F32A040A-EEFF-315B-8219-B7A5652669C9}.Debug|Win32.Build.0 = Debug|Win32
		{F32A040A-EEFF-315B-8219-B7A5652669C9}.Release|Win32.ActiveCfg = Release|Win32
		{F32A040A-EEFF-315B-8219-B7A5652669C9}.Release|Win32.Build.0 = Release|Win32
		{F32A040A-EEFF-315B-8219-B7A5652669C9}.MinSizeRel|Win32.ActiveCfg = MinSizeRel|Win32
		{F32A040A-EEFF-315B-8219-B7A5652669C9}.MinSizeRel|Win32.Build.0 = MinSizeRel|Win32
		{F32A040A-EEFF-315B-8219-B7A5652669C9}.RelWithDebInfo|Win32.ActiveCfg = RelWithDebInfo|Win32
		{F32A040A-EEFF-315B-8219-B7A5652669C9}.RelWithDebInfo|Win32.Build.0 = RelWithDebInfo|Win32
		{BD71EFAA-9B86-31A6-9E3F-F151F3E47354}.Debug|Win32.ActiveCfg = Debug|Win32
		{BD71EFAA-9B86-31A6-9E3F-F151F3E47354}.Debug|Win32.Build.0 = Debug|Win32
		{BD71EFAA-9B86-31A6-9E3F-F151F3E47354}.Release|Win32.ActiveCfg = Release|Win32
		{BD71EFAA-9B86-31A6-9E3F-F151F3E47354}.Release|Win32.Build.0 = Release|Win32
		{BD71EFAA-9B86-31A6-9E3F-F151F3E47354}.MinSizeRel|Win32.ActiveCfg = MinSizeRel|Win32
		{BD71EFAA-9B86-31A6-9E3F-F151F3E47354}.MinSizeRel|Win32.Build.0 = MinSizeRel|Win32
		{BD71EFAA-9B86-31A6-9E3F-F151F3E47354}.RelWithDebInfo|Win32.ActiveCfg = RelWithDebInfo|Win32
		{BD71EFAA-9B86-31A6-9E3F-F151F3E47354}.RelWithDebInfo|Win32.Build.0 = RelWithDebInfo|Win32
		{CAA1AAA9-63C6-398A-AC06-36EC9BFABFDA}.Debug|Win32.ActiveCfg = Debug|Win32
		{CAA1AAA9-63C6-398A-AC06-36EC9BFABFDA}.Debug|Win32.Build.0 = Debug|Win32
		{CAA1AAA9-63C6-398A-AC06-36EC9BFABFDA}.Release|Win32.ActiveCfg = Release|Win32
		{CAA1AAA9-63C6-398A-AC06-36EC9BFABFDA}.Release|Win32.Build.0 = Release|Win32
		{CAA1AAA9-63C6-398A-AC06-36EC9BFABFDA}.MinSizeRel|Win32.ActiveCfg = MinSizeRel|Win32
		{CAA1AAA9-63C6-398A-AC06-36EC9BFABFDA}.MinSizeRel|Win32.Build.0 = MinSizeRel|Win32
		{CAA1AAA9-63C6-398A-AC06-36EC9BFABFDA}.RelWithDebInfo|Win32.ActiveCfg = RelWithDebInfo|Win32
		{CAA1AAA9-63C6-398A-AC06-36EC9BFABFDA}.RelWithDebInfo|Win32.Build.0 = RelWithDebInfo|Win32
		{E8B1826D-A1C2-33E3-9995-2E7D7F28DC69}.Debug|Win32.ActiveCfg = Debug|Win32
		{E8B1826D-A1C2-33E3-9995-2E7D7F28DC69}.Debug|Win32.Build.0 = Debug|Win32
		{E8B1826D-A1C2-33E3-9995-2E7D7F28DC69}.Release|Win32.ActiveCfg = Release|Win32
		{E8B1826D-A1C2-33E3-9995-2E7D7F28DC69}.Release|Win32.Build.0 = Release|Win32
		{E8B1826D-A1C2-33E3-9995-2E7D7F28DC69}.MinSizeRel|Win32.ActiveCfg = MinSizeRel|Win32
		{E8B1826D-A1C2-33E3-9995-2E7D7F28DC69}.MinSizeRel|Win32.Build.0 = MinSizeRel|Win32
		{E8B1826D-A1C2-33E3-9995-2E7D7F28DC69}.RelWithDebInfo|Win32.ActiveCfg = RelWithDebInfo|Win32
		{E8B1826D-A1C2-33E3-9995-2E7D7F28DC69}.RelWithDebInfo|Win32.Build.0 = RelWithDebInfo|Win32
		{F4EC7253-4AC7-305B-9279-BD5B83C95FCD}.Debug|Win32.ActiveCfg = Debug|Win32
		{F4EC7253-4AC7-305B-9279-BD5B83C95FCD}.Debug|Win32.Build.0 = Debug|Win32
		{F4EC7253-4AC7-305B-9279-BD5B83C95FCD}.Release|Win32.ActiveCfg = Release|Win32
		{F4EC7253-4AC7-305B-9279-BD5B83C95FCD}.Release|Win32.Build.0 = Release|Win32
		{F4EC7253-4AC7-305B-9279-BD5B83C95FCD}.MinSizeRel|Win32.ActiveCfg = MinSizeRel|Win32
		{F4EC7253-4AC7-305B-9279-BD5B83C95FCD}.MinSizeRel|Win32.Build.0 = MinSizeRel|Win32
		{F4EC7253-4AC7-305B-9279-BD5B83C95FCD}.RelWithDebInfo|Win32.ActiveCfg = RelWithDebInfo|Win32
		{F4EC7253-4AC7-305B-9279-BD5B83C95FCD}.RelWithDebInfo|Win32.Build.0 = RelWithDebInfo|Win32
		{FC80024B-4F21-3CE0-8A9B-E7B020418933}.Debug|Win32.ActiveCfg = Debug|Win32
		{FC80024B-4F21-3CE0-8A9B-E7B020418933}.Debug|Win32.Build.0 = Debug|Win32
		{FC80024B-4F21-3CE0-8A9B-E7B020418933}.Release|Win32.ActiveCfg = Release|Win32
		{FC80024B-4F21-3CE0-8A9B-E7B020418933}.Release|Win32.Build.0 = Release|Win32
		{FC80024B-4F21-3CE0-8A9B-E7B020418933}.MinSizeRel|Win32.ActiveCfg = MinSizeRel|Win32
		{FC80024B-4F21-3CE0-8A9B-E7B020418933}.MinSizeRel|Win32.Build.0 = MinSizeRel|Win32
		{FC80024B-4F21-3CE0-8A9B-E7B020418933}.RelWithDebInfo|Win32.ActiveCfg = RelWithDebInfo|Win32
		{FC80024B-4F21-3CE0-8A9B-E7B020418933}.RelWithDebInfo|Win32.Build.0 = RelWithDebInfo|Win32
		{BE7A666E-0F3C-322F-AC4C-56737204FE44}.Debug|Win32.ActiveCfg = Debug|Win32
		{BE7A666E-0F3C-322F-AC4C-56737204FE44}.Debug|Win32.Build.0 = Debug|Win32
		{BE7A666E-0F3C-322F-AC4C-56737204FE44}.Release|Win32.ActiveCfg = Release|Win32
		{BE7A666E-0F3C-322F-AC4C-56737204FE44}.Release|Win32.Build.0 = Release|Win32
		{BE7A666E-0F3C-322F-AC4C-56737204FE44}.MinSizeRel|Win32.ActiveCfg = MinSizeRel|Win32
		{BE7A666E-0F3C-322F-AC4C-56737204FE44}.MinSizeRel|Win32.Build.0 = MinSizeRel|Win32
		{BE7A666E-0F3C-322F-AC4C-56737204FE44}.RelWithDebInfo|Win32.ActiveCfg = RelWithDebInfo|Win32
		{BE7A666E-0F3C-322F-AC4C-56737204FE44}.RelWithDebInfo|Win32.Build.0 = RelWithDebInfo|Win32
		{367CB657-D6BF-3DD0-BFAF-D9720D176175}.Debug|Win32.ActiveCfg = Debug|Win32
		{367CB657-D6BF-3DD0-BFAF-D9720D176175}.Debug|Win32.Build.0 = Debug|Win32
		{367CB657-D6BF-3DD0-BFAF-D9720D176175}.Release|Win32.ActiveCfg = Release|Win32
		{367CB657-D6BF-3DD0-BFAF-D9720D176175}.Release|Win32.Build.0 = Release|Win32
		{367CB657-D6BF-3DD0-BFAF-D9720D176175}.MinSizeRel|Win32.ActiveCfg = MinSizeRel|Win32
		{367CB657-D6BF-3DD0-BFAF-D9720D176175}.MinSizeRel|Win32.Build.0 = MinSizeRel|Win32
		{367CB657-D6BF-3DD0-BFAF-D9720D176175}.RelWithDebInfo|Win32.ActiveCfg = RelWithDebInfo|Win32
		{367CB657-D6BF-3DD0-BFAF-D9720D176175}.RelWithDebInfo|Win32.Build.0 = RelWithDebInfo|Win32
		{8E312DDC-E4A4-37FB-8BA0-5AD0A0AA35D5}.Debug|Win32.ActiveCfg = Debug|Win32
		{8E312DDC-E4A4-37FB-8BA0-5AD0A0AA35D5}.Debug|Win32.Build.0 = Debug|Win32
		{8E312DDC-E4A4-37FB-8BA0-5AD0A0AA35D5}.Release|Win32.ActiveCfg = Release|Win32
		{8E312DDC-E4A4-37FB-8BA0-5AD0A0AA35D5}.Release|Win32.Build.0 = Release|Win32
		{8E312DDC-E4A4-37FB-8BA0-5AD0A0AA35D5}.MinSizeRel|Win32.ActiveCfg = MinSizeRel|Win32
		{8E312DDC-E4A4-37FB-8BA0-5AD0A0AA35D5}.MinSizeRel|Win32.Build.0 = MinSizeRel|Win32
		{8E312DDC-E4A4-37FB-8BA0-5AD0A0AA35D5}.RelWithDebInfo|Win32.ActiveCfg = RelWithDebInfo|Win32
		{8E312DDC-E4A4-37FB-8BA0-5AD0A0AA35D5}.RelWithDebInfo|Win32.Build.0 = RelWithDebInfo|Win32
		{14572EDF-E7AC-31DB-B112-A05866397C42}.Debug|Win32.ActiveCfg = Debug|Win32
		{14572EDF-E7AC-31DB-B112-A05866397C42}.Debug|Win32.Build.0 = Debug|Win32
		{14572EDF-E7AC-31DB-B112-A05866397C42}.Release|Win32.ActiveCfg = Release|Win32
		{14572EDF-E7AC-31DB-B112-A05866397C42}.Release|Win32.Build.0 = Release|Win32
		{14572EDF-E7AC-31DB-B112-A05866397C42}.MinSizeRel|Win32.ActiveCfg = MinSizeRel|Win32
		{14572EDF-E7AC-31DB-B112-A05866397C42}.MinSizeRel|Win32.Build.0 = MinSizeRel|Win32
		{14572EDF-E7AC-31DB-B112-A05866397C42}.RelWithDebInfo|Win32.ActiveCfg = RelWithDebInfo|Win32
		{14572EDF-E7AC-31DB-B112-A05866397C42}.RelWithDebInfo|Win32.Build.0 = RelWithDebInfo|Win32
		{417F6CC1-8598-37AC-A97E-A1A87F6BFDED}.Debug|Win32.ActiveCfg = Debug|Win32
		{417F6CC1-8598-37AC-A97E-A1A87F6BFDED}.Debug|Win32.Build.0 = Debug|Win32
		{417F6CC1-8598-37AC-A97E-A1A87F6BFDED}.Release|Win32.ActiveCfg = Release|Win32
		{417F6CC1-8598-37AC-A97E-A1A87F6BFDED}.Release|Win32.Build.0 = Release|Win32
		{417F6CC1-8598-37AC-A97E-A1A87F6BFDED}.MinSizeRel|Win32.ActiveCfg = MinSizeRel|Win32
		{417F6CC1-8598-37AC-A97E-A1A87F6BFDED}.MinSizeRel|Win32.Build.0 = MinSizeRel|Win32
		{417F6CC1-8598-37AC-A97E-A1A87F6BFDED}.RelWithDebInfo|Win32.ActiveCfg = RelWithDebInfo|Win32
		{417F6CC1-8598-37AC-A97E-A1A87F6BFDED}.RelWithDebInfo|Win32.Build.0 = RelWithDebInfo|Win32
		{F39B708B-7718-3977-AC81-1AF7FD472B02}.Debug|Win32.ActiveCfg = Debug|Win32
		{F39B708B-7718-3977-AC81-1AF7FD472B02}.Debug|Win32.Build.0 = Debug|Win32
		{F39B708B-7718-3977-AC81-1AF7FD472B02}.Release|Win32.ActiveCfg = Release|Win32
		{F39B708B-7718-3977-AC81-1AF7FD472B02}.Release|Win32.Build.0 = Release|Win32
		{F39B708B-7718-3977-AC81-1AF7FD472B02}.MinSizeRel|Win32.ActiveCfg = MinSizeRel|Win32
		{F39B708B-7718-3977-AC81-1AF7FD472B02}.MinSizeRel|Win32.Build.0 = MinSizeRel|Win32
		{F39B708B-7718-3977-AC81-1AF7FD472B02}.RelWithDebInfo|Win32.ActiveCfg = RelWithDebInfo|Win32
		{F39B708B-7718-3977-AC81-1AF7FD472B02}.RelWithDebInfo|Win32.Build.0 = RelWithDebInfo|Win32
		{E883438D-273F-390D-A124-71DFEE3AD065}.Debug|Win32.ActiveCfg = Debug|Win32
		{E883438D-273F-390D-A124-71DFEE3AD065}.Debug|Win32.Build.0 = Debug|Win32
		{E883438D-273F-390D-A124-71DFEE3AD065}.Release|Win32.ActiveCfg = Release|Win32
		{E883438D-273F-390D-A124-71DFEE3AD065}.Release|Win32.Build.0 = Release|Win32
		{E883438D-273F-390D-A124-71DFEE3AD065}.MinSizeRel|Win32.ActiveCfg = MinSizeRel|Win32
		{E883438D-273F-390D-A124-71DFEE3AD065}.MinSizeRel|Win32.Build.0 = MinSizeRel|Win32
		{E883438D-273F-390D-A124-71DFEE3AD065}.RelWithDebInfo|Win32.ActiveCfg = RelWithDebInfo|Win32
		{E883438D-273F-390D-A124-71DFEE3AD065}.RelWithDebInfo|Win32.Build.0 = RelWithDebInfo|Win32
		{01E4734C-B56A-37CC-80F1-7FBC5821F66F}.Debug|Win32.ActiveCfg = Debug|Win32
		{01E4734C-B56A-37CC-80F1-7FBC5821F66F}.Debug|Win32.Build.0 = Debug|Win32
		{01E4734C-B56A-37CC-80F1-7FBC5821F66F}.Release|Win32.ActiveCfg = Release|Win32
		{01E4734C-B56A-37CC-80F1-7FBC5821F66F}.Release|Win32.Build.0 = Release|Win32
		{01E4734C-B56A-37CC-80F1-7FBC5821F66F}.MinSizeRel|Win32.ActiveCfg = MinSizeRel|Win32
		{01E4734C-B56A-37CC-80F1-7FBC5821F66F}.MinSizeRel|Win32.Build.0 = MinSizeRel|Win32
		{01E4734C-B56A-37CC-80F1-7FBC5821F66F}.RelWithDebInfo|Win32.ActiveCfg = RelWithDebInfo|Win32
		{01E4734C-B56A-37CC-80F1-7FBC5821F66F}.RelWithDebInfo|Win32.Build.0 = RelWithDebInfo|Win32
		{8AFFA02C-1DF6-3B1A-BE84-143F0DD8E544}.Debug|Win32.ActiveCfg = Debug|Win32
		{8AFFA02C-1DF6-3B1A-BE84-143F0DD8E544}.Debug|Win32.Build.0 = Debug|Win32
		{8AFFA02C-1DF6-3B1A-BE84-143F0DD8E544}.Release|Win32.ActiveCfg = Release|Win32
		{8AFFA02C-1DF6-3B1A-BE84-143F0DD8E544}.Release|Win32.Build.0 = Release|Win32
		{8AFFA02C-1DF6-3B1A-BE84-143F0DD8E544}.MinSizeRel|Win32.ActiveCfg = MinSizeRel|Win32
		{8AFFA02C-1DF6-3B1A-BE84-143F0DD8E544}.MinSizeRel|Win32.Build.0 = MinSizeRel|Win32
		{8AFFA02C-1DF6-3B1A-BE84-143F0DD8E544}.RelWithDebInfo|Win32.ActiveCfg = RelWithDebInfo|Win32
		{8AFFA02C-1DF6-3B1A-BE84-143F0DD8E544}.RelWithDebInfo|Win32.Build.0 = RelWithDebInfo|Win32
	EndGlobalSection
	GlobalSection(ExtensibilityGlobals) = postSolution
	EndGlobalSection
	GlobalSection(ExtensibilityAddIns) = postSolution
	EndGlobalSection
EndGlobal
