Microsoft Visual Studio Solution File, Format Version 12.00
# Visual Studio 14
VisualStudioVersion = 14.0.24720.0
MinimumVisualStudioVersion = 10.0.40219.1
Project("{8BC9CEB8-8B4A-11D0-8D11-00A0C91BC942}") = "ALL_BUILD", "ALL_BUILD.vcxproj", "{1D8E89DA-0F6D-39EA-BACD-47949243B78E}"
	ProjectSection(ProjectDependencies) = postProject
		{3CC8174B-D6E0-3A83-9FD2-DF8A8B3D15CE} = {3CC8174B-D6E0-3A83-9FD2-DF8A8B3D15CE}
		{A237BEF5-0AD6-31D7-AE54-C712ED269A8F} = {A237BEF5-0AD6-31D7-AE54-C712ED269A8F}
		{0078A00F-B070-383A-A633-E8928027A0A2} = {0078A00F-B070-383A-A633-E8928027A0A2}
		{7FE850B9-0253-399E-8237-55A78957B58A} = {7FE850B9-0253-399E-8237-55A78957B58A}
		{0CCB5911-DACC-3C8E-B721-CBE1319638F5} = {0CCB5911-DACC-3C8E-B721-CBE1319638F5}
		{3C99D26C-550E-39F3-B788-19F657208ACE} = {3C99D26C-550E-39F3-B788-19F657208ACE}
		{FC88F5C9-AFB2-3E09-8AC1-FA767C981597} = {FC88F5C9-AFB2-3E09-8AC1-FA767C981597}
		{34F216E6-1FA8-362F-8DD1-98BD09DE1059} = {34F216E6-1FA8-362F-8DD1-98BD09DE1059}
		{9A27022A-3F91-3CD5-A29C-C4C7A76E4D47} = {9A27022A-3F91-3CD5-A29C-C4C7A76E4D47}
		{55547226-F051-3DF1-91A5-B606FCBCD4E0} = {55547226-F051-3DF1-91A5-B606FCBCD4E0}
		{EAF20C95-9FA4-338A-A834-8448795E2847} = {EAF20C95-9FA4-338A-A834-8448795E2847}
		{920D479E-E823-3878-B2E0-92BC395E45F4} = {920D479E-E823-3878-B2E0-92BC395E45F4}
		{57BB9742-72A7-30ED-BB26-80920476A3DB} = {57BB9742-72A7-30ED-BB26-80920476A3DB}
		{411D9D83-7E7C-3EBA-9AAF-36834EB1EE10} = {411D9D83-7E7C-3EBA-9AAF-36834EB1EE10}
		{52F765F4-CA68-32EE-9EB8-655520D1DD0D} = {52F765F4-CA68-32EE-9EB8-655520D1DD0D}
	EndProjectSection
EndProject
Project("{8BC9CEB8-8B4A-11D0-8D11-00A0C91BC942}") = "ZERO_CHECK", "ZERO_CHECK.vcxproj", "{C8A49BD1-0AB0-39DC-9063-51DFEA245659}"
EndProject
Project("{8BC9CEB8-8B4A-11D0-8D11-00A0C91BC942}") = "bz2", "bzip2\bz2.vcxproj", "{3CC8174B-D6E0-3A83-9FD2-DF8A8B3D15CE}"
	ProjectSection(ProjectDependencies) = postProject
		{C8A49BD1-0AB0-39DC-9063-51DFEA245659} = {C8A49BD1-0AB0-39DC-9063-51DFEA245659}
	EndProjectSection
EndProject
Project("{8BC9CEB8-8B4A-11D0-8D11-00A0C91BC942}") = "data_pk3", "wadsrc\data_pk3.vcxproj", "{A237BEF5-0AD6-31D7-AE54-C712ED269A8F}"
	ProjectSection(ProjectDependencies) = postProject
		{C8A49BD1-0AB0-39DC-9063-51DFEA245659} = {C8A49BD1-0AB0-39DC-9063-51DFEA245659}
		{411D9D83-7E7C-3EBA-9AAF-36834EB1EE10} = {411D9D83-7E7C-3EBA-9AAF-36834EB1EE10}
		{52F765F4-CA68-32EE-9EB8-655520D1DD0D} = {52F765F4-CA68-32EE-9EB8-655520D1DD0D}
	EndProjectSection
EndProject
Project("{8BC9CEB8-8B4A-11D0-8D11-00A0C91BC942}") = "dumb", "dumb\dumb.vcxproj", "{0078A00F-B070-383A-A633-E8928027A0A2}"
	ProjectSection(ProjectDependencies) = postProject
		{C8A49BD1-0AB0-39DC-9063-51DFEA245659} = {C8A49BD1-0AB0-39DC-9063-51DFEA245659}
	EndProjectSection
EndProject
Project("{8BC9CEB8-8B4A-11D0-8D11-00A0C91BC942}") = "fixrtext", "tools\fixrtext\fixrtext.vcxproj", "{7FE850B9-0253-399E-8237-55A78957B58A}"
	ProjectSection(ProjectDependencies) = postProject
		{C8A49BD1-0AB0-39DC-9063-51DFEA245659} = {C8A49BD1-0AB0-39DC-9063-51DFEA245659}
	EndProjectSection
EndProject
Project("{8BC9CEB8-8B4A-11D0-8D11-00A0C91BC942}") = "gdtoa", "gdtoa\gdtoa.vcxproj", "{0CCB5911-DACC-3C8E-B721-CBE1319638F5}"
	ProjectSection(ProjectDependencies) = postProject
		{C8A49BD1-0AB0-39DC-9063-51DFEA245659} = {C8A49BD1-0AB0-39DC-9063-51DFEA245659}
	EndProjectSection
EndProject
Project("{8BC9CEB8-8B4A-11D0-8D11-00A0C91BC942}") = "gme", "game-music-emu\gme\gme.vcxproj", "{3C99D26C-550E-39F3-B788-19F657208ACE}"
	ProjectSection(ProjectDependencies) = postProject
		{C8A49BD1-0AB0-39DC-9063-51DFEA245659} = {C8A49BD1-0AB0-39DC-9063-51DFEA245659}
	EndProjectSection
EndProject
Project("{8BC9CEB8-8B4A-11D0-8D11-00A0C91BC942}") = "jpeg", "jpeg-6b\jpeg.vcxproj", "{FC88F5C9-AFB2-3E09-8AC1-FA767C981597}"
	ProjectSection(ProjectDependencies) = postProject
		{C8A49BD1-0AB0-39DC-9063-51DFEA245659} = {C8A49BD1-0AB0-39DC-9063-51DFEA245659}
	EndProjectSection
EndProject
Project("{8BC9CEB8-8B4A-11D0-8D11-00A0C91BC942}") = "lemon", "tools\lemon\lemon.vcxproj", "{34F216E6-1FA8-362F-8DD1-98BD09DE1059}"
	ProjectSection(ProjectDependencies) = postProject
		{C8A49BD1-0AB0-39DC-9063-51DFEA245659} = {C8A49BD1-0AB0-39DC-9063-51DFEA245659}
	EndProjectSection
EndProject
Project("{8BC9CEB8-8B4A-11D0-8D11-00A0C91BC942}") = "lzma", "lzma\lzma.vcxproj", "{9A27022A-3F91-3CD5-A29C-C4C7A76E4D47}"
	ProjectSection(ProjectDependencies) = postProject
		{C8A49BD1-0AB0-39DC-9063-51DFEA245659} = {C8A49BD1-0AB0-39DC-9063-51DFEA245659}
	EndProjectSection
EndProject
Project("{8BC9CEB8-8B4A-11D0-8D11-00A0C91BC942}") = "re2c", "tools\re2c\re2c.vcxproj", "{55547226-F051-3DF1-91A5-B606FCBCD4E0}"
	ProjectSection(ProjectDependencies) = postProject
		{C8A49BD1-0AB0-39DC-9063-51DFEA245659} = {C8A49BD1-0AB0-39DC-9063-51DFEA245659}
	EndProjectSection
EndProject
Project("{8BC9CEB8-8B4A-11D0-8D11-00A0C91BC942}") = "revision_check", "src\revision_check.vcxproj", "{EAF20C95-9FA4-338A-A834-8448795E2847}"
	ProjectSection(ProjectDependencies) = postProject
		{C8A49BD1-0AB0-39DC-9063-51DFEA245659} = {C8A49BD1-0AB0-39DC-9063-51DFEA245659}
		{920D479E-E823-3878-B2E0-92BC395E45F4} = {920D479E-E823-3878-B2E0-92BC395E45F4}
	EndProjectSection
EndProject
Project("{8BC9CEB8-8B4A-11D0-8D11-00A0C91BC942}") = "updaterevision", "tools\updaterevision\updaterevision.vcxproj", "{920D479E-E823-3878-B2E0-92BC395E45F4}"
	ProjectSection(ProjectDependencies) = postProject
		{C8A49BD1-0AB0-39DC-9063-51DFEA245659} = {C8A49BD1-0AB0-39DC-9063-51DFEA245659}
	EndProjectSection
EndProject
Project("{8BC9CEB8-8B4A-11D0-8D11-00A0C91BC942}") = "z", "zlib\z.vcxproj", "{57BB9742-72A7-30ED-BB26-80920476A3DB}"
	ProjectSection(ProjectDependencies) = postProject
		{C8A49BD1-0AB0-39DC-9063-51DFEA245659} = {C8A49BD1-0AB0-39DC-9063-51DFEA245659}
	EndProjectSection
EndProject
Project("{8BC9CEB8-8B4A-11D0-8D11-00A0C91BC942}") = "zdoom", "src\zdoom.vcxproj", "{411D9D83-7E7C-3EBA-9AAF-36834EB1EE10}"
	ProjectSection(ProjectDependencies) = postProject
		{C8A49BD1-0AB0-39DC-9063-51DFEA245659} = {C8A49BD1-0AB0-39DC-9063-51DFEA245659}
		{3CC8174B-D6E0-3A83-9FD2-DF8A8B3D15CE} = {3CC8174B-D6E0-3A83-9FD2-DF8A8B3D15CE}
		{0078A00F-B070-383A-A633-E8928027A0A2} = {0078A00F-B070-383A-A633-E8928027A0A2}
		{7FE850B9-0253-399E-8237-55A78957B58A} = {7FE850B9-0253-399E-8237-55A78957B58A}
		{0CCB5911-DACC-3C8E-B721-CBE1319638F5} = {0CCB5911-DACC-3C8E-B721-CBE1319638F5}
		{3C99D26C-550E-39F3-B788-19F657208ACE} = {3C99D26C-550E-39F3-B788-19F657208ACE}
		{FC88F5C9-AFB2-3E09-8AC1-FA767C981597} = {FC88F5C9-AFB2-3E09-8AC1-FA767C981597}
		{34F216E6-1FA8-362F-8DD1-98BD09DE1059} = {34F216E6-1FA8-362F-8DD1-98BD09DE1059}
		{9A27022A-3F91-3CD5-A29C-C4C7A76E4D47} = {9A27022A-3F91-3CD5-A29C-C4C7A76E4D47}
		{55547226-F051-3DF1-91A5-B606FCBCD4E0} = {55547226-F051-3DF1-91A5-B606FCBCD4E0}
		{EAF20C95-9FA4-338A-A834-8448795E2847} = {EAF20C95-9FA4-338A-A834-8448795E2847}
		{57BB9742-72A7-30ED-BB26-80920476A3DB} = {57BB9742-72A7-30ED-BB26-80920476A3DB}
	EndProjectSection
EndProject
Project("{8BC9CEB8-8B4A-11D0-8D11-00A0C91BC942}") = "zipdir", "tools\zipdir\zipdir.vcxproj", "{52F765F4-CA68-32EE-9EB8-655520D1DD0D}"
	ProjectSection(ProjectDependencies) = postProject
		{C8A49BD1-0AB0-39DC-9063-51DFEA245659} = {C8A49BD1-0AB0-39DC-9063-51DFEA245659}
		{3CC8174B-D6E0-3A83-9FD2-DF8A8B3D15CE} = {3CC8174B-D6E0-3A83-9FD2-DF8A8B3D15CE}
		{9A27022A-3F91-3CD5-A29C-C4C7A76E4D47} = {9A27022A-3F91-3CD5-A29C-C4C7A76E4D47}
		{57BB9742-72A7-30ED-BB26-80920476A3DB} = {57BB9742-72A7-30ED-BB26-80920476A3DB}
	EndProjectSection
EndProject
Global
	GlobalSection(SolutionConfigurationPlatforms) = preSolution
		Debug|Win32 = Debug|Win32
		MinSizeRel|Win32 = MinSizeRel|Win32
		Release|Win32 = Release|Win32
		RelWithDebInfo|Win32 = RelWithDebInfo|Win32
	EndGlobalSection
	GlobalSection(ProjectConfigurationPlatforms) = postSolution
		{1D8E89DA-0F6D-39EA-BACD-47949243B78E}.Debug|Win32.ActiveCfg = Debug|Win32
		{1D8E89DA-0F6D-39EA-BACD-47949243B78E}.Debug|Win32.Build.0 = Debug|Win32
		{1D8E89DA-0F6D-39EA-BACD-47949243B78E}.MinSizeRel|Win32.ActiveCfg = MinSizeRel|Win32
		{1D8E89DA-0F6D-39EA-BACD-47949243B78E}.MinSizeRel|Win32.Build.0 = MinSizeRel|Win32
		{1D8E89DA-0F6D-39EA-BACD-47949243B78E}.Release|Win32.ActiveCfg = Release|Win32
		{1D8E89DA-0F6D-39EA-BACD-47949243B78E}.Release|Win32.Build.0 = Release|Win32
		{1D8E89DA-0F6D-39EA-BACD-47949243B78E}.RelWithDebInfo|Win32.ActiveCfg = RelWithDebInfo|Win32
		{1D8E89DA-0F6D-39EA-BACD-47949243B78E}.RelWithDebInfo|Win32.Build.0 = RelWithDebInfo|Win32
		{C8A49BD1-0AB0-39DC-9063-51DFEA245659}.Debug|Win32.ActiveCfg = Debug|Win32
		{C8A49BD1-0AB0-39DC-9063-51DFEA245659}.Debug|Win32.Build.0 = Debug|Win32
		{C8A49BD1-0AB0-39DC-9063-51DFEA245659}.MinSizeRel|Win32.ActiveCfg = MinSizeRel|Win32
		{C8A49BD1-0AB0-39DC-9063-51DFEA245659}.MinSizeRel|Win32.Build.0 = MinSizeRel|Win32
		{C8A49BD1-0AB0-39DC-9063-51DFEA245659}.Release|Win32.ActiveCfg = Release|Win32
		{C8A49BD1-0AB0-39DC-9063-51DFEA245659}.Release|Win32.Build.0 = Release|Win32
		{C8A49BD1-0AB0-39DC-9063-51DFEA245659}.RelWithDebInfo|Win32.ActiveCfg = RelWithDebInfo|Win32
		{C8A49BD1-0AB0-39DC-9063-51DFEA245659}.RelWithDebInfo|Win32.Build.0 = RelWithDebInfo|Win32
		{3CC8174B-D6E0-3A83-9FD2-DF8A8B3D15CE}.Debug|Win32.ActiveCfg = Debug|Win32
		{3CC8174B-D6E0-3A83-9FD2-DF8A8B3D15CE}.Debug|Win32.Build.0 = Debug|Win32
		{3CC8174B-D6E0-3A83-9FD2-DF8A8B3D15CE}.MinSizeRel|Win32.ActiveCfg = MinSizeRel|Win32
		{3CC8174B-D6E0-3A83-9FD2-DF8A8B3D15CE}.MinSizeRel|Win32.Build.0 = MinSizeRel|Win32
		{3CC8174B-D6E0-3A83-9FD2-DF8A8B3D15CE}.Release|Win32.ActiveCfg = Release|Win32
		{3CC8174B-D6E0-3A83-9FD2-DF8A8B3D15CE}.Release|Win32.Build.0 = Release|Win32
		{3CC8174B-D6E0-3A83-9FD2-DF8A8B3D15CE}.RelWithDebInfo|Win32.ActiveCfg = RelWithDebInfo|Win32
		{3CC8174B-D6E0-3A83-9FD2-DF8A8B3D15CE}.RelWithDebInfo|Win32.Build.0 = RelWithDebInfo|Win32
		{A237BEF5-0AD6-31D7-AE54-C712ED269A8F}.Debug|Win32.ActiveCfg = Debug|Win32
		{A237BEF5-0AD6-31D7-AE54-C712ED269A8F}.Debug|Win32.Build.0 = Debug|Win32
		{A237BEF5-0AD6-31D7-AE54-C712ED269A8F}.MinSizeRel|Win32.ActiveCfg = MinSizeRel|Win32
		{A237BEF5-0AD6-31D7-AE54-C712ED269A8F}.MinSizeRel|Win32.Build.0 = MinSizeRel|Win32
		{A237BEF5-0AD6-31D7-AE54-C712ED269A8F}.Release|Win32.ActiveCfg = Release|Win32
		{A237BEF5-0AD6-31D7-AE54-C712ED269A8F}.Release|Win32.Build.0 = Release|Win32
		{A237BEF5-0AD6-31D7-AE54-C712ED269A8F}.RelWithDebInfo|Win32.ActiveCfg = RelWithDebInfo|Win32
		{A237BEF5-0AD6-31D7-AE54-C712ED269A8F}.RelWithDebInfo|Win32.Build.0 = RelWithDebInfo|Win32
		{0078A00F-B070-383A-A633-E8928027A0A2}.Debug|Win32.ActiveCfg = Debug|Win32
		{0078A00F-B070-383A-A633-E8928027A0A2}.Debug|Win32.Build.0 = Debug|Win32
		{0078A00F-B070-383A-A633-E8928027A0A2}.MinSizeRel|Win32.ActiveCfg = MinSizeRel|Win32
		{0078A00F-B070-383A-A633-E8928027A0A2}.MinSizeRel|Win32.Build.0 = MinSizeRel|Win32
		{0078A00F-B070-383A-A633-E8928027A0A2}.Release|Win32.ActiveCfg = Release|Win32
		{0078A00F-B070-383A-A633-E8928027A0A2}.Release|Win32.Build.0 = Release|Win32
		{0078A00F-B070-383A-A633-E8928027A0A2}.RelWithDebInfo|Win32.ActiveCfg = RelWithDebInfo|Win32
		{0078A00F-B070-383A-A633-E8928027A0A2}.RelWithDebInfo|Win32.Build.0 = RelWithDebInfo|Win32
		{7FE850B9-0253-399E-8237-55A78957B58A}.Debug|Win32.ActiveCfg = Debug|Win32
		{7FE850B9-0253-399E-8237-55A78957B58A}.Debug|Win32.Build.0 = Debug|Win32
		{7FE850B9-0253-399E-8237-55A78957B58A}.MinSizeRel|Win32.ActiveCfg = MinSizeRel|Win32
		{7FE850B9-0253-399E-8237-55A78957B58A}.MinSizeRel|Win32.Build.0 = MinSizeRel|Win32
		{7FE850B9-0253-399E-8237-55A78957B58A}.Release|Win32.ActiveCfg = Release|Win32
		{7FE850B9-0253-399E-8237-55A78957B58A}.Release|Win32.Build.0 = Release|Win32
		{7FE850B9-0253-399E-8237-55A78957B58A}.RelWithDebInfo|Win32.ActiveCfg = RelWithDebInfo|Win32
		{7FE850B9-0253-399E-8237-55A78957B58A}.RelWithDebInfo|Win32.Build.0 = RelWithDebInfo|Win32
		{0CCB5911-DACC-3C8E-B721-CBE1319638F5}.Debug|Win32.ActiveCfg = Debug|Win32
		{0CCB5911-DACC-3C8E-B721-CBE1319638F5}.Debug|Win32.Build.0 = Debug|Win32
		{0CCB5911-DACC-3C8E-B721-CBE1319638F5}.MinSizeRel|Win32.ActiveCfg = MinSizeRel|Win32
		{0CCB5911-DACC-3C8E-B721-CBE1319638F5}.MinSizeRel|Win32.Build.0 = MinSizeRel|Win32
		{0CCB5911-DACC-3C8E-B721-CBE1319638F5}.Release|Win32.ActiveCfg = Release|Win32
		{0CCB5911-DACC-3C8E-B721-CBE1319638F5}.Release|Win32.Build.0 = Release|Win32
		{0CCB5911-DACC-3C8E-B721-CBE1319638F5}.RelWithDebInfo|Win32.ActiveCfg = RelWithDebInfo|Win32
		{0CCB5911-DACC-3C8E-B721-CBE1319638F5}.RelWithDebInfo|Win32.Build.0 = RelWithDebInfo|Win32
		{3C99D26C-550E-39F3-B788-19F657208ACE}.Debug|Win32.ActiveCfg = Debug|Win32
		{3C99D26C-550E-39F3-B788-19F657208ACE}.Debug|Win32.Build.0 = Debug|Win32
		{3C99D26C-550E-39F3-B788-19F657208ACE}.MinSizeRel|Win32.ActiveCfg = MinSizeRel|Win32
		{3C99D26C-550E-39F3-B788-19F657208ACE}.MinSizeRel|Win32.Build.0 = MinSizeRel|Win32
		{3C99D26C-550E-39F3-B788-19F657208ACE}.Release|Win32.ActiveCfg = Release|Win32
		{3C99D26C-550E-39F3-B788-19F657208ACE}.Release|Win32.Build.0 = Release|Win32
		{3C99D26C-550E-39F3-B788-19F657208ACE}.RelWithDebInfo|Win32.ActiveCfg = RelWithDebInfo|Win32
		{3C99D26C-550E-39F3-B788-19F657208ACE}.RelWithDebInfo|Win32.Build.0 = RelWithDebInfo|Win32
		{FC88F5C9-AFB2-3E09-8AC1-FA767C981597}.Debug|Win32.ActiveCfg = Debug|Win32
		{FC88F5C9-AFB2-3E09-8AC1-FA767C981597}.Debug|Win32.Build.0 = Debug|Win32
		{FC88F5C9-AFB2-3E09-8AC1-FA767C981597}.MinSizeRel|Win32.ActiveCfg = MinSizeRel|Win32
		{FC88F5C9-AFB2-3E09-8AC1-FA767C981597}.MinSizeRel|Win32.Build.0 = MinSizeRel|Win32
		{FC88F5C9-AFB2-3E09-8AC1-FA767C981597}.Release|Win32.ActiveCfg = Release|Win32
		{FC88F5C9-AFB2-3E09-8AC1-FA767C981597}.Release|Win32.Build.0 = Release|Win32
		{FC88F5C9-AFB2-3E09-8AC1-FA767C981597}.RelWithDebInfo|Win32.ActiveCfg = RelWithDebInfo|Win32
		{FC88F5C9-AFB2-3E09-8AC1-FA767C981597}.RelWithDebInfo|Win32.Build.0 = RelWithDebInfo|Win32
		{34F216E6-1FA8-362F-8DD1-98BD09DE1059}.Debug|Win32.ActiveCfg = Debug|Win32
		{34F216E6-1FA8-362F-8DD1-98BD09DE1059}.Debug|Win32.Build.0 = Debug|Win32
		{34F216E6-1FA8-362F-8DD1-98BD09DE1059}.MinSizeRel|Win32.ActiveCfg = MinSizeRel|Win32
		{34F216E6-1FA8-362F-8DD1-98BD09DE1059}.MinSizeRel|Win32.Build.0 = MinSizeRel|Win32
		{34F216E6-1FA8-362F-8DD1-98BD09DE1059}.Release|Win32.ActiveCfg = Release|Win32
		{34F216E6-1FA8-362F-8DD1-98BD09DE1059}.Release|Win32.Build.0 = Release|Win32
		{34F216E6-1FA8-362F-8DD1-98BD09DE1059}.RelWithDebInfo|Win32.ActiveCfg = RelWithDebInfo|Win32
		{34F216E6-1FA8-362F-8DD1-98BD09DE1059}.RelWithDebInfo|Win32.Build.0 = RelWithDebInfo|Win32
		{9A27022A-3F91-3CD5-A29C-C4C7A76E4D47}.Debug|Win32.ActiveCfg = Debug|Win32
		{9A27022A-3F91-3CD5-A29C-C4C7A76E4D47}.Debug|Win32.Build.0 = Debug|Win32
		{9A27022A-3F91-3CD5-A29C-C4C7A76E4D47}.MinSizeRel|Win32.ActiveCfg = MinSizeRel|Win32
		{9A27022A-3F91-3CD5-A29C-C4C7A76E4D47}.MinSizeRel|Win32.Build.0 = MinSizeRel|Win32
		{9A27022A-3F91-3CD5-A29C-C4C7A76E4D47}.Release|Win32.ActiveCfg = Release|Win32
		{9A27022A-3F91-3CD5-A29C-C4C7A76E4D47}.Release|Win32.Build.0 = Release|Win32
		{9A27022A-3F91-3CD5-A29C-C4C7A76E4D47}.RelWithDebInfo|Win32.ActiveCfg = RelWithDebInfo|Win32
		{9A27022A-3F91-3CD5-A29C-C4C7A76E4D47}.RelWithDebInfo|Win32.Build.0 = RelWithDebInfo|Win32
		{55547226-F051-3DF1-91A5-B606FCBCD4E0}.Debug|Win32.ActiveCfg = Debug|Win32
		{55547226-F051-3DF1-91A5-B606FCBCD4E0}.Debug|Win32.Build.0 = Debug|Win32
		{55547226-F051-3DF1-91A5-B606FCBCD4E0}.MinSizeRel|Win32.ActiveCfg = MinSizeRel|Win32
		{55547226-F051-3DF1-91A5-B606FCBCD4E0}.MinSizeRel|Win32.Build.0 = MinSizeRel|Win32
		{55547226-F051-3DF1-91A5-B606FCBCD4E0}.Release|Win32.ActiveCfg = Release|Win32
		{55547226-F051-3DF1-91A5-B606FCBCD4E0}.Release|Win32.Build.0 = Release|Win32
		{55547226-F051-3DF1-91A5-B606FCBCD4E0}.RelWithDebInfo|Win32.ActiveCfg = RelWithDebInfo|Win32
		{55547226-F051-3DF1-91A5-B606FCBCD4E0}.RelWithDebInfo|Win32.Build.0 = RelWithDebInfo|Win32
		{EAF20C95-9FA4-338A-A834-8448795E2847}.Debug|Win32.ActiveCfg = Debug|Win32
		{EAF20C95-9FA4-338A-A834-8448795E2847}.Debug|Win32.Build.0 = Debug|Win32
		{EAF20C95-9FA4-338A-A834-8448795E2847}.MinSizeRel|Win32.ActiveCfg = MinSizeRel|Win32
		{EAF20C95-9FA4-338A-A834-8448795E2847}.MinSizeRel|Win32.Build.0 = MinSizeRel|Win32
		{EAF20C95-9FA4-338A-A834-8448795E2847}.Release|Win32.ActiveCfg = Release|Win32
		{EAF20C95-9FA4-338A-A834-8448795E2847}.Release|Win32.Build.0 = Release|Win32
		{EAF20C95-9FA4-338A-A834-8448795E2847}.RelWithDebInfo|Win32.ActiveCfg = RelWithDebInfo|Win32
		{EAF20C95-9FA4-338A-A834-8448795E2847}.RelWithDebInfo|Win32.Build.0 = RelWithDebInfo|Win32
		{920D479E-E823-3878-B2E0-92BC395E45F4}.Debug|Win32.ActiveCfg = Debug|Win32
		{920D479E-E823-3878-B2E0-92BC395E45F4}.Debug|Win32.Build.0 = Debug|Win32
		{920D479E-E823-3878-B2E0-92BC395E45F4}.MinSizeRel|Win32.ActiveCfg = MinSizeRel|Win32
		{920D479E-E823-3878-B2E0-92BC395E45F4}.MinSizeRel|Win32.Build.0 = MinSizeRel|Win32
		{920D479E-E823-3878-B2E0-92BC395E45F4}.Release|Win32.ActiveCfg = Release|Win32
		{920D479E-E823-3878-B2E0-92BC395E45F4}.Release|Win32.Build.0 = Release|Win32
		{920D479E-E823-3878-B2E0-92BC395E45F4}.RelWithDebInfo|Win32.ActiveCfg = RelWithDebInfo|Win32
		{920D479E-E823-3878-B2E0-92BC395E45F4}.RelWithDebInfo|Win32.Build.0 = RelWithDebInfo|Win32
		{57BB9742-72A7-30ED-BB26-80920476A3DB}.Debug|Win32.ActiveCfg = Debug|Win32
		{57BB9742-72A7-30ED-BB26-80920476A3DB}.Debug|Win32.Build.0 = Debug|Win32
		{57BB9742-72A7-30ED-BB26-80920476A3DB}.MinSizeRel|Win32.ActiveCfg = MinSizeRel|Win32
		{57BB9742-72A7-30ED-BB26-80920476A3DB}.MinSizeRel|Win32.Build.0 = MinSizeRel|Win32
		{57BB9742-72A7-30ED-BB26-80920476A3DB}.Release|Win32.ActiveCfg = Release|Win32
		{57BB9742-72A7-30ED-BB26-80920476A3DB}.Release|Win32.Build.0 = Release|Win32
		{57BB9742-72A7-30ED-BB26-80920476A3DB}.RelWithDebInfo|Win32.ActiveCfg = RelWithDebInfo|Win32
		{57BB9742-72A7-30ED-BB26-80920476A3DB}.RelWithDebInfo|Win32.Build.0 = RelWithDebInfo|Win32
		{411D9D83-7E7C-3EBA-9AAF-36834EB1EE10}.Debug|Win32.ActiveCfg = Debug|Win32
		{411D9D83-7E7C-3EBA-9AAF-36834EB1EE10}.Debug|Win32.Build.0 = Debug|Win32
		{411D9D83-7E7C-3EBA-9AAF-36834EB1EE10}.MinSizeRel|Win32.ActiveCfg = MinSizeRel|Win32
		{411D9D83-7E7C-3EBA-9AAF-36834EB1EE10}.MinSizeRel|Win32.Build.0 = MinSizeRel|Win32
		{411D9D83-7E7C-3EBA-9AAF-36834EB1EE10}.Release|Win32.ActiveCfg = Release|Win32
		{411D9D83-7E7C-3EBA-9AAF-36834EB1EE10}.Release|Win32.Build.0 = Release|Win32
		{411D9D83-7E7C-3EBA-9AAF-36834EB1EE10}.RelWithDebInfo|Win32.ActiveCfg = RelWithDebInfo|Win32
		{411D9D83-7E7C-3EBA-9AAF-36834EB1EE10}.RelWithDebInfo|Win32.Build.0 = RelWithDebInfo|Win32
		{52F765F4-CA68-32EE-9EB8-655520D1DD0D}.Debug|Win32.ActiveCfg = Debug|Win32
		{52F765F4-CA68-32EE-9EB8-655520D1DD0D}.Debug|Win32.Build.0 = Debug|Win32
		{52F765F4-CA68-32EE-9EB8-655520D1DD0D}.MinSizeRel|Win32.ActiveCfg = MinSizeRel|Win32
		{52F765F4-CA68-32EE-9EB8-655520D1DD0D}.MinSizeRel|Win32.Build.0 = MinSizeRel|Win32
		{52F765F4-CA68-32EE-9EB8-655520D1DD0D}.Release|Win32.ActiveCfg = Release|Win32
		{52F765F4-CA68-32EE-9EB8-655520D1DD0D}.Release|Win32.Build.0 = Release|Win32
		{52F765F4-CA68-32EE-9EB8-655520D1DD0D}.RelWithDebInfo|Win32.ActiveCfg = RelWithDebInfo|Win32
		{52F765F4-CA68-32EE-9EB8-655520D1DD0D}.RelWithDebInfo|Win32.Build.0 = RelWithDebInfo|Win32
	EndGlobalSection
	GlobalSection(SolutionProperties) = preSolution
		HideSolutionNode = FALSE
	EndGlobalSection
EndGlobal
