Microsoft Visual Studio Solution File, Format Version 12.00
# Visual Studio 15
Project("{8BC9CEB8-8B4A-11D0-8D11-00A0C91BC942}") = "ALL_BUILD", "ALL_BUILD.vcxproj", "{E4BA5F7E-204F-3418-9F04-43916F229AA8}"
	ProjectSection(ProjectDependencies) = postProject
		{20956D98-6C14-3A6B-9647-B87ADE645DD9} = {20956D98-6C14-3A6B-9647-B87ADE645DD9}
		{105F4EA4-863F-3636-A5D4-6A836D2B7305} = {105F4EA4-863F-3636-A5D4-6A836D2B7305}
	EndProjectSection
EndProject
Project("{8BC9CEB8-8B4A-11D0-8D11-00A0C91BC942}") = "INSTALL", "INSTALL.vcxproj", "{F6F3BF2E-A889-3AB7-BFA5-3A2D2F86A61F}"
	ProjectSection(ProjectDependencies) = postProject
		{E4BA5F7E-204F-3418-9F04-43916F229AA8} = {E4BA5F7E-204F-3418-9F04-43916F229AA8}
		{20956D98-6C14-3A6B-9647-B87ADE645DD9} = {20956D98-6C14-3A6B-9647-B87ADE645DD9}
	EndProjectSection
EndProject
Project("{8BC9CEB8-8B4A-11D0-8D11-00A0C91BC942}") = "ZERO_CHECK", "..\\ZERO_CHECK.vcxproj", "{20956D98-6C14-3A6B-9647-B87ADE645DD9}"
	ProjectSection(ProjectDependencies) = postProject
	EndProjectSection
EndProject
Project("{8BC9CEB8-8B4A-11D0-8D11-00A0C91BC942}") = "gme", "gme\gme.vcxproj", "{105F4EA4-863F-3636-A5D4-6A836D2B7305}"
	ProjectSection(ProjectDependencies) = postProject
		{20956D98-6C14-3A6B-9647-B87ADE645DD9} = {20956D98-6C14-3A6B-9647-B87ADE645DD9}
	EndProjectSection
EndProject
Global
	GlobalSection(SolutionConfigurationPlatforms) = preSolution
		Debug|Win32 = Debug|Win32
		Release|Win32 = Release|Win32
		MinSizeRel|Win32 = MinSizeRel|Win32
		RelWithDebInfo|Win32 = RelWithDebInfo|Win32
	EndGlobalSection
	GlobalSection(ProjectConfigurationPlatforms) = postSolution
		{E4BA5F7E-204F-3418-9F04-43916F229AA8}.Debug|Win32.ActiveCfg = Debug|Win32
		{E4BA5F7E-204F-3418-9F04-43916F229AA8}.Debug|Win32.Build.0 = Debug|Win32
		{E4BA5F7E-204F-3418-9F04-43916F229AA8}.Release|Win32.ActiveCfg = Release|Win32
		{E4BA5F7E-204F-3418-9F04-43916F229AA8}.Release|Win32.Build.0 = Release|Win32
		{E4BA5F7E-204F-3418-9F04-43916F229AA8}.MinSizeRel|Win32.ActiveCfg = MinSizeRel|Win32
		{E4BA5F7E-204F-3418-9F04-43916F229AA8}.MinSizeRel|Win32.Build.0 = MinSizeRel|Win32
		{E4BA5F7E-204F-3418-9F04-43916F229AA8}.RelWithDebInfo|Win32.ActiveCfg = RelWithDebInfo|Win32
		{E4BA5F7E-204F-3418-9F04-43916F229AA8}.RelWithDebInfo|Win32.Build.0 = RelWithDebInfo|Win32
		{F6F3BF2E-A889-3AB7-BFA5-3A2D2F86A61F}.Debug|Win32.ActiveCfg = Debug|Win32
		{F6F3BF2E-A889-3AB7-BFA5-3A2D2F86A61F}.Release|Win32.ActiveCfg = Release|Win32
		{F6F3BF2E-A889-3AB7-BFA5-3A2D2F86A61F}.MinSizeRel|Win32.ActiveCfg = MinSizeRel|Win32
		{F6F3BF2E-A889-3AB7-BFA5-3A2D2F86A61F}.RelWithDebInfo|Win32.ActiveCfg = RelWithDebInfo|Win32
		{20956D98-6C14-3A6B-9647-B87ADE645DD9}.Debug|Win32.ActiveCfg = Debug|Win32
		{20956D98-6C14-3A6B-9647-B87ADE645DD9}.Debug|Win32.Build.0 = Debug|Win32
		{20956D98-6C14-3A6B-9647-B87ADE645DD9}.Release|Win32.ActiveCfg = Release|Win32
		{20956D98-6C14-3A6B-9647-B87ADE645DD9}.Release|Win32.Build.0 = Release|Win32
		{20956D98-6C14-3A6B-9647-B87ADE645DD9}.MinSizeRel|Win32.ActiveCfg = MinSizeRel|Win32
		{20956D98-6C14-3A6B-9647-B87ADE645DD9}.MinSizeRel|Win32.Build.0 = MinSizeRel|Win32
		{20956D98-6C14-3A6B-9647-B87ADE645DD9}.RelWithDebInfo|Win32.ActiveCfg = RelWithDebInfo|Win32
		{20956D98-6C14-3A6B-9647-B87ADE645DD9}.RelWithDebInfo|Win32.Build.0 = RelWithDebInfo|Win32
		{105F4EA4-863F-3636-A5D4-6A836D2B7305}.Debug|Win32.ActiveCfg = Debug|Win32
		{105F4EA4-863F-3636-A5D4-6A836D2B7305}.Debug|Win32.Build.0 = Debug|Win32
		{105F4EA4-863F-3636-A5D4-6A836D2B7305}.Release|Win32.ActiveCfg = Release|Win32
		{105F4EA4-863F-3636-A5D4-6A836D2B7305}.Release|Win32.Build.0 = Release|Win32
		{105F4EA4-863F-3636-A5D4-6A836D2B7305}.MinSizeRel|Win32.ActiveCfg = MinSizeRel|Win32
		{105F4EA4-863F-3636-A5D4-6A836D2B7305}.MinSizeRel|Win32.Build.0 = MinSizeRel|Win32
		{105F4EA4-863F-3636-A5D4-6A836D2B7305}.RelWithDebInfo|Win32.ActiveCfg = RelWithDebInfo|Win32
		{105F4EA4-863F-3636-A5D4-6A836D2B7305}.RelWithDebInfo|Win32.Build.0 = RelWithDebInfo|Win32
	EndGlobalSection
	GlobalSection(ExtensibilityGlobals) = postSolution
	EndGlobalSection
	GlobalSection(ExtensibilityAddIns) = postSolution
	EndGlobalSection
EndGlobal
