Microsoft Visual Studio Solution File, Format Version 12.00
# Visual Studio 15
Project("{8BC9CEB8-8B4A-11D0-8D11-00A0C91BC942}") = "ALL_BUILD", "ALL_BUILD.vcxproj", "{14A059E5-3B63-394C-8A07-893247907788}"
	ProjectSection(ProjectDependencies) = postProject
		{F5FC9AF8-9A61-3CD6-9BE9-1967936FD067} = {F5FC9AF8-9A61-3CD6-9BE9-1967936FD067}
		{1325371F-094B-3F79-A7AF-AE73FAABF340} = {1325371F-094B-3F79-A7AF-AE73FAABF340}
	EndProjectSection
EndProject
Project("{8BC9CEB8-8B4A-11D0-8D11-00A0C91BC942}") = "INSTALL", "INSTALL.vcxproj", "{50205CB8-FAD5-3F6C-BFA4-15D8411190B1}"
	ProjectSection(ProjectDependencies) = postProject
		{14A059E5-3B63-394C-8A07-893247907788} = {14A059E5-3B63-394C-8A07-893247907788}
		{F5FC9AF8-9A61-3CD6-9BE9-1967936FD067} = {F5FC9AF8-9A61-3CD6-9BE9-1967936FD067}
	EndProjectSection
EndProject
Project("{8BC9CEB8-8B4A-11D0-8D11-00A0C91BC942}") = "ZERO_CHECK", "..\\ZERO_CHECK.vcxproj", "{F5FC9AF8-9A61-3CD6-9BE9-1967936FD067}"
	ProjectSection(ProjectDependencies) = postProject
	EndProjectSection
EndProject
Project("{8BC9CEB8-8B4A-11D0-8D11-00A0C91BC942}") = "gme", "gme\gme.vcxproj", "{1325371F-094B-3F79-A7AF-AE73FAABF340}"
	ProjectSection(ProjectDependencies) = postProject
		{F5FC9AF8-9A61-3CD6-9BE9-1967936FD067} = {F5FC9AF8-9A61-3CD6-9BE9-1967936FD067}
	EndProjectSection
EndProject
Global
	GlobalSection(SolutionConfigurationPlatforms) = preSolution
		Debug|x64 = Debug|x64
		Release|x64 = Release|x64
		MinSizeRel|x64 = MinSizeRel|x64
		RelWithDebInfo|x64 = RelWithDebInfo|x64
	EndGlobalSection
	GlobalSection(ProjectConfigurationPlatforms) = postSolution
		{14A059E5-3B63-394C-8A07-893247907788}.Debug|x64.ActiveCfg = Debug|x64
		{14A059E5-3B63-394C-8A07-893247907788}.Debug|x64.Build.0 = Debug|x64
		{14A059E5-3B63-394C-8A07-893247907788}.Release|x64.ActiveCfg = Release|x64
		{14A059E5-3B63-394C-8A07-893247907788}.Release|x64.Build.0 = Release|x64
		{14A059E5-3B63-394C-8A07-893247907788}.MinSizeRel|x64.ActiveCfg = MinSizeRel|x64
		{14A059E5-3B63-394C-8A07-893247907788}.MinSizeRel|x64.Build.0 = MinSizeRel|x64
		{14A059E5-3B63-394C-8A07-893247907788}.RelWithDebInfo|x64.ActiveCfg = RelWithDebInfo|x64
		{14A059E5-3B63-394C-8A07-893247907788}.RelWithDebInfo|x64.Build.0 = RelWithDebInfo|x64
		{50205CB8-FAD5-3F6C-BFA4-15D8411190B1}.Debug|x64.ActiveCfg = Debug|x64
		{50205CB8-FAD5-3F6C-BFA4-15D8411190B1}.Release|x64.ActiveCfg = Release|x64
		{50205CB8-FAD5-3F6C-BFA4-15D8411190B1}.MinSizeRel|x64.ActiveCfg = MinSizeRel|x64
		{50205CB8-FAD5-3F6C-BFA4-15D8411190B1}.RelWithDebInfo|x64.ActiveCfg = RelWithDebInfo|x64
		{F5FC9AF8-9A61-3CD6-9BE9-1967936FD067}.Debug|x64.ActiveCfg = Debug|x64
		{F5FC9AF8-9A61-3CD6-9BE9-1967936FD067}.Debug|x64.Build.0 = Debug|x64
		{F5FC9AF8-9A61-3CD6-9BE9-1967936FD067}.Release|x64.ActiveCfg = Release|x64
		{F5FC9AF8-9A61-3CD6-9BE9-1967936FD067}.Release|x64.Build.0 = Release|x64
		{F5FC9AF8-9A61-3CD6-9BE9-1967936FD067}.MinSizeRel|x64.ActiveCfg = MinSizeRel|x64
		{F5FC9AF8-9A61-3CD6-9BE9-1967936FD067}.MinSizeRel|x64.Build.0 = MinSizeRel|x64
		{F5FC9AF8-9A61-3CD6-9BE9-1967936FD067}.RelWithDebInfo|x64.ActiveCfg = RelWithDebInfo|x64
		{F5FC9AF8-9A61-3CD6-9BE9-1967936FD067}.RelWithDebInfo|x64.Build.0 = RelWithDebInfo|x64
		{1325371F-094B-3F79-A7AF-AE73FAABF340}.Debug|x64.ActiveCfg = Debug|x64
		{1325371F-094B-3F79-A7AF-AE73FAABF340}.Debug|x64.Build.0 = Debug|x64
		{1325371F-094B-3F79-A7AF-AE73FAABF340}.Release|x64.ActiveCfg = Release|x64
		{1325371F-094B-3F79-A7AF-AE73FAABF340}.Release|x64.Build.0 = Release|x64
		{1325371F-094B-3F79-A7AF-AE73FAABF340}.MinSizeRel|x64.ActiveCfg = MinSizeRel|x64
		{1325371F-094B-3F79-A7AF-AE73FAABF340}.MinSizeRel|x64.Build.0 = MinSizeRel|x64
		{1325371F-094B-3F79-A7AF-AE73FAABF340}.RelWithDebInfo|x64.ActiveCfg = RelWithDebInfo|x64
		{1325371F-094B-3F79-A7AF-AE73FAABF340}.RelWithDebInfo|x64.Build.0 = RelWithDebInfo|x64
	EndGlobalSection
	GlobalSection(ExtensibilityGlobals) = postSolution
		SolutionGuid = {31B2E014-7865-3F58-B8CC-68D6C4EBCD83}
	EndGlobalSection
	GlobalSection(ExtensibilityAddIns) = postSolution
	EndGlobalSection
EndGlobal
