Microsoft Visual Studio Solution File, Format Version 12.00
# Visual Studio 15
Project("{8BC9CEB8-8B4A-11D0-8D11-00A0C91BC942}") = "ALL_BUILD", "ALL_BUILD.vcxproj", "{7105F760-BBDB-38DA-8212-69481637B8E3}"
	ProjectSection(ProjectDependencies) = postProject
		{6E709194-805F-321F-A575-9B8B30C059F8} = {6E709194-805F-321F-A575-9B8B30C059F8}
		{FC80024B-4F21-3CE0-8A9B-E7B020418933} = {FC80024B-4F21-3CE0-8A9B-E7B020418933}
	EndProjectSection
EndProject
Project("{8BC9CEB8-8B4A-11D0-8D11-00A0C91BC942}") = "INSTALL", "INSTALL.vcxproj", "{A8DFFEF6-BD30-3A4D-B9AD-F0B04F2CC2DF}"
	ProjectSection(ProjectDependencies) = postProject
		{7105F760-BBDB-38DA-8212-69481637B8E3} = {7105F760-BBDB-38DA-8212-69481637B8E3}
		{6E709194-805F-321F-A575-9B8B30C059F8} = {6E709194-805F-321F-A575-9B8B30C059F8}
	EndProjectSection
EndProject
Project("{8BC9CEB8-8B4A-11D0-8D11-00A0C91BC942}") = "ZERO_CHECK", "..\\ZERO_CHECK.vcxproj", "{6E709194-805F-321F-A575-9B8B30C059F8}"
	ProjectSection(ProjectDependencies) = postProject
	EndProjectSection
EndProject
Project("{8BC9CEB8-8B4A-11D0-8D11-00A0C91BC942}") = "gme", "gme\gme.vcxproj", "{FC80024B-4F21-3CE0-8A9B-E7B020418933}"
	ProjectSection(ProjectDependencies) = postProject
		{6E709194-805F-321F-A575-9B8B30C059F8} = {6E709194-805F-321F-A575-9B8B30C059F8}
	EndProjectSection
EndProject
Global
	GlobalSection(SolutionConfigurationPlatforms) = preSolution
		Debug|Win32 = Debug|Win32
		Release|Win32 = Release|Win32
		MinSizeRel|Win32 = MinSizeRel|Win32
		RelWithDebInfo|Win32 = RelWithDebInfo|Win32
	EndGlobalSection
	GlobalSection(ProjectConfigurationPlatforms) = postSolution
		{7105F760-BBDB-38DA-8212-69481637B8E3}.Debug|Win32.ActiveCfg = Debug|Win32
		{7105F760-BBDB-38DA-8212-69481637B8E3}.Debug|Win32.Build.0 = Debug|Win32
		{7105F760-BBDB-38DA-8212-69481637B8E3}.Release|Win32.ActiveCfg = Release|Win32
		{7105F760-BBDB-38DA-8212-69481637B8E3}.Release|Win32.Build.0 = Release|Win32
		{7105F760-BBDB-38DA-8212-69481637B8E3}.MinSizeRel|Win32.ActiveCfg = MinSizeRel|Win32
		{7105F760-BBDB-38DA-8212-69481637B8E3}.MinSizeRel|Win32.Build.0 = MinSizeRel|Win32
		{7105F760-BBDB-38DA-8212-69481637B8E3}.RelWithDebInfo|Win32.ActiveCfg = RelWithDebInfo|Win32
		{7105F760-BBDB-38DA-8212-69481637B8E3}.RelWithDebInfo|Win32.Build.0 = RelWithDebInfo|Win32
		{A8DFFEF6-BD30-3A4D-B9AD-F0B04F2CC2DF}.Debug|Win32.ActiveCfg = Debug|Win32
		{A8DFFEF6-BD30-3A4D-B9AD-F0B04F2CC2DF}.Release|Win32.ActiveCfg = Release|Win32
		{A8DFFEF6-BD30-3A4D-B9AD-F0B04F2CC2DF}.MinSizeRel|Win32.ActiveCfg = MinSizeRel|Win32
		{A8DFFEF6-BD30-3A4D-B9AD-F0B04F2CC2DF}.RelWithDebInfo|Win32.ActiveCfg = RelWithDebInfo|Win32
		{6E709194-805F-321F-A575-9B8B30C059F8}.Debug|Win32.ActiveCfg = Debug|Win32
		{6E709194-805F-321F-A575-9B8B30C059F8}.Debug|Win32.Build.0 = Debug|Win32
		{6E709194-805F-321F-A575-9B8B30C059F8}.Release|Win32.ActiveCfg = Release|Win32
		{6E709194-805F-321F-A575-9B8B30C059F8}.Release|Win32.Build.0 = Release|Win32
		{6E709194-805F-321F-A575-9B8B30C059F8}.MinSizeRel|Win32.ActiveCfg = MinSizeRel|Win32
		{6E709194-805F-321F-A575-9B8B30C059F8}.MinSizeRel|Win32.Build.0 = MinSizeRel|Win32
		{6E709194-805F-321F-A575-9B8B30C059F8}.RelWithDebInfo|Win32.ActiveCfg = RelWithDebInfo|Win32
		{6E709194-805F-321F-A575-9B8B30C059F8}.RelWithDebInfo|Win32.Build.0 = RelWithDebInfo|Win32
		{FC80024B-4F21-3CE0-8A9B-E7B020418933}.Debug|Win32.ActiveCfg = Debug|Win32
		{FC80024B-4F21-3CE0-8A9B-E7B020418933}.Debug|Win32.Build.0 = Debug|Win32
		{FC80024B-4F21-3CE0-8A9B-E7B020418933}.Release|Win32.ActiveCfg = Release|Win32
		{FC80024B-4F21-3CE0-8A9B-E7B020418933}.Release|Win32.Build.0 = Release|Win32
		{FC80024B-4F21-3CE0-8A9B-E7B020418933}.MinSizeRel|Win32.ActiveCfg = MinSizeRel|Win32
		{FC80024B-4F21-3CE0-8A9B-E7B020418933}.MinSizeRel|Win32.Build.0 = MinSizeRel|Win32
		{FC80024B-4F21-3CE0-8A9B-E7B020418933}.RelWithDebInfo|Win32.ActiveCfg = RelWithDebInfo|Win32
		{FC80024B-4F21-3CE0-8A9B-E7B020418933}.RelWithDebInfo|Win32.Build.0 = RelWithDebInfo|Win32
	EndGlobalSection
	GlobalSection(ExtensibilityGlobals) = postSolution
	EndGlobalSection
	GlobalSection(ExtensibilityAddIns) = postSolution
	EndGlobalSection
EndGlobal
