<?xml version="1.0" encoding="UTF-8"?>
<Project ToolsVersion="15.0" xmlns="http://schemas.microsoft.com/developer/msbuild/2003">
  <ItemGroup>
    <CustomBuild Include="D:\Git\MaryMagicalAdventure\wadsrc\CMakeLists.txt" />
    <CustomBuild Include="D:\Git\MaryMagicalAdventure\CMakeFiles\1f03bb1abeeff62aecefb43e5c7d7a00\data.pk3.rule">
      <Filter>CMake Rules</Filter>
    </CustomBuild>
    <CustomBuild Include="D:\Git\MaryMagicalAdventure\CMakeFiles\196006ff274136d5c54dfe06e40722c8\data_pk3.rule">
      <Filter>CMake Rules</Filter>
    </CustomBuild>
  </ItemGroup>
  <ItemGroup>
    <None Include="D:\Git\MaryMagicalAdventure\wadsrc\CMakeFiles\data_pk3" />
  </ItemGroup>
  <ItemGroup>
    <Filter Include="CMake Rules">
      <UniqueIdentifier>{39915B61-5B97-32B8-891A-7F6CFC741C08}</UniqueIdentifier>
    </Filter>
  </ItemGroup>
</Project>
