<?xml version="1.0" encoding="UTF-8"?>
<Project ToolsVersion="15.0" xmlns="http://schemas.microsoft.com/developer/msbuild/2003">
  <ItemGroup>
    <CustomBuild Include="C:\Users\Myers\Documents\GitHub\MaryMagicalAdventure\wadsrc\CMakeLists.txt" />
    <CustomBuild Include="C:\Users\Myers\Documents\GitHub\MaryMagicalAdventure\CMakeFiles\a6258f587ab8c8a8787d9160051608b0\data.pk3.rule">
      <Filter>CMake Rules</Filter>
    </CustomBuild>
    <CustomBuild Include="C:\Users\Myers\Documents\GitHub\MaryMagicalAdventure\CMakeFiles\d94985ee522bab9385abe38e8a72cdc3\data_pk3.rule">
      <Filter>CMake Rules</Filter>
    </CustomBuild>
  </ItemGroup>
  <ItemGroup>
    <None Include="C:\Users\Myers\Documents\GitHub\MaryMagicalAdventure\wadsrc\CMakeFiles\data_pk3" />
  </ItemGroup>
  <ItemGroup>
    <Filter Include="CMake Rules">
      <UniqueIdentifier>{6270EDE3-6658-397F-ABCF-20F05AF33C56}</UniqueIdentifier>
    </Filter>
  </ItemGroup>
</Project>
