<?xml version="1.0" encoding="UTF-8"?>
<Project ToolsVersion="15.0" xmlns="http://schemas.microsoft.com/developer/msbuild/2003">
  <ItemGroup>
    <CustomBuild Include="D:\Git\MaryMagicalAdventure\CMakeFiles\a61307f080bbd38909d1835af1eba3e3\INSTALL_force.rule">
      <Filter>CMake Rules</Filter>
    </CustomBuild>
  </ItemGroup>
  <ItemGroup>
    <Filter Include="CMake Rules">
      <UniqueIdentifier>{39915B61-5B97-32B8-891A-7F6CFC741C08}</UniqueIdentifier>
    </Filter>
  </ItemGroup>
</Project>
