<?xml version="1.0" encoding="UTF-8"?>
<Project ToolsVersion="15.0" xmlns="http://schemas.microsoft.com/developer/msbuild/2003">
  <ItemGroup>
    <CustomBuild Include="C:\Users\Myers\Documents\GitHub\MaryMagicalAdventure\wadsrc_extra\CMakeLists.txt" />
    <CustomBuild Include="C:\Users\Myers\Documents\GitHub\MaryMagicalAdventure\CMakeFiles\a6258f587ab8c8a8787d9160051608b0\zd_extra.pk3.rule">
      <Filter>CMake Rules</Filter>
    </CustomBuild>
    <CustomBuild Include="C:\Users\Myers\Documents\GitHub\MaryMagicalAdventure\CMakeFiles\acfed4288997f3cb97e725ae48f90a09\zd_extra_pk3.rule">
      <Filter>CMake Rules</Filter>
    </CustomBuild>
  </ItemGroup>
  <ItemGroup>
    <Image Include="C:\Users\Myers\Documents\GitHub\MaryMagicalAdventure\wadsrc_extra\static\graphics\artibox.png">
      <Filter>Source Files\graphics</Filter>
    </Image>
    <Image Include="C:\Users\Myers\Documents\GitHub\MaryMagicalAdventure\wadsrc_extra\static\graphics\bal7scr1.png">
      <Filter>Source Files\graphics</Filter>
    </Image>
    <Image Include="C:\Users\Myers\Documents\GitHub\MaryMagicalAdventure\wadsrc_extra\static\graphics\bal7scr2.png">
      <Filter>Source Files\graphics</Filter>
    </Image>
    <Image Include="C:\Users\Myers\Documents\GitHub\MaryMagicalAdventure\wadsrc_extra\static\graphics\bfglite1.png">
      <Filter>Source Files\graphics</Filter>
    </Image>
    <Image Include="C:\Users\Myers\Documents\GitHub\MaryMagicalAdventure\wadsrc_extra\static\graphics\bfglite2.png">
      <Filter>Source Files\graphics</Filter>
    </Image>
    <Image Include="C:\Users\Myers\Documents\GitHub\MaryMagicalAdventure\wadsrc_extra\static\graphics\bfgscrc1.png">
      <Filter>Source Files\graphics</Filter>
    </Image>
    <Image Include="C:\Users\Myers\Documents\GitHub\MaryMagicalAdventure\wadsrc_extra\static\graphics\bfgscrc2.png">
      <Filter>Source Files\graphics</Filter>
    </Image>
    <Image Include="C:\Users\Myers\Documents\GitHub\MaryMagicalAdventure\wadsrc_extra\static\graphics\blast1.png">
      <Filter>Source Files\graphics</Filter>
    </Image>
    <Image Include="C:\Users\Myers\Documents\GitHub\MaryMagicalAdventure\wadsrc_extra\static\graphics\bsmear1.png">
      <Filter>Source Files\graphics</Filter>
    </Image>
    <Image Include="C:\Users\Myers\Documents\GitHub\MaryMagicalAdventure\wadsrc_extra\static\graphics\bsmear2.png">
      <Filter>Source Files\graphics</Filter>
    </Image>
    <Image Include="C:\Users\Myers\Documents\GitHub\MaryMagicalAdventure\wadsrc_extra\static\graphics\bsplat1.png">
      <Filter>Source Files\graphics</Filter>
    </Image>
    <Image Include="C:\Users\Myers\Documents\GitHub\MaryMagicalAdventure\wadsrc_extra\static\graphics\bsplat2.png">
      <Filter>Source Files\graphics</Filter>
    </Image>
    <Image Include="C:\Users\Myers\Documents\GitHub\MaryMagicalAdventure\wadsrc_extra\static\graphics\bsplat3.png">
      <Filter>Source Files\graphics</Filter>
    </Image>
    <Image Include="C:\Users\Myers\Documents\GitHub\MaryMagicalAdventure\wadsrc_extra\static\graphics\bsplat4.png">
      <Filter>Source Files\graphics</Filter>
    </Image>
    <Image Include="C:\Users\Myers\Documents\GitHub\MaryMagicalAdventure\wadsrc_extra\static\graphics\bsplat5.png">
      <Filter>Source Files\graphics</Filter>
    </Image>
    <Image Include="C:\Users\Myers\Documents\GitHub\MaryMagicalAdventure\wadsrc_extra\static\graphics\bsplat6.png">
      <Filter>Source Files\graphics</Filter>
    </Image>
    <Image Include="C:\Users\Myers\Documents\GitHub\MaryMagicalAdventure\wadsrc_extra\static\graphics\bsplat7.png">
      <Filter>Source Files\graphics</Filter>
    </Image>
    <Image Include="C:\Users\Myers\Documents\GitHub\MaryMagicalAdventure\wadsrc_extra\static\graphics\cbalscr1.png">
      <Filter>Source Files\graphics</Filter>
    </Image>
    <Image Include="C:\Users\Myers\Documents\GitHub\MaryMagicalAdventure\wadsrc_extra\static\graphics\cbalscr2.png">
      <Filter>Source Files\graphics</Filter>
    </Image>
    <Image Include="C:\Users\Myers\Documents\GitHub\MaryMagicalAdventure\wadsrc_extra\static\graphics\cbowmark.png">
      <Filter>Source Files\graphics</Filter>
    </Image>
    <Image Include="C:\Users\Myers\Documents\GitHub\MaryMagicalAdventure\wadsrc_extra\static\graphics\chexcurs.png">
      <Filter>Source Files\graphics</Filter>
    </Image>
    <Image Include="C:\Users\Myers\Documents\GitHub\MaryMagicalAdventure\wadsrc_extra\static\graphics\chip1.png">
      <Filter>Source Files\graphics</Filter>
    </Image>
    <Image Include="C:\Users\Myers\Documents\GitHub\MaryMagicalAdventure\wadsrc_extra\static\graphics\chip2.png">
      <Filter>Source Files\graphics</Filter>
    </Image>
    <Image Include="C:\Users\Myers\Documents\GitHub\MaryMagicalAdventure\wadsrc_extra\static\graphics\chip3.png">
      <Filter>Source Files\graphics</Filter>
    </Image>
    <Image Include="C:\Users\Myers\Documents\GitHub\MaryMagicalAdventure\wadsrc_extra\static\graphics\chip4.png">
      <Filter>Source Files\graphics</Filter>
    </Image>
    <Image Include="C:\Users\Myers\Documents\GitHub\MaryMagicalAdventure\wadsrc_extra\static\graphics\chip5.png">
      <Filter>Source Files\graphics</Filter>
    </Image>
    <Image Include="C:\Users\Myers\Documents\GitHub\MaryMagicalAdventure\wadsrc_extra\static\graphics\cursor.png">
      <Filter>Source Files\graphics</Filter>
    </Image>
    <Image Include="C:\Users\Myers\Documents\GitHub\MaryMagicalAdventure\wadsrc_extra\static\graphics\doomcurs.png">
      <Filter>Source Files\graphics</Filter>
    </Image>
    <Image Include="C:\Users\Myers\Documents\GitHub\MaryMagicalAdventure\wadsrc_extra\static\graphics\hamoback.png">
      <Filter>Source Files\graphics</Filter>
    </Image>
    <Image Include="C:\Users\Myers\Documents\GitHub\MaryMagicalAdventure\wadsrc_extra\static\graphics\herecurs.png">
      <Filter>Source Files\graphics</Filter>
    </Image>
    <Image Include="C:\Users\Myers\Documents\GitHub\MaryMagicalAdventure\wadsrc_extra\static\graphics\hexncurs.png">
      <Filter>Source Files\graphics</Filter>
    </Image>
    <Image Include="C:\Users\Myers\Documents\GitHub\MaryMagicalAdventure\wadsrc_extra\static\graphics\invgeml1.png">
      <Filter>Source Files\graphics</Filter>
    </Image>
    <Image Include="C:\Users\Myers\Documents\GitHub\MaryMagicalAdventure\wadsrc_extra\static\graphics\invgeml2.png">
      <Filter>Source Files\graphics</Filter>
    </Image>
    <Image Include="C:\Users\Myers\Documents\GitHub\MaryMagicalAdventure\wadsrc_extra\static\graphics\invgemr1.png">
      <Filter>Source Files\graphics</Filter>
    </Image>
    <Image Include="C:\Users\Myers\Documents\GitHub\MaryMagicalAdventure\wadsrc_extra\static\graphics\invgemr2.png">
      <Filter>Source Files\graphics</Filter>
    </Image>
    <Image Include="C:\Users\Myers\Documents\GitHub\MaryMagicalAdventure\wadsrc_extra\static\graphics\m_back_d.png">
      <Filter>Source Files\graphics</Filter>
    </Image>
    <Image Include="C:\Users\Myers\Documents\GitHub\MaryMagicalAdventure\wadsrc_extra\static\graphics\m_back_h.png">
      <Filter>Source Files\graphics</Filter>
    </Image>
    <Image Include="C:\Users\Myers\Documents\GitHub\MaryMagicalAdventure\wadsrc_extra\static\graphics\m_back_s.png">
      <Filter>Source Files\graphics</Filter>
    </Image>
    <Image Include="C:\Users\Myers\Documents\GitHub\MaryMagicalAdventure\wadsrc_extra\static\graphics\m_back_x.png">
      <Filter>Source Files\graphics</Filter>
    </Image>
    <Image Include="C:\Users\Myers\Documents\GitHub\MaryMagicalAdventure\wadsrc_extra\static\graphics\plasma1.png">
      <Filter>Source Files\graphics</Filter>
    </Image>
    <Image Include="C:\Users\Myers\Documents\GitHub\MaryMagicalAdventure\wadsrc_extra\static\graphics\plasma2.png">
      <Filter>Source Files\graphics</Filter>
    </Image>
    <Image Include="C:\Users\Myers\Documents\GitHub\MaryMagicalAdventure\wadsrc_extra\static\graphics\readyico.png">
      <Filter>Source Files\graphics</Filter>
    </Image>
    <Image Include="C:\Users\Myers\Documents\GitHub\MaryMagicalAdventure\wadsrc_extra\static\graphics\scorch1.png">
      <Filter>Source Files\graphics</Filter>
    </Image>
    <Image Include="C:\Users\Myers\Documents\GitHub\MaryMagicalAdventure\wadsrc_extra\static\graphics\selectbo.png">
      <Filter>Source Files\graphics</Filter>
    </Image>
    <Image Include="C:\Users\Myers\Documents\GitHub\MaryMagicalAdventure\wadsrc_extra\static\graphics\strfcurs.png">
      <Filter>Source Files\graphics</Filter>
    </Image>
    <Image Include="C:\Users\Myers\Documents\GitHub\MaryMagicalAdventure\wadsrc_extra\static\graphics\twirl.png">
      <Filter>Source Files\graphics</Filter>
    </Image>
    <Image Include="C:\Users\Myers\Documents\GitHub\MaryMagicalAdventure\wadsrc_extra\static\graphics\xhairb2.png">
      <Filter>Source Files\graphics</Filter>
    </Image>
    <Image Include="C:\Users\Myers\Documents\GitHub\MaryMagicalAdventure\wadsrc_extra\static\sprites\AFLYA0.png">
      <Filter>Source Files\sprites</Filter>
    </Image>
    <Image Include="C:\Users\Myers\Documents\GitHub\MaryMagicalAdventure\wadsrc_extra\static\sprites\AFLYB0.png">
      <Filter>Source Files\sprites</Filter>
    </Image>
    <Image Include="C:\Users\Myers\Documents\GitHub\MaryMagicalAdventure\wadsrc_extra\static\sprites\AFLYC0.png">
      <Filter>Source Files\sprites</Filter>
    </Image>
    <Image Include="C:\Users\Myers\Documents\GitHub\MaryMagicalAdventure\wadsrc_extra\static\sprites\AFLYD0.png">
      <Filter>Source Files\sprites</Filter>
    </Image>
    <Image Include="C:\Users\Myers\Documents\GitHub\MaryMagicalAdventure\wadsrc_extra\static\sprites\GWANA0.png">
      <Filter>Source Files\sprites</Filter>
    </Image>
    <Image Include="C:\Users\Myers\Documents\GitHub\MaryMagicalAdventure\wadsrc_extra\static\sprites\PLS1A0.png">
      <Filter>Source Files\sprites</Filter>
    </Image>
    <Image Include="C:\Users\Myers\Documents\GitHub\MaryMagicalAdventure\wadsrc_extra\static\sprites\PLS1B0.png">
      <Filter>Source Files\sprites</Filter>
    </Image>
    <Image Include="C:\Users\Myers\Documents\GitHub\MaryMagicalAdventure\wadsrc_extra\static\sprites\PLS1C0.png">
      <Filter>Source Files\sprites</Filter>
    </Image>
    <Image Include="C:\Users\Myers\Documents\GitHub\MaryMagicalAdventure\wadsrc_extra\static\sprites\PLS1D0.png">
      <Filter>Source Files\sprites</Filter>
    </Image>
    <Image Include="C:\Users\Myers\Documents\GitHub\MaryMagicalAdventure\wadsrc_extra\static\sprites\PLS1E0.png">
      <Filter>Source Files\sprites</Filter>
    </Image>
    <Image Include="C:\Users\Myers\Documents\GitHub\MaryMagicalAdventure\wadsrc_extra\static\sprites\PLS1F0.png">
      <Filter>Source Files\sprites</Filter>
    </Image>
    <Image Include="C:\Users\Myers\Documents\GitHub\MaryMagicalAdventure\wadsrc_extra\static\sprites\PLS1G0.png">
      <Filter>Source Files\sprites</Filter>
    </Image>
    <Image Include="C:\Users\Myers\Documents\GitHub\MaryMagicalAdventure\wadsrc_extra\static\sprites\PLS2A0.png">
      <Filter>Source Files\sprites</Filter>
    </Image>
    <Image Include="C:\Users\Myers\Documents\GitHub\MaryMagicalAdventure\wadsrc_extra\static\sprites\PLS2B0.png">
      <Filter>Source Files\sprites</Filter>
    </Image>
    <Image Include="C:\Users\Myers\Documents\GitHub\MaryMagicalAdventure\wadsrc_extra\static\sprites\PLS2C0.png">
      <Filter>Source Files\sprites</Filter>
    </Image>
    <Image Include="C:\Users\Myers\Documents\GitHub\MaryMagicalAdventure\wadsrc_extra\static\sprites\PLS2D0.png">
      <Filter>Source Files\sprites</Filter>
    </Image>
    <Image Include="C:\Users\Myers\Documents\GitHub\MaryMagicalAdventure\wadsrc_extra\static\sprites\PLS2E0.png">
      <Filter>Source Files\sprites</Filter>
    </Image>
    <Image Include="C:\Users\Myers\Documents\GitHub\MaryMagicalAdventure\wadsrc_extra\static\sprites\amrka0.png">
      <Filter>Source Files\sprites</Filter>
    </Image>
    <Image Include="C:\Users\Myers\Documents\GitHub\MaryMagicalAdventure\wadsrc_extra\static\sprites\dogs\DOGSA1.png">
      <Filter>Source Files\sprites\dogs</Filter>
    </Image>
    <Image Include="C:\Users\Myers\Documents\GitHub\MaryMagicalAdventure\wadsrc_extra\static\sprites\dogs\DOGSA2A8.png">
      <Filter>Source Files\sprites\dogs</Filter>
    </Image>
    <Image Include="C:\Users\Myers\Documents\GitHub\MaryMagicalAdventure\wadsrc_extra\static\sprites\dogs\DOGSA3A7.png">
      <Filter>Source Files\sprites\dogs</Filter>
    </Image>
    <Image Include="C:\Users\Myers\Documents\GitHub\MaryMagicalAdventure\wadsrc_extra\static\sprites\dogs\DOGSA4A6.png">
      <Filter>Source Files\sprites\dogs</Filter>
    </Image>
    <Image Include="C:\Users\Myers\Documents\GitHub\MaryMagicalAdventure\wadsrc_extra\static\sprites\dogs\DOGSA5.png">
      <Filter>Source Files\sprites\dogs</Filter>
    </Image>
    <Image Include="C:\Users\Myers\Documents\GitHub\MaryMagicalAdventure\wadsrc_extra\static\sprites\dogs\DOGSB1.png">
      <Filter>Source Files\sprites\dogs</Filter>
    </Image>
    <Image Include="C:\Users\Myers\Documents\GitHub\MaryMagicalAdventure\wadsrc_extra\static\sprites\dogs\DOGSB2B8.png">
      <Filter>Source Files\sprites\dogs</Filter>
    </Image>
    <Image Include="C:\Users\Myers\Documents\GitHub\MaryMagicalAdventure\wadsrc_extra\static\sprites\dogs\DOGSB3B7.png">
      <Filter>Source Files\sprites\dogs</Filter>
    </Image>
    <Image Include="C:\Users\Myers\Documents\GitHub\MaryMagicalAdventure\wadsrc_extra\static\sprites\dogs\DOGSB4B6.png">
      <Filter>Source Files\sprites\dogs</Filter>
    </Image>
    <Image Include="C:\Users\Myers\Documents\GitHub\MaryMagicalAdventure\wadsrc_extra\static\sprites\dogs\DOGSB5.png">
      <Filter>Source Files\sprites\dogs</Filter>
    </Image>
    <Image Include="C:\Users\Myers\Documents\GitHub\MaryMagicalAdventure\wadsrc_extra\static\sprites\dogs\DOGSC1.png">
      <Filter>Source Files\sprites\dogs</Filter>
    </Image>
    <Image Include="C:\Users\Myers\Documents\GitHub\MaryMagicalAdventure\wadsrc_extra\static\sprites\dogs\DOGSC2C8.png">
      <Filter>Source Files\sprites\dogs</Filter>
    </Image>
    <Image Include="C:\Users\Myers\Documents\GitHub\MaryMagicalAdventure\wadsrc_extra\static\sprites\dogs\DOGSC3C7.png">
      <Filter>Source Files\sprites\dogs</Filter>
    </Image>
    <Image Include="C:\Users\Myers\Documents\GitHub\MaryMagicalAdventure\wadsrc_extra\static\sprites\dogs\DOGSC4C6.png">
      <Filter>Source Files\sprites\dogs</Filter>
    </Image>
    <Image Include="C:\Users\Myers\Documents\GitHub\MaryMagicalAdventure\wadsrc_extra\static\sprites\dogs\DOGSC5.png">
      <Filter>Source Files\sprites\dogs</Filter>
    </Image>
    <Image Include="C:\Users\Myers\Documents\GitHub\MaryMagicalAdventure\wadsrc_extra\static\sprites\dogs\DOGSD1.png">
      <Filter>Source Files\sprites\dogs</Filter>
    </Image>
    <Image Include="C:\Users\Myers\Documents\GitHub\MaryMagicalAdventure\wadsrc_extra\static\sprites\dogs\DOGSD2D8.png">
      <Filter>Source Files\sprites\dogs</Filter>
    </Image>
    <Image Include="C:\Users\Myers\Documents\GitHub\MaryMagicalAdventure\wadsrc_extra\static\sprites\dogs\DOGSD3D7.png">
      <Filter>Source Files\sprites\dogs</Filter>
    </Image>
    <Image Include="C:\Users\Myers\Documents\GitHub\MaryMagicalAdventure\wadsrc_extra\static\sprites\dogs\DOGSD4D6.png">
      <Filter>Source Files\sprites\dogs</Filter>
    </Image>
    <Image Include="C:\Users\Myers\Documents\GitHub\MaryMagicalAdventure\wadsrc_extra\static\sprites\dogs\DOGSD5.png">
      <Filter>Source Files\sprites\dogs</Filter>
    </Image>
    <Image Include="C:\Users\Myers\Documents\GitHub\MaryMagicalAdventure\wadsrc_extra\static\sprites\dogs\DOGSE1.png">
      <Filter>Source Files\sprites\dogs</Filter>
    </Image>
    <Image Include="C:\Users\Myers\Documents\GitHub\MaryMagicalAdventure\wadsrc_extra\static\sprites\dogs\DOGSE2.png">
      <Filter>Source Files\sprites\dogs</Filter>
    </Image>
    <Image Include="C:\Users\Myers\Documents\GitHub\MaryMagicalAdventure\wadsrc_extra\static\sprites\dogs\DOGSE3.png">
      <Filter>Source Files\sprites\dogs</Filter>
    </Image>
    <Image Include="C:\Users\Myers\Documents\GitHub\MaryMagicalAdventure\wadsrc_extra\static\sprites\dogs\DOGSE4.png">
      <Filter>Source Files\sprites\dogs</Filter>
    </Image>
    <Image Include="C:\Users\Myers\Documents\GitHub\MaryMagicalAdventure\wadsrc_extra\static\sprites\dogs\DOGSE5.png">
      <Filter>Source Files\sprites\dogs</Filter>
    </Image>
    <Image Include="C:\Users\Myers\Documents\GitHub\MaryMagicalAdventure\wadsrc_extra\static\sprites\dogs\DOGSE6.png">
      <Filter>Source Files\sprites\dogs</Filter>
    </Image>
    <Image Include="C:\Users\Myers\Documents\GitHub\MaryMagicalAdventure\wadsrc_extra\static\sprites\dogs\DOGSE7.png">
      <Filter>Source Files\sprites\dogs</Filter>
    </Image>
    <Image Include="C:\Users\Myers\Documents\GitHub\MaryMagicalAdventure\wadsrc_extra\static\sprites\dogs\DOGSE8.png">
      <Filter>Source Files\sprites\dogs</Filter>
    </Image>
    <Image Include="C:\Users\Myers\Documents\GitHub\MaryMagicalAdventure\wadsrc_extra\static\sprites\dogs\DOGSF1.png">
      <Filter>Source Files\sprites\dogs</Filter>
    </Image>
    <Image Include="C:\Users\Myers\Documents\GitHub\MaryMagicalAdventure\wadsrc_extra\static\sprites\dogs\DOGSF2.png">
      <Filter>Source Files\sprites\dogs</Filter>
    </Image>
    <Image Include="C:\Users\Myers\Documents\GitHub\MaryMagicalAdventure\wadsrc_extra\static\sprites\dogs\DOGSF3.png">
      <Filter>Source Files\sprites\dogs</Filter>
    </Image>
    <Image Include="C:\Users\Myers\Documents\GitHub\MaryMagicalAdventure\wadsrc_extra\static\sprites\dogs\DOGSF4.png">
      <Filter>Source Files\sprites\dogs</Filter>
    </Image>
    <Image Include="C:\Users\Myers\Documents\GitHub\MaryMagicalAdventure\wadsrc_extra\static\sprites\dogs\DOGSF5.png">
      <Filter>Source Files\sprites\dogs</Filter>
    </Image>
    <Image Include="C:\Users\Myers\Documents\GitHub\MaryMagicalAdventure\wadsrc_extra\static\sprites\dogs\DOGSF6.png">
      <Filter>Source Files\sprites\dogs</Filter>
    </Image>
    <Image Include="C:\Users\Myers\Documents\GitHub\MaryMagicalAdventure\wadsrc_extra\static\sprites\dogs\DOGSF7.png">
      <Filter>Source Files\sprites\dogs</Filter>
    </Image>
    <Image Include="C:\Users\Myers\Documents\GitHub\MaryMagicalAdventure\wadsrc_extra\static\sprites\dogs\DOGSF8.png">
      <Filter>Source Files\sprites\dogs</Filter>
    </Image>
    <Image Include="C:\Users\Myers\Documents\GitHub\MaryMagicalAdventure\wadsrc_extra\static\sprites\dogs\DOGSG1.png">
      <Filter>Source Files\sprites\dogs</Filter>
    </Image>
    <Image Include="C:\Users\Myers\Documents\GitHub\MaryMagicalAdventure\wadsrc_extra\static\sprites\dogs\DOGSG2.png">
      <Filter>Source Files\sprites\dogs</Filter>
    </Image>
    <Image Include="C:\Users\Myers\Documents\GitHub\MaryMagicalAdventure\wadsrc_extra\static\sprites\dogs\DOGSG3.png">
      <Filter>Source Files\sprites\dogs</Filter>
    </Image>
    <Image Include="C:\Users\Myers\Documents\GitHub\MaryMagicalAdventure\wadsrc_extra\static\sprites\dogs\DOGSG4.png">
      <Filter>Source Files\sprites\dogs</Filter>
    </Image>
    <Image Include="C:\Users\Myers\Documents\GitHub\MaryMagicalAdventure\wadsrc_extra\static\sprites\dogs\DOGSG5.png">
      <Filter>Source Files\sprites\dogs</Filter>
    </Image>
    <Image Include="C:\Users\Myers\Documents\GitHub\MaryMagicalAdventure\wadsrc_extra\static\sprites\dogs\DOGSG6.png">
      <Filter>Source Files\sprites\dogs</Filter>
    </Image>
    <Image Include="C:\Users\Myers\Documents\GitHub\MaryMagicalAdventure\wadsrc_extra\static\sprites\dogs\DOGSG7.png">
      <Filter>Source Files\sprites\dogs</Filter>
    </Image>
    <Image Include="C:\Users\Myers\Documents\GitHub\MaryMagicalAdventure\wadsrc_extra\static\sprites\dogs\DOGSG8.png">
      <Filter>Source Files\sprites\dogs</Filter>
    </Image>
    <Image Include="C:\Users\Myers\Documents\GitHub\MaryMagicalAdventure\wadsrc_extra\static\sprites\dogs\DOGSH1.png">
      <Filter>Source Files\sprites\dogs</Filter>
    </Image>
    <Image Include="C:\Users\Myers\Documents\GitHub\MaryMagicalAdventure\wadsrc_extra\static\sprites\dogs\DOGSH2.png">
      <Filter>Source Files\sprites\dogs</Filter>
    </Image>
    <Image Include="C:\Users\Myers\Documents\GitHub\MaryMagicalAdventure\wadsrc_extra\static\sprites\dogs\DOGSH3.png">
      <Filter>Source Files\sprites\dogs</Filter>
    </Image>
    <Image Include="C:\Users\Myers\Documents\GitHub\MaryMagicalAdventure\wadsrc_extra\static\sprites\dogs\DOGSH4.png">
      <Filter>Source Files\sprites\dogs</Filter>
    </Image>
    <Image Include="C:\Users\Myers\Documents\GitHub\MaryMagicalAdventure\wadsrc_extra\static\sprites\dogs\DOGSH5.png">
      <Filter>Source Files\sprites\dogs</Filter>
    </Image>
    <Image Include="C:\Users\Myers\Documents\GitHub\MaryMagicalAdventure\wadsrc_extra\static\sprites\dogs\DOGSH6.png">
      <Filter>Source Files\sprites\dogs</Filter>
    </Image>
    <Image Include="C:\Users\Myers\Documents\GitHub\MaryMagicalAdventure\wadsrc_extra\static\sprites\dogs\DOGSH7.png">
      <Filter>Source Files\sprites\dogs</Filter>
    </Image>
    <Image Include="C:\Users\Myers\Documents\GitHub\MaryMagicalAdventure\wadsrc_extra\static\sprites\dogs\DOGSH8.png">
      <Filter>Source Files\sprites\dogs</Filter>
    </Image>
    <Image Include="C:\Users\Myers\Documents\GitHub\MaryMagicalAdventure\wadsrc_extra\static\sprites\dogs\DOGSI0.png">
      <Filter>Source Files\sprites\dogs</Filter>
    </Image>
    <Image Include="C:\Users\Myers\Documents\GitHub\MaryMagicalAdventure\wadsrc_extra\static\sprites\dogs\DOGSJ0.png">
      <Filter>Source Files\sprites\dogs</Filter>
    </Image>
    <Image Include="C:\Users\Myers\Documents\GitHub\MaryMagicalAdventure\wadsrc_extra\static\sprites\dogs\DOGSK0.png">
      <Filter>Source Files\sprites\dogs</Filter>
    </Image>
    <Image Include="C:\Users\Myers\Documents\GitHub\MaryMagicalAdventure\wadsrc_extra\static\sprites\dogs\DOGSL0.png">
      <Filter>Source Files\sprites\dogs</Filter>
    </Image>
    <Image Include="C:\Users\Myers\Documents\GitHub\MaryMagicalAdventure\wadsrc_extra\static\sprites\dogs\DOGSM0.png">
      <Filter>Source Files\sprites\dogs</Filter>
    </Image>
    <Image Include="C:\Users\Myers\Documents\GitHub\MaryMagicalAdventure\wadsrc_extra\static\sprites\dogs\DOGSN0.png">
      <Filter>Source Files\sprites\dogs</Filter>
    </Image>
    <Image Include="C:\Users\Myers\Documents\GitHub\MaryMagicalAdventure\wadsrc_extra\static\sprites\iceca0.png">
      <Filter>Source Files\sprites</Filter>
    </Image>
    <Image Include="C:\Users\Myers\Documents\GitHub\MaryMagicalAdventure\wadsrc_extra\static\sprites\icecb0.png">
      <Filter>Source Files\sprites</Filter>
    </Image>
    <Image Include="C:\Users\Myers\Documents\GitHub\MaryMagicalAdventure\wadsrc_extra\static\sprites\icecc0.png">
      <Filter>Source Files\sprites</Filter>
    </Image>
    <Image Include="C:\Users\Myers\Documents\GitHub\MaryMagicalAdventure\wadsrc_extra\static\sprites\icecd0.png">
      <Filter>Source Files\sprites</Filter>
    </Image>
    <Image Include="C:\Users\Myers\Documents\GitHub\MaryMagicalAdventure\wadsrc_extra\static\sprites\minza0.png">
      <Filter>Source Files\sprites</Filter>
    </Image>
    <Image Include="C:\Users\Myers\Documents\GitHub\MaryMagicalAdventure\wadsrc_extra\static\sprites\pista0.png">
      <Filter>Source Files\sprites</Filter>
    </Image>
    <Image Include="C:\Users\Myers\Documents\GitHub\MaryMagicalAdventure\wadsrc_extra\static\sprites\rsmka0.png">
      <Filter>Source Files\sprites</Filter>
    </Image>
    <Image Include="C:\Users\Myers\Documents\GitHub\MaryMagicalAdventure\wadsrc_extra\static\sprites\rsmkb0.png">
      <Filter>Source Files\sprites</Filter>
    </Image>
    <Image Include="C:\Users\Myers\Documents\GitHub\MaryMagicalAdventure\wadsrc_extra\static\sprites\rsmkc0.png">
      <Filter>Source Files\sprites</Filter>
    </Image>
    <Image Include="C:\Users\Myers\Documents\GitHub\MaryMagicalAdventure\wadsrc_extra\static\sprites\rsmkd0.png">
      <Filter>Source Files\sprites</Filter>
    </Image>
    <Image Include="C:\Users\Myers\Documents\GitHub\MaryMagicalAdventure\wadsrc_extra\static\sprites\rsmke0.png">
      <Filter>Source Files\sprites</Filter>
    </Image>
    <Image Include="C:\Users\Myers\Documents\GitHub\MaryMagicalAdventure\wadsrc_extra\static\sprites\sgrna1.png">
      <Filter>Source Files\sprites</Filter>
    </Image>
    <Image Include="C:\Users\Myers\Documents\GitHub\MaryMagicalAdventure\wadsrc_extra\static\sprites\sgrna5.png">
      <Filter>Source Files\sprites</Filter>
    </Image>
    <Image Include="C:\Users\Myers\Documents\GitHub\MaryMagicalAdventure\wadsrc_extra\static\sprites\sgrna6a4.png">
      <Filter>Source Files\sprites</Filter>
    </Image>
    <Image Include="C:\Users\Myers\Documents\GitHub\MaryMagicalAdventure\wadsrc_extra\static\sprites\sgrna7a3.png">
      <Filter>Source Files\sprites</Filter>
    </Image>
    <Image Include="C:\Users\Myers\Documents\GitHub\MaryMagicalAdventure\wadsrc_extra\static\sprites\sgrna8a2.png">
      <Filter>Source Files\sprites</Filter>
    </Image>
    <Image Include="C:\Users\Myers\Documents\GitHub\MaryMagicalAdventure\wadsrc_extra\static\sprites\spkra0.png">
      <Filter>Source Files\sprites</Filter>
    </Image>
    <Image Include="C:\Users\Myers\Documents\GitHub\MaryMagicalAdventure\wadsrc_extra\static\sprites\tlgla0.png">
      <Filter>Source Files\sprites</Filter>
    </Image>
    <Image Include="C:\Users\Myers\Documents\GitHub\MaryMagicalAdventure\wadsrc_extra\static\sprites\tlglb0.png">
      <Filter>Source Files\sprites</Filter>
    </Image>
    <Image Include="C:\Users\Myers\Documents\GitHub\MaryMagicalAdventure\wadsrc_extra\static\sprites\tlglc0.png">
      <Filter>Source Files\sprites</Filter>
    </Image>
    <Image Include="C:\Users\Myers\Documents\GitHub\MaryMagicalAdventure\wadsrc_extra\static\sprites\tlgld0.png">
      <Filter>Source Files\sprites</Filter>
    </Image>
    <Image Include="C:\Users\Myers\Documents\GitHub\MaryMagicalAdventure\wadsrc_extra\static\sprites\tlgle0.png">
      <Filter>Source Files\sprites</Filter>
    </Image>
    <Image Include="C:\Users\Myers\Documents\GitHub\MaryMagicalAdventure\wadsrc_extra\static\sprites\tnt1a0.png">
      <Filter>Source Files\sprites</Filter>
    </Image>
    <Image Include="C:\Users\Myers\Documents\GitHub\MaryMagicalAdventure\wadsrc_extra\static\sprites\unkna0.png">
      <Filter>Source Files\sprites</Filter>
    </Image>
  </ItemGroup>
  <ItemGroup>
    <None Include="C:\Users\Myers\Documents\GitHub\MaryMagicalAdventure\wadsrc_extra\CMakeFiles\zd_extra_pk3" />
    <None Include="C:\Users\Myers\Documents\GitHub\MaryMagicalAdventure\wadsrc_extra\static\filter\game-doom\graphics\stcfn191.lmp">
      <Filter>Source Files\filter\game-doom\graphics</Filter>
    </None>
    <None Include="C:\Users\Myers\Documents\GitHub\MaryMagicalAdventure\wadsrc_extra\static\filter\game-doom\graphics\stcfn193.lmp">
      <Filter>Source Files\filter\game-doom\graphics</Filter>
    </None>
    <None Include="C:\Users\Myers\Documents\GitHub\MaryMagicalAdventure\wadsrc_extra\static\filter\game-doom\graphics\stcfn196.lmp">
      <Filter>Source Files\filter\game-doom\graphics</Filter>
    </None>
    <None Include="C:\Users\Myers\Documents\GitHub\MaryMagicalAdventure\wadsrc_extra\static\filter\game-doom\graphics\stcfn197.lmp">
      <Filter>Source Files\filter\game-doom\graphics</Filter>
    </None>
    <None Include="C:\Users\Myers\Documents\GitHub\MaryMagicalAdventure\wadsrc_extra\static\filter\game-doom\graphics\stcfn201.lmp">
      <Filter>Source Files\filter\game-doom\graphics</Filter>
    </None>
    <None Include="C:\Users\Myers\Documents\GitHub\MaryMagicalAdventure\wadsrc_extra\static\filter\game-doom\graphics\stcfn205.lmp">
      <Filter>Source Files\filter\game-doom\graphics</Filter>
    </None>
    <None Include="C:\Users\Myers\Documents\GitHub\MaryMagicalAdventure\wadsrc_extra\static\filter\game-doom\graphics\stcfn209.lmp">
      <Filter>Source Files\filter\game-doom\graphics</Filter>
    </None>
    <None Include="C:\Users\Myers\Documents\GitHub\MaryMagicalAdventure\wadsrc_extra\static\filter\game-doom\graphics\stcfn211.lmp">
      <Filter>Source Files\filter\game-doom\graphics</Filter>
    </None>
    <None Include="C:\Users\Myers\Documents\GitHub\MaryMagicalAdventure\wadsrc_extra\static\filter\game-doom\graphics\stcfn214.lmp">
      <Filter>Source Files\filter\game-doom\graphics</Filter>
    </None>
    <None Include="C:\Users\Myers\Documents\GitHub\MaryMagicalAdventure\wadsrc_extra\static\filter\game-doom\graphics\stcfn218.lmp">
      <Filter>Source Files\filter\game-doom\graphics</Filter>
    </None>
    <None Include="C:\Users\Myers\Documents\GitHub\MaryMagicalAdventure\wadsrc_extra\static\filter\game-doom\graphics\stcfn220.lmp">
      <Filter>Source Files\filter\game-doom\graphics</Filter>
    </None>
    <None Include="C:\Users\Myers\Documents\GitHub\MaryMagicalAdventure\wadsrc_extra\static\filter\game-doom\graphics\stcfn223.lmp">
      <Filter>Source Files\filter\game-doom\graphics</Filter>
    </None>
    <None Include="C:\Users\Myers\Documents\GitHub\MaryMagicalAdventure\wadsrc_extra\static\filter\game-raven\graphics\fonta164.lmp">
      <Filter>Source Files\filter\game-raven\graphics</Filter>
    </None>
    <None Include="C:\Users\Myers\Documents\GitHub\MaryMagicalAdventure\wadsrc_extra\static\filter\game-raven\graphics\fonta165.lmp">
      <Filter>Source Files\filter\game-raven\graphics</Filter>
    </None>
    <None Include="C:\Users\Myers\Documents\GitHub\MaryMagicalAdventure\wadsrc_extra\static\filter\game-raven\graphics\fonta182.lmp">
      <Filter>Source Files\filter\game-raven\graphics</Filter>
    </None>
    <None Include="C:\Users\Myers\Documents\GitHub\MaryMagicalAdventure\wadsrc_extra\static\filter\game-raven\graphics\fonta188.lmp">
      <Filter>Source Files\filter\game-raven\graphics</Filter>
    </None>
    <None Include="C:\Users\Myers\Documents\GitHub\MaryMagicalAdventure\wadsrc_extra\static\filter\game-raven\graphics\fonta191.lmp">
      <Filter>Source Files\filter\game-raven\graphics</Filter>
    </None>
    <None Include="C:\Users\Myers\Documents\GitHub\MaryMagicalAdventure\wadsrc_extra\static\filter\game-raven\graphics\fonta60.lmp">
      <Filter>Source Files\filter\game-raven\graphics</Filter>
    </None>
    <None Include="C:\Users\Myers\Documents\GitHub\MaryMagicalAdventure\wadsrc_extra\static\filter\game-raven\graphics\fonta61.lmp">
      <Filter>Source Files\filter\game-raven\graphics</Filter>
    </None>
    <None Include="C:\Users\Myers\Documents\GitHub\MaryMagicalAdventure\wadsrc_extra\static\filter\game-raven\graphics\fonta62.lmp">
      <Filter>Source Files\filter\game-raven\graphics</Filter>
    </None>
    <None Include="C:\Users\Myers\Documents\GitHub\MaryMagicalAdventure\wadsrc_extra\static\filter\game-raven\graphics\fonta63.lmp">
      <Filter>Source Files\filter\game-raven\graphics</Filter>
    </None>
    <None Include="C:\Users\Myers\Documents\GitHub\MaryMagicalAdventure\wadsrc_extra\static\graphics\-badpatc.lmp">
      <Filter>Source Files\graphics</Filter>
    </None>
    <None Include="C:\Users\Myers\Documents\GitHub\MaryMagicalAdventure\wadsrc_extra\static\graphics\clerface.lmp">
      <Filter>Source Files\graphics</Filter>
    </None>
    <None Include="C:\Users\Myers\Documents\GitHub\MaryMagicalAdventure\wadsrc_extra\static\graphics\fiteface.lmp">
      <Filter>Source Files\graphics</Filter>
    </None>
    <None Include="C:\Users\Myers\Documents\GitHub\MaryMagicalAdventure\wadsrc_extra\static\graphics\mageface.lmp">
      <Filter>Source Files\graphics</Filter>
    </None>
    <None Include="C:\Users\Myers\Documents\GitHub\MaryMagicalAdventure\wadsrc_extra\static\graphics\stfbany.lmp">
      <Filter>Source Files\graphics</Filter>
    </None>
    <None Include="C:\Users\Myers\Documents\GitHub\MaryMagicalAdventure\wadsrc_extra\static\graphics\stkeys6.lmp">
      <Filter>Source Files\graphics</Filter>
    </None>
    <None Include="C:\Users\Myers\Documents\GitHub\MaryMagicalAdventure\wadsrc_extra\static\graphics\stkeys7.lmp">
      <Filter>Source Files\graphics</Filter>
    </None>
    <None Include="C:\Users\Myers\Documents\GitHub\MaryMagicalAdventure\wadsrc_extra\static\graphics\stkeys8.lmp">
      <Filter>Source Files\graphics</Filter>
    </None>
    <None Include="C:\Users\Myers\Documents\GitHub\MaryMagicalAdventure\wadsrc_extra\static\graphics\stpbany.lmp">
      <Filter>Source Files\graphics</Filter>
    </None>
    <None Include="C:\Users\Myers\Documents\GitHub\MaryMagicalAdventure\wadsrc_extra\static\graphics\wislash.lmp">
      <Filter>Source Files\graphics</Filter>
    </None>
    <None Include="C:\Users\Myers\Documents\GitHub\MaryMagicalAdventure\wadsrc_extra\static\graphics\xhairb1.imgz">
      <Filter>Source Files\graphics</Filter>
    </None>
    <None Include="C:\Users\Myers\Documents\GitHub\MaryMagicalAdventure\wadsrc_extra\static\graphics\xhairb3.imgz">
      <Filter>Source Files\graphics</Filter>
    </None>
    <None Include="C:\Users\Myers\Documents\GitHub\MaryMagicalAdventure\wadsrc_extra\static\graphics\xhairb4.imgz">
      <Filter>Source Files\graphics</Filter>
    </None>
    <None Include="C:\Users\Myers\Documents\GitHub\MaryMagicalAdventure\wadsrc_extra\static\graphics\xhairb5.imgz">
      <Filter>Source Files\graphics</Filter>
    </None>
    <None Include="C:\Users\Myers\Documents\GitHub\MaryMagicalAdventure\wadsrc_extra\static\graphics\xhairb6.imgz">
      <Filter>Source Files\graphics</Filter>
    </None>
    <None Include="C:\Users\Myers\Documents\GitHub\MaryMagicalAdventure\wadsrc_extra\static\graphics\xhairb7.imgz">
      <Filter>Source Files\graphics</Filter>
    </None>
    <None Include="C:\Users\Myers\Documents\GitHub\MaryMagicalAdventure\wadsrc_extra\static\graphics\xhairs1.imgz">
      <Filter>Source Files\graphics</Filter>
    </None>
    <None Include="C:\Users\Myers\Documents\GitHub\MaryMagicalAdventure\wadsrc_extra\static\graphics\xhairs2.imgz">
      <Filter>Source Files\graphics</Filter>
    </None>
    <None Include="C:\Users\Myers\Documents\GitHub\MaryMagicalAdventure\wadsrc_extra\static\graphics\xhairs3.imgz">
      <Filter>Source Files\graphics</Filter>
    </None>
    <None Include="C:\Users\Myers\Documents\GitHub\MaryMagicalAdventure\wadsrc_extra\static\graphics\xhairs4.imgz">
      <Filter>Source Files\graphics</Filter>
    </None>
    <None Include="C:\Users\Myers\Documents\GitHub\MaryMagicalAdventure\wadsrc_extra\static\graphics\xhairs5.imgz">
      <Filter>Source Files\graphics</Filter>
    </None>
    <None Include="C:\Users\Myers\Documents\GitHub\MaryMagicalAdventure\wadsrc_extra\static\graphics\xhairs6.imgz">
      <Filter>Source Files\graphics</Filter>
    </None>
    <None Include="C:\Users\Myers\Documents\GitHub\MaryMagicalAdventure\wadsrc_extra\static\graphics\xhairs7.imgz">
      <Filter>Source Files\graphics</Filter>
    </None>
    <None Include="C:\Users\Myers\Documents\GitHub\MaryMagicalAdventure\wadsrc_extra\static\sounds\DSDGACT.flac">
      <Filter>Source Files\sounds</Filter>
    </None>
    <None Include="C:\Users\Myers\Documents\GitHub\MaryMagicalAdventure\wadsrc_extra\static\sounds\DSDGATK.flac">
      <Filter>Source Files\sounds</Filter>
    </None>
    <None Include="C:\Users\Myers\Documents\GitHub\MaryMagicalAdventure\wadsrc_extra\static\sounds\DSDGDTH.flac">
      <Filter>Source Files\sounds</Filter>
    </None>
    <None Include="C:\Users\Myers\Documents\GitHub\MaryMagicalAdventure\wadsrc_extra\static\sounds\DSDGPAIN.flac">
      <Filter>Source Files\sounds</Filter>
    </None>
    <None Include="C:\Users\Myers\Documents\GitHub\MaryMagicalAdventure\wadsrc_extra\static\sounds\DSDGSIT.flac">
      <Filter>Source Files\sounds</Filter>
    </None>
    <None Include="C:\Users\Myers\Documents\GitHub\MaryMagicalAdventure\wadsrc_extra\static\sounds\dsempty.lmp">
      <Filter>Source Files\sounds</Filter>
    </None>
    <None Include="C:\Users\Myers\Documents\GitHub\MaryMagicalAdventure\wadsrc_extra\static\sounds\dsquake.flac">
      <Filter>Source Files\sounds</Filter>
    </None>
    <None Include="C:\Users\Myers\Documents\GitHub\MaryMagicalAdventure\wadsrc_extra\static\sounds\dssecret.flac">
      <Filter>Source Files\sounds</Filter>
    </None>
    <None Include="C:\Users\Myers\Documents\GitHub\MaryMagicalAdventure\wadsrc_extra\static\sounds\icebrk1a.flac">
      <Filter>Source Files\sounds</Filter>
    </None>
    <None Include="C:\Users\Myers\Documents\GitHub\MaryMagicalAdventure\wadsrc_extra\static\sounds\icedth1.flac">
      <Filter>Source Files\sounds</Filter>
    </None>
    <None Include="C:\Users\Myers\Documents\GitHub\MaryMagicalAdventure\wadsrc_extra\static\sounds\railgf1.flac">
      <Filter>Source Files\sounds</Filter>
    </None>
    <None Include="C:\Users\Myers\Documents\GitHub\MaryMagicalAdventure\wadsrc_extra\static\sounds\spark1.flac">
      <Filter>Source Files\sounds</Filter>
    </None>
    <None Include="C:\Users\Myers\Documents\GitHub\MaryMagicalAdventure\wadsrc_extra\static\sounds\spark2.flac">
      <Filter>Source Files\sounds</Filter>
    </None>
    <None Include="C:\Users\Myers\Documents\GitHub\MaryMagicalAdventure\wadsrc_extra\static\sounds\spark3.flac">
      <Filter>Source Files\sounds</Filter>
    </None>
    <None Include="C:\Users\Myers\Documents\GitHub\MaryMagicalAdventure\wadsrc_extra\static\sprites\plyc\plyca1.lmp">
      <Filter>Source Files\sprites\plyc</Filter>
    </None>
    <None Include="C:\Users\Myers\Documents\GitHub\MaryMagicalAdventure\wadsrc_extra\static\sprites\plyc\plyca2a8.lmp">
      <Filter>Source Files\sprites\plyc</Filter>
    </None>
    <None Include="C:\Users\Myers\Documents\GitHub\MaryMagicalAdventure\wadsrc_extra\static\sprites\plyc\plyca3a7.lmp">
      <Filter>Source Files\sprites\plyc</Filter>
    </None>
    <None Include="C:\Users\Myers\Documents\GitHub\MaryMagicalAdventure\wadsrc_extra\static\sprites\plyc\plyca4a6.lmp">
      <Filter>Source Files\sprites\plyc</Filter>
    </None>
    <None Include="C:\Users\Myers\Documents\GitHub\MaryMagicalAdventure\wadsrc_extra\static\sprites\plyc\plyca5.lmp">
      <Filter>Source Files\sprites\plyc</Filter>
    </None>
    <None Include="C:\Users\Myers\Documents\GitHub\MaryMagicalAdventure\wadsrc_extra\static\sprites\plyc\plycb1.lmp">
      <Filter>Source Files\sprites\plyc</Filter>
    </None>
    <None Include="C:\Users\Myers\Documents\GitHub\MaryMagicalAdventure\wadsrc_extra\static\sprites\plyc\plycb2b8.lmp">
      <Filter>Source Files\sprites\plyc</Filter>
    </None>
    <None Include="C:\Users\Myers\Documents\GitHub\MaryMagicalAdventure\wadsrc_extra\static\sprites\plyc\plycb3b7.lmp">
      <Filter>Source Files\sprites\plyc</Filter>
    </None>
    <None Include="C:\Users\Myers\Documents\GitHub\MaryMagicalAdventure\wadsrc_extra\static\sprites\plyc\plycb4b6.lmp">
      <Filter>Source Files\sprites\plyc</Filter>
    </None>
    <None Include="C:\Users\Myers\Documents\GitHub\MaryMagicalAdventure\wadsrc_extra\static\sprites\plyc\plycb5.lmp">
      <Filter>Source Files\sprites\plyc</Filter>
    </None>
    <None Include="C:\Users\Myers\Documents\GitHub\MaryMagicalAdventure\wadsrc_extra\static\sprites\plyc\plycc1.lmp">
      <Filter>Source Files\sprites\plyc</Filter>
    </None>
    <None Include="C:\Users\Myers\Documents\GitHub\MaryMagicalAdventure\wadsrc_extra\static\sprites\plyc\plycc2c8.lmp">
      <Filter>Source Files\sprites\plyc</Filter>
    </None>
    <None Include="C:\Users\Myers\Documents\GitHub\MaryMagicalAdventure\wadsrc_extra\static\sprites\plyc\plycc3c7.lmp">
      <Filter>Source Files\sprites\plyc</Filter>
    </None>
    <None Include="C:\Users\Myers\Documents\GitHub\MaryMagicalAdventure\wadsrc_extra\static\sprites\plyc\plycc4c6.lmp">
      <Filter>Source Files\sprites\plyc</Filter>
    </None>
    <None Include="C:\Users\Myers\Documents\GitHub\MaryMagicalAdventure\wadsrc_extra\static\sprites\plyc\plycc5.lmp">
      <Filter>Source Files\sprites\plyc</Filter>
    </None>
    <None Include="C:\Users\Myers\Documents\GitHub\MaryMagicalAdventure\wadsrc_extra\static\sprites\plyc\plycd1.lmp">
      <Filter>Source Files\sprites\plyc</Filter>
    </None>
    <None Include="C:\Users\Myers\Documents\GitHub\MaryMagicalAdventure\wadsrc_extra\static\sprites\plyc\plycd2d8.lmp">
      <Filter>Source Files\sprites\plyc</Filter>
    </None>
    <None Include="C:\Users\Myers\Documents\GitHub\MaryMagicalAdventure\wadsrc_extra\static\sprites\plyc\plycd3d7.lmp">
      <Filter>Source Files\sprites\plyc</Filter>
    </None>
    <None Include="C:\Users\Myers\Documents\GitHub\MaryMagicalAdventure\wadsrc_extra\static\sprites\plyc\plycd4d6.lmp">
      <Filter>Source Files\sprites\plyc</Filter>
    </None>
    <None Include="C:\Users\Myers\Documents\GitHub\MaryMagicalAdventure\wadsrc_extra\static\sprites\plyc\plycd5.lmp">
      <Filter>Source Files\sprites\plyc</Filter>
    </None>
    <None Include="C:\Users\Myers\Documents\GitHub\MaryMagicalAdventure\wadsrc_extra\static\sprites\plyc\plyce1.lmp">
      <Filter>Source Files\sprites\plyc</Filter>
    </None>
    <None Include="C:\Users\Myers\Documents\GitHub\MaryMagicalAdventure\wadsrc_extra\static\sprites\plyc\plyce2e8.lmp">
      <Filter>Source Files\sprites\plyc</Filter>
    </None>
    <None Include="C:\Users\Myers\Documents\GitHub\MaryMagicalAdventure\wadsrc_extra\static\sprites\plyc\plyce3e7.lmp">
      <Filter>Source Files\sprites\plyc</Filter>
    </None>
    <None Include="C:\Users\Myers\Documents\GitHub\MaryMagicalAdventure\wadsrc_extra\static\sprites\plyc\plyce4e6.lmp">
      <Filter>Source Files\sprites\plyc</Filter>
    </None>
    <None Include="C:\Users\Myers\Documents\GitHub\MaryMagicalAdventure\wadsrc_extra\static\sprites\plyc\plyce5.lmp">
      <Filter>Source Files\sprites\plyc</Filter>
    </None>
    <None Include="C:\Users\Myers\Documents\GitHub\MaryMagicalAdventure\wadsrc_extra\static\sprites\plyc\plycf1.lmp">
      <Filter>Source Files\sprites\plyc</Filter>
    </None>
    <None Include="C:\Users\Myers\Documents\GitHub\MaryMagicalAdventure\wadsrc_extra\static\sprites\plyc\plycf2f8.lmp">
      <Filter>Source Files\sprites\plyc</Filter>
    </None>
    <None Include="C:\Users\Myers\Documents\GitHub\MaryMagicalAdventure\wadsrc_extra\static\sprites\plyc\plycf3f7.lmp">
      <Filter>Source Files\sprites\plyc</Filter>
    </None>
    <None Include="C:\Users\Myers\Documents\GitHub\MaryMagicalAdventure\wadsrc_extra\static\sprites\plyc\plycf4f6.lmp">
      <Filter>Source Files\sprites\plyc</Filter>
    </None>
    <None Include="C:\Users\Myers\Documents\GitHub\MaryMagicalAdventure\wadsrc_extra\static\sprites\plyc\plycf5.lmp">
      <Filter>Source Files\sprites\plyc</Filter>
    </None>
    <None Include="C:\Users\Myers\Documents\GitHub\MaryMagicalAdventure\wadsrc_extra\static\sprites\plyc\plycg1.lmp">
      <Filter>Source Files\sprites\plyc</Filter>
    </None>
    <None Include="C:\Users\Myers\Documents\GitHub\MaryMagicalAdventure\wadsrc_extra\static\sprites\plyc\plycg2g8.lmp">
      <Filter>Source Files\sprites\plyc</Filter>
    </None>
    <None Include="C:\Users\Myers\Documents\GitHub\MaryMagicalAdventure\wadsrc_extra\static\sprites\plyc\plycg3g7.lmp">
      <Filter>Source Files\sprites\plyc</Filter>
    </None>
    <None Include="C:\Users\Myers\Documents\GitHub\MaryMagicalAdventure\wadsrc_extra\static\sprites\plyc\plycg4g6.lmp">
      <Filter>Source Files\sprites\plyc</Filter>
    </None>
    <None Include="C:\Users\Myers\Documents\GitHub\MaryMagicalAdventure\wadsrc_extra\static\sprites\plyc\plycg5.lmp">
      <Filter>Source Files\sprites\plyc</Filter>
    </None>
    <None Include="C:\Users\Myers\Documents\GitHub\MaryMagicalAdventure\wadsrc_extra\static\sprites\plyc\plych0.lmp">
      <Filter>Source Files\sprites\plyc</Filter>
    </None>
    <None Include="C:\Users\Myers\Documents\GitHub\MaryMagicalAdventure\wadsrc_extra\static\sprites\plyc\plyci0.lmp">
      <Filter>Source Files\sprites\plyc</Filter>
    </None>
    <None Include="C:\Users\Myers\Documents\GitHub\MaryMagicalAdventure\wadsrc_extra\static\sprites\plyc\plycj0.lmp">
      <Filter>Source Files\sprites\plyc</Filter>
    </None>
    <None Include="C:\Users\Myers\Documents\GitHub\MaryMagicalAdventure\wadsrc_extra\static\sprites\plyc\plyck0.lmp">
      <Filter>Source Files\sprites\plyc</Filter>
    </None>
    <None Include="C:\Users\Myers\Documents\GitHub\MaryMagicalAdventure\wadsrc_extra\static\sprites\plyc\plycl0.lmp">
      <Filter>Source Files\sprites\plyc</Filter>
    </None>
    <None Include="C:\Users\Myers\Documents\GitHub\MaryMagicalAdventure\wadsrc_extra\static\sprites\plyc\plycm0.lmp">
      <Filter>Source Files\sprites\plyc</Filter>
    </None>
    <None Include="C:\Users\Myers\Documents\GitHub\MaryMagicalAdventure\wadsrc_extra\static\sprites\plyc\plycn0.lmp">
      <Filter>Source Files\sprites\plyc</Filter>
    </None>
    <None Include="C:\Users\Myers\Documents\GitHub\MaryMagicalAdventure\wadsrc_extra\static\sprites\plyc\plyco0.lmp">
      <Filter>Source Files\sprites\plyc</Filter>
    </None>
    <None Include="C:\Users\Myers\Documents\GitHub\MaryMagicalAdventure\wadsrc_extra\static\sprites\plyc\plycp0.lmp">
      <Filter>Source Files\sprites\plyc</Filter>
    </None>
    <None Include="C:\Users\Myers\Documents\GitHub\MaryMagicalAdventure\wadsrc_extra\static\sprites\plyc\plycq0.lmp">
      <Filter>Source Files\sprites\plyc</Filter>
    </None>
    <None Include="C:\Users\Myers\Documents\GitHub\MaryMagicalAdventure\wadsrc_extra\static\sprites\plyc\plycr0.lmp">
      <Filter>Source Files\sprites\plyc</Filter>
    </None>
    <None Include="C:\Users\Myers\Documents\GitHub\MaryMagicalAdventure\wadsrc_extra\static\sprites\plyc\plycs0.lmp">
      <Filter>Source Files\sprites\plyc</Filter>
    </None>
    <None Include="C:\Users\Myers\Documents\GitHub\MaryMagicalAdventure\wadsrc_extra\static\sprites\plyc\plyct0.lmp">
      <Filter>Source Files\sprites\plyc</Filter>
    </None>
    <None Include="C:\Users\Myers\Documents\GitHub\MaryMagicalAdventure\wadsrc_extra\static\sprites\plyc\plycu0.lmp">
      <Filter>Source Files\sprites\plyc</Filter>
    </None>
    <None Include="C:\Users\Myers\Documents\GitHub\MaryMagicalAdventure\wadsrc_extra\static\sprites\plyc\plycv0.lmp">
      <Filter>Source Files\sprites\plyc</Filter>
    </None>
    <None Include="C:\Users\Myers\Documents\GitHub\MaryMagicalAdventure\wadsrc_extra\static\sprites\plyc\plycw0.lmp">
      <Filter>Source Files\sprites\plyc</Filter>
    </None>
  </ItemGroup>
  <ItemGroup>
    <Filter Include="Source Files\sprites\dogs">
      <UniqueIdentifier>{A2F675CC-A406-38A6-906B-8AC56CF892BA}</UniqueIdentifier>
    </Filter>
    <Filter Include="Source Files\sprites\plyc">
      <UniqueIdentifier>{95F9F991-7295-31DA-9226-80AA0DC6793C}</UniqueIdentifier>
    </Filter>
    <Filter Include="Source Files\filter\game-doom">
      <UniqueIdentifier>{139F90B7-7BB0-37D8-AA99-36ACD0BD4C4F}</UniqueIdentifier>
    </Filter>
    <Filter Include="Source Files\filter\game-raven">
      <UniqueIdentifier>{C384710D-ECCC-366A-AF85-57CC724DCF56}</UniqueIdentifier>
    </Filter>
    <Filter Include="Source Files\filter\game-doom\graphics">
      <UniqueIdentifier>{876DDD72-6B76-3195-B332-E8F89FB7CAC7}</UniqueIdentifier>
    </Filter>
    <Filter Include="Source Files\filter\game-raven\graphics">
      <UniqueIdentifier>{73EB477F-4958-34B9-ACD5-B702E26C66EB}</UniqueIdentifier>
    </Filter>
    <Filter Include="Source Files\filter">
      <UniqueIdentifier>{89EF33A5-66AC-3E8C-9D13-641B75CFEDCD}</UniqueIdentifier>
    </Filter>
    <Filter Include="Source Files\graphics">
      <UniqueIdentifier>{FA0B1D2E-BC4C-3035-95F1-EA1EB296242B}</UniqueIdentifier>
    </Filter>
    <Filter Include="Source Files\sounds">
      <UniqueIdentifier>{BA076193-046F-358C-9632-CE65FE0211F2}</UniqueIdentifier>
    </Filter>
    <Filter Include="Source Files\sprites">
      <UniqueIdentifier>{7E77BFCF-0774-332C-BA33-0BAA42B22B2C}</UniqueIdentifier>
    </Filter>
    <Filter Include="Source Files">
      <UniqueIdentifier>{643067AC-42B7-3542-8439-0BE5606108D2}</UniqueIdentifier>
    </Filter>
    <Filter Include="CMake Rules">
      <UniqueIdentifier>{6270EDE3-6658-397F-ABCF-20F05AF33C56}</UniqueIdentifier>
    </Filter>
  </ItemGroup>
</Project>
