<?xml version="1.0" encoding="UTF-8"?>
<Project ToolsVersion="15.0" xmlns="http://schemas.microsoft.com/developer/msbuild/2003">
  <ItemGroup>
    <ClCompile Include="D:\Git\Failure5\lzma\C\7zArcIn.c">
      <Filter>Source Files</Filter>
    </ClCompile>
    <ClCompile Include="D:\Git\Failure5\lzma\C\7zBuf.c">
      <Filter>Source Files</Filter>
    </ClCompile>
    <ClCompile Include="D:\Git\Failure5\lzma\C\7zCrc.c">
      <Filter>Source Files</Filter>
    </ClCompile>
    <ClCompile Include="D:\Git\Failure5\lzma\C\7zCrcOpt.c">
      <Filter>Source Files</Filter>
    </ClCompile>
    <ClCompile Include="D:\Git\Failure5\lzma\C\7zDec.c">
      <Filter>Source Files</Filter>
    </ClCompile>
    <ClCompile Include="D:\Git\Failure5\lzma\C\7zStream.c">
      <Filter>Source Files</Filter>
    </ClCompile>
    <ClCompile Include="D:\Git\Failure5\lzma\C\Bcj2.c">
      <Filter>Source Files</Filter>
    </ClCompile>
    <ClCompile Include="D:\Git\Failure5\lzma\C\Bra.c">
      <Filter>Source Files</Filter>
    </ClCompile>
    <ClCompile Include="D:\Git\Failure5\lzma\C\Bra86.c">
      <Filter>Source Files</Filter>
    </ClCompile>
    <ClCompile Include="D:\Git\Failure5\lzma\C\BraIA64.c">
      <Filter>Source Files</Filter>
    </ClCompile>
    <ClCompile Include="D:\Git\Failure5\lzma\C\CpuArch.c">
      <Filter>Source Files</Filter>
    </ClCompile>
    <ClCompile Include="D:\Git\Failure5\lzma\C\Delta.c">
      <Filter>Source Files</Filter>
    </ClCompile>
    <ClCompile Include="D:\Git\Failure5\lzma\C\LzFind.c">
      <Filter>Source Files</Filter>
    </ClCompile>
    <ClCompile Include="D:\Git\Failure5\lzma\C\Lzma2Dec.c">
      <Filter>Source Files</Filter>
    </ClCompile>
    <ClCompile Include="D:\Git\Failure5\lzma\C\LzmaDec.c">
      <Filter>Source Files</Filter>
    </ClCompile>
    <ClCompile Include="D:\Git\Failure5\lzma\C\LzmaEnc.c">
      <Filter>Source Files</Filter>
    </ClCompile>
    <ClCompile Include="D:\Git\Failure5\lzma\C\Ppmd7.c">
      <Filter>Source Files</Filter>
    </ClCompile>
    <ClCompile Include="D:\Git\Failure5\lzma\C\Ppmd7Dec.c">
      <Filter>Source Files</Filter>
    </ClCompile>
    <ClCompile Include="D:\Git\Failure5\lzma\C\LzFindMt.c">
      <Filter>Source Files</Filter>
    </ClCompile>
    <ClCompile Include="D:\Git\Failure5\lzma\C\Threads.c">
      <Filter>Source Files</Filter>
    </ClCompile>
  </ItemGroup>
  <ItemGroup>
    <CustomBuild Include="D:\Git\Failure5\lzma\CMakeLists.txt" />
  </ItemGroup>
  <ItemGroup>
    <Filter Include="Source Files">
      <UniqueIdentifier>{E707ACC4-5D8A-3603-909E-867CE3067140}</UniqueIdentifier>
    </Filter>
  </ItemGroup>
</Project>
