<?xml version="1.0" encoding="UTF-8"?>
<Project ToolsVersion="15.0" xmlns="http://schemas.microsoft.com/developer/msbuild/2003">
  <ItemGroup>
    <CustomBuild Include="C:\Users\Myers\Documents\GitHub\MaryMagicalAdventure\wadsrc_lights\CMakeLists.txt" />
    <CustomBuild Include="C:\Users\Myers\Documents\GitHub\MaryMagicalAdventure\CMakeFiles\a6258f587ab8c8a8787d9160051608b0\lights.pk3.rule">
      <Filter>CMake Rules</Filter>
    </CustomBuild>
    <CustomBuild Include="C:\Users\Myers\Documents\GitHub\MaryMagicalAdventure\CMakeFiles\0222be7a9f2aef5fdef3ae36ebf8e6a6\lights_pk3.rule">
      <Filter>CMake Rules</Filter>
    </CustomBuild>
  </ItemGroup>
  <ItemGroup>
    <None Include="C:\Users\Myers\Documents\GitHub\MaryMagicalAdventure\wadsrc_lights\CMakeFiles\lights_pk3" />
    <None Include="C:\Users\Myers\Documents\GitHub\MaryMagicalAdventure\wadsrc_lights\static\filter\doom.doom1\gldefs.txt">
      <Filter>Source Files\filter\doom.doom1</Filter>
    </None>
    <None Include="C:\Users\Myers\Documents\GitHub\MaryMagicalAdventure\wadsrc_lights\static\filter\doom.doom2\gldefs.txt">
      <Filter>Source Files\filter\doom.doom2</Filter>
    </None>
    <None Include="C:\Users\Myers\Documents\GitHub\MaryMagicalAdventure\wadsrc_lights\static\filter\doom.freedoom\gldefs.txt">
      <Filter>Source Files\filter\doom.freedoom</Filter>
    </None>
    <None Include="C:\Users\Myers\Documents\GitHub\MaryMagicalAdventure\wadsrc_lights\static\filter\heretic\gldefs.txt">
      <Filter>Source Files\filter\heretic</Filter>
    </None>
    <None Include="C:\Users\Myers\Documents\GitHub\MaryMagicalAdventure\wadsrc_lights\static\filter\hexen\gldefs.txt">
      <Filter>Source Files\filter\hexen</Filter>
    </None>
    <None Include="C:\Users\Myers\Documents\GitHub\MaryMagicalAdventure\wadsrc_lights\static\filter\strife\gldefs.txt">
      <Filter>Source Files\filter\strife</Filter>
    </None>
  </ItemGroup>
  <ItemGroup>
    <Filter Include="Source Files\filter">
      <UniqueIdentifier>{89EF33A5-66AC-3E8C-9D13-641B75CFEDCD}</UniqueIdentifier>
    </Filter>
    <Filter Include="Source Files\filter\doom.doom1">
      <UniqueIdentifier>{84BEAC63-B4CA-360B-99E6-518628BD7B9E}</UniqueIdentifier>
    </Filter>
    <Filter Include="Source Files\filter\doom.doom2">
      <UniqueIdentifier>{5C917E77-0D63-3E01-9212-E67D6A16AA8C}</UniqueIdentifier>
    </Filter>
    <Filter Include="Source Files\filter\doom.freedoom">
      <UniqueIdentifier>{6520102C-AA37-3C90-AD05-2871B13A0BC6}</UniqueIdentifier>
    </Filter>
    <Filter Include="Source Files\filter\heretic">
      <UniqueIdentifier>{D1D29DC8-ECE7-38DD-B751-E5D1FFAA6A50}</UniqueIdentifier>
    </Filter>
    <Filter Include="Source Files\filter\hexen">
      <UniqueIdentifier>{7C4DC0AF-D0E1-31E2-9149-D84F7F75CA63}</UniqueIdentifier>
    </Filter>
    <Filter Include="Source Files\filter\strife">
      <UniqueIdentifier>{2A406E51-F612-314A-8DE6-3546D0922274}</UniqueIdentifier>
    </Filter>
    <Filter Include="Source Files">
      <UniqueIdentifier>{643067AC-42B7-3542-8439-0BE5606108D2}</UniqueIdentifier>
    </Filter>
    <Filter Include="CMake Rules">
      <UniqueIdentifier>{6270EDE3-6658-397F-ABCF-20F05AF33C56}</UniqueIdentifier>
    </Filter>
  </ItemGroup>
</Project>
