<?xml version="1.0" encoding="UTF-8"?>
<Project ToolsVersion="15.0" xmlns="http://schemas.microsoft.com/developer/msbuild/2003">
  <ItemGroup>
    <CustomBuild Include="D:\Git\Failure5\wadsrc_bm\CMakeLists.txt" />
    <CustomBuild Include="D:\Git\Failure5\CMakeFiles\a2cab737ab28ce364d06caef61927dac\brightmaps.pk3.rule">
      <Filter>CMake Rules</Filter>
    </CustomBuild>
    <CustomBuild Include="D:\Git\Failure5\CMakeFiles\675ce8e25df3c12025a7853344d2c73f\brightmaps_pk3.rule">
      <Filter>CMake Rules</Filter>
    </CustomBuild>
  </ItemGroup>
  <ItemGroup>
    <None Include="D:\Git\Failure5\wadsrc_bm\CMakeFiles\brightmaps_pk3" />
  </ItemGroup>
  <ItemGroup>
    <Filter Include="CMake Rules">
      <UniqueIdentifier>{ADA0F2DC-BA31-300E-B1F2-A8E9247EB1F6}</UniqueIdentifier>
    </Filter>
  </ItemGroup>
</Project>
